// !$*UTF8*$!
{
	archiveVersion = 1;
	classes = {
	};
	objectVersion = 46;
	objects = {

/* Begin PBXBuildFile section */
		0A40C71D7B825E4BFD61A110 /* Pods_OptimizelySDKiOSTests.framework in Frameworks */ = {isa = PBXBuildFile; fileRef = 8D9B2266C94E7767CEB55292 /* Pods_OptimizelySDKiOSTests.framework */; };
		2D3503FD1DFA78CB00B0A822 /* OPTLYTestHelper.m in Sources */ = {isa = PBXBuildFile; fileRef = 2D3503F51DFA78CB00B0A822 /* OPTLYTestHelper.m */; };
		2D3503FE1DFA78CB00B0A822 /* BucketerTestsDatafile.json in Resources */ = {isa = PBXBuildFile; fileRef = 2D3503F71DFA78CB00B0A822 /* BucketerTestsDatafile.json */; };
		2D3503FF1DFA78CB00B0A822 /* optimizely_6372300739.json in Resources */ = {isa = PBXBuildFile; fileRef = 2D3503F81DFA78CB00B0A822 /* optimizely_6372300739.json */; };
		2D3504001DFA78CB00B0A822 /* test_data_10_experiments.json in Resources */ = {isa = PBXBuildFile; fileRef = 2D3503F91DFA78CB00B0A822 /* test_data_10_experiments.json */; };
		2D3504011DFA78CB00B0A822 /* test_data_25_experiments.json in Resources */ = {isa = PBXBuildFile; fileRef = 2D3503FA1DFA78CB00B0A822 /* test_data_25_experiments.json */; };
		2D3504021DFA78CB00B0A822 /* test_data_50_experiments.json in Resources */ = {isa = PBXBuildFile; fileRef = 2D3503FB1DFA78CB00B0A822 /* test_data_50_experiments.json */; };
		2D3504031DFA78CB00B0A822 /* optimizely_7519590183.json in Resources */ = {isa = PBXBuildFile; fileRef = 2D3503FC1DFA78CB00B0A822 /* optimizely_7519590183.json */; };
		2D54570B1DC8223F0095E286 /* OptimizelySDKDatafileManager.framework in Frameworks */ = {isa = PBXBuildFile; fileRef = 2D5457041DC822130095E286 /* OptimizelySDKDatafileManager.framework */; };
		59CAB0FA20E37389009D9E04 /* OPTLYManageriOSSwiftTest.swift in Sources */ = {isa = PBXBuildFile; fileRef = 59CAB0F920E37389009D9E04 /* OPTLYManageriOSSwiftTest.swift */; };
		EA3C68511DC1E6B600C578CA /* OptimizelySDKiOS.h in Headers */ = {isa = PBXBuildFile; fileRef = EA3C68501DC1E6B600C578CA /* OptimizelySDKiOS.h */; settings = {ATTRIBUTES = (Public, ); }; };
		EA3C68581DC1E6B600C578CA /* OptimizelySDKiOS.framework in Frameworks */ = {isa = PBXBuildFile; fileRef = EA3C684D1DC1E6B600C578CA /* OptimizelySDKiOS.framework */; };
		EA3C685D1DC1E6B600C578CA /* OptimizelySDKiOSTests.m in Sources */ = {isa = PBXBuildFile; fileRef = EA3C685C1DC1E6B600C578CA /* OptimizelySDKiOSTests.m */; };
		EA5249E91DC7E49000AF6685 /* OptimizelySDKEventDispatcher.framework in Frameworks */ = {isa = PBXBuildFile; fileRef = EA5248DC1DC72ED200AF6685 /* OptimizelySDKEventDispatcher.framework */; };
		EA61128B1EC288D5001967ED /* OptimizelySDKUserProfileService.framework in Frameworks */ = {isa = PBXBuildFile; fileRef = EA6112821EC288AD001967ED /* OptimizelySDKUserProfileService.framework */; };
		EA92F8411E27FB8D00A859C7 /* OPTLYManager.h in Headers */ = {isa = PBXBuildFile; fileRef = EA92F83F1E27FB8D00A859C7 /* OPTLYManager.h */; settings = {ATTRIBUTES = (Public, ); }; };
		EA92F8421E27FB8D00A859C7 /* OPTLYManager.m in Sources */ = {isa = PBXBuildFile; fileRef = EA92F8401E27FB8D00A859C7 /* OPTLYManager.m */; };
/* End PBXBuildFile section */

/* Begin PBXContainerItemProxy section */
		2D5457031DC822130095E286 /* PBXContainerItemProxy */ = {
			isa = PBXContainerItemProxy;
			containerPortal = 2D5456FC1DC822120095E286 /* OptimizelySDKDatafileManager.xcodeproj */;
			proxyType = 2;
			remoteGlobalIDString = EA5248041DC72AAF00AF6685;
			remoteInfo = OptimizelySDKDatafileManageriOS;
		};
		2D5457051DC822130095E286 /* PBXContainerItemProxy */ = {
			isa = PBXContainerItemProxy;
			containerPortal = 2D5456FC1DC822120095E286 /* OptimizelySDKDatafileManager.xcodeproj */;
			proxyType = 2;
			remoteGlobalIDString = EA52480C1DC72AB000AF6685;
			remoteInfo = OptimizelySDKDatafileManageriOSTests;
		};
		2D5457071DC822130095E286 /* PBXContainerItemProxy */ = {
			isa = PBXContainerItemProxy;
			containerPortal = 2D5456FC1DC822120095E286 /* OptimizelySDKDatafileManager.xcodeproj */;
			proxyType = 2;
			remoteGlobalIDString = EA5248241DC72ABD00AF6685;
			remoteInfo = OptimizelySDKDatafileManagerTVOS;
		};
		2D5457091DC822130095E286 /* PBXContainerItemProxy */ = {
			isa = PBXContainerItemProxy;
			containerPortal = 2D5456FC1DC822120095E286 /* OptimizelySDKDatafileManager.xcodeproj */;
			proxyType = 2;
			remoteGlobalIDString = EA52482C1DC72ABD00AF6685;
			remoteInfo = OptimizelySDKDatafileManagerTVOSTests;
		};
		EA3C68591DC1E6B600C578CA /* PBXContainerItemProxy */ = {
			isa = PBXContainerItemProxy;
			containerPortal = EA3C68441DC1E6B600C578CA /* Project object */;
			proxyType = 1;
			remoteGlobalIDString = EA3C684C1DC1E6B600C578CA;
			remoteInfo = OptimizelySDKiOS;
		};
		EA5248DB1DC72ED200AF6685 /* PBXContainerItemProxy */ = {
			isa = PBXContainerItemProxy;
			containerPortal = EA5248D41DC72ED200AF6685 /* OptimizelySDKEventDispatcher.xcodeproj */;
			proxyType = 2;
			remoteGlobalIDString = EA5247BF1DC7272300AF6685;
			remoteInfo = OptimizelySDKEventDispatcheriOS;
		};
		EA5248DD1DC72ED200AF6685 /* PBXContainerItemProxy */ = {
			isa = PBXContainerItemProxy;
			containerPortal = EA5248D41DC72ED200AF6685 /* OptimizelySDKEventDispatcher.xcodeproj */;
			proxyType = 2;
			remoteGlobalIDString = EA5247C71DC7272300AF6685;
			remoteInfo = OptimizelySDKEventDispatcheriOSTests;
		};
		EA5248DF1DC72ED200AF6685 /* PBXContainerItemProxy */ = {
			isa = PBXContainerItemProxy;
			containerPortal = EA5248D41DC72ED200AF6685 /* OptimizelySDKEventDispatcher.xcodeproj */;
			proxyType = 2;
			remoteGlobalIDString = EA5247DF1DC7273100AF6685;
			remoteInfo = OptimizelySDKEventDispatcherTVOS;
		};
		EA5248E11DC72ED200AF6685 /* PBXContainerItemProxy */ = {
			isa = PBXContainerItemProxy;
			containerPortal = EA5248D41DC72ED200AF6685 /* OptimizelySDKEventDispatcher.xcodeproj */;
			proxyType = 2;
			remoteGlobalIDString = EA5247E71DC7273100AF6685;
			remoteInfo = OptimizelySDKEventDispatcherTVOSTests;
		};
		EA5249E41DC7E46300AF6685 /* PBXContainerItemProxy */ = {
			isa = PBXContainerItemProxy;
			containerPortal = EA5248D41DC72ED200AF6685 /* OptimizelySDKEventDispatcher.xcodeproj */;
			proxyType = 1;
			remoteGlobalIDString = EA5247BE1DC7272300AF6685;
			remoteInfo = OptimizelySDKEventDispatcheriOS;
		};
		EA524A401DC8494900AF6685 /* PBXContainerItemProxy */ = {
			isa = PBXContainerItemProxy;
			containerPortal = 2D5456FC1DC822120095E286 /* OptimizelySDKDatafileManager.xcodeproj */;
			proxyType = 1;
			remoteGlobalIDString = EA5248031DC72AAF00AF6685;
			remoteInfo = OptimizelySDKDatafileManageriOS;
		};
		EA6112811EC288AD001967ED /* PBXContainerItemProxy */ = {
			isa = PBXContainerItemProxy;
			containerPortal = EA6112741EC288AD001967ED /* OptimizelySDKUserProfileService.xcodeproj */;
			proxyType = 2;
			remoteGlobalIDString = EA5248441DC72B5500AF6685;
			remoteInfo = OptimizelySDKUserProfileServiceiOS;
		};
		EA6112831EC288AD001967ED /* PBXContainerItemProxy */ = {
			isa = PBXContainerItemProxy;
			containerPortal = EA6112741EC288AD001967ED /* OptimizelySDKUserProfileService.xcodeproj */;
			proxyType = 2;
			remoteGlobalIDString = EA52484C1DC72B5500AF6685;
			remoteInfo = OptimizelySDKUserProfileServiceiOSTests;
		};
		EA6112851EC288AD001967ED /* PBXContainerItemProxy */ = {
			isa = PBXContainerItemProxy;
			containerPortal = EA6112741EC288AD001967ED /* OptimizelySDKUserProfileService.xcodeproj */;
			proxyType = 2;
			remoteGlobalIDString = EA5248641DC72B6500AF6685;
			remoteInfo = OptimizelySDKUserProfileServiceTVOS;
		};
		EA6112871EC288AD001967ED /* PBXContainerItemProxy */ = {
			isa = PBXContainerItemProxy;
			containerPortal = EA6112741EC288AD001967ED /* OptimizelySDKUserProfileService.xcodeproj */;
			proxyType = 2;
			remoteGlobalIDString = EA52486C1DC72B6500AF6685;
			remoteInfo = OptimizelySDKUserProfileServiceTVOSTests;
		};
		EA6112891EC288C5001967ED /* PBXContainerItemProxy */ = {
			isa = PBXContainerItemProxy;
			containerPortal = EA6112741EC288AD001967ED /* OptimizelySDKUserProfileService.xcodeproj */;
			proxyType = 1;
			remoteGlobalIDString = EA5248431DC72B5500AF6685;
			remoteInfo = OptimizelySDKUserProfileServiceiOS;
		};
/* End PBXContainerItemProxy section */

/* Begin PBXFileReference section */
		2D3503F41DFA78CB00B0A822 /* OPTLYTestHelper.h */ = {isa = PBXFileReference; fileEncoding = 4; lastKnownFileType = sourcecode.c.h; path = OPTLYTestHelper.h; sourceTree = "<group>"; };
		2D3503F51DFA78CB00B0A822 /* OPTLYTestHelper.m */ = {isa = PBXFileReference; fileEncoding = 4; lastKnownFileType = sourcecode.c.objc; path = OPTLYTestHelper.m; sourceTree = "<group>"; };
		2D3503F71DFA78CB00B0A822 /* BucketerTestsDatafile.json */ = {isa = PBXFileReference; fileEncoding = 4; lastKnownFileType = text.json; path = BucketerTestsDatafile.json; sourceTree = "<group>"; };
		2D3503F81DFA78CB00B0A822 /* optimizely_6372300739.json */ = {isa = PBXFileReference; fileEncoding = 4; lastKnownFileType = text.json; path = optimizely_6372300739.json; sourceTree = "<group>"; };
		2D3503F91DFA78CB00B0A822 /* test_data_10_experiments.json */ = {isa = PBXFileReference; fileEncoding = 4; lastKnownFileType = text.json; path = test_data_10_experiments.json; sourceTree = "<group>"; };
		2D3503FA1DFA78CB00B0A822 /* test_data_25_experiments.json */ = {isa = PBXFileReference; fileEncoding = 4; lastKnownFileType = text.json; path = test_data_25_experiments.json; sourceTree = "<group>"; };
		2D3503FB1DFA78CB00B0A822 /* test_data_50_experiments.json */ = {isa = PBXFileReference; fileEncoding = 4; lastKnownFileType = text.json; path = test_data_50_experiments.json; sourceTree = "<group>"; };
		2D3503FC1DFA78CB00B0A822 /* optimizely_7519590183.json */ = {isa = PBXFileReference; fileEncoding = 4; lastKnownFileType = text.json; path = optimizely_7519590183.json; sourceTree = "<group>"; };
		2D5456FC1DC822120095E286 /* OptimizelySDKDatafileManager.xcodeproj */ = {isa = PBXFileReference; lastKnownFileType = "wrapper.pb-project"; name = OptimizelySDKDatafileManager.xcodeproj; path = ../OptimizelySDKDatafileManager/OptimizelySDKDatafileManager.xcodeproj; sourceTree = "<group>"; };
		386DDAA1E39D8E12BACD053C /* Pods-OptimizelySDKiOSTests.release.xcconfig */ = {isa = PBXFileReference; includeInIndex = 1; lastKnownFileType = text.xcconfig; name = "Pods-OptimizelySDKiOSTests.release.xcconfig"; path = "../Pods/Target Support Files/Pods-OptimizelySDKiOSTests/Pods-OptimizelySDKiOSTests.release.xcconfig"; sourceTree = "<group>"; };
		38CF46AA2858603BBBB43C69 /* Pods_OptimizelySDKiOS.framework */ = {isa = PBXFileReference; explicitFileType = wrapper.framework; includeInIndex = 0; path = Pods_OptimizelySDKiOS.framework; sourceTree = BUILT_PRODUCTS_DIR; };
		59CAB0F820E37389009D9E04 /* OptimizelySDKiOSTests-Bridging-Header.h */ = {isa = PBXFileReference; lastKnownFileType = sourcecode.c.h; path = "OptimizelySDKiOSTests-Bridging-Header.h"; sourceTree = "<group>"; };
		59CAB0F920E37389009D9E04 /* OPTLYManageriOSSwiftTest.swift */ = {isa = PBXFileReference; lastKnownFileType = sourcecode.swift; path = OPTLYManageriOSSwiftTest.swift; sourceTree = "<group>"; };
		6DC2730DA4955D0C186F0988 /* Pods-OptimizelySDKiOSTests.debug.xcconfig */ = {isa = PBXFileReference; includeInIndex = 1; lastKnownFileType = text.xcconfig; name = "Pods-OptimizelySDKiOSTests.debug.xcconfig"; path = "../Pods/Target Support Files/Pods-OptimizelySDKiOSTests/Pods-OptimizelySDKiOSTests.debug.xcconfig"; sourceTree = "<group>"; };
		89536CDC4F5C49E221ACFE43 /* Pods-OptimizelySDKiOSTests.rc.xcconfig */ = {isa = PBXFileReference; includeInIndex = 1; lastKnownFileType = text.xcconfig; name = "Pods-OptimizelySDKiOSTests.rc.xcconfig"; path = "../Pods/Target Support Files/Pods-OptimizelySDKiOSTests/Pods-OptimizelySDKiOSTests.rc.xcconfig"; sourceTree = "<group>"; };
		8D9B2266C94E7767CEB55292 /* Pods_OptimizelySDKiOSTests.framework */ = {isa = PBXFileReference; explicitFileType = wrapper.framework; includeInIndex = 0; path = Pods_OptimizelySDKiOSTests.framework; sourceTree = BUILT_PRODUCTS_DIR; };
		9B0F7C9FB193C8AC87C18D65 /* Pods-OptimizelySDKiOSTests.beta.xcconfig */ = {isa = PBXFileReference; includeInIndex = 1; lastKnownFileType = text.xcconfig; name = "Pods-OptimizelySDKiOSTests.beta.xcconfig"; path = "../Pods/Target Support Files/Pods-OptimizelySDKiOSTests/Pods-OptimizelySDKiOSTests.beta.xcconfig"; sourceTree = "<group>"; };
		EA3C684D1DC1E6B600C578CA /* OptimizelySDKiOS.framework */ = {isa = PBXFileReference; explicitFileType = wrapper.framework; includeInIndex = 0; path = OptimizelySDKiOS.framework; sourceTree = BUILT_PRODUCTS_DIR; };
		EA3C68501DC1E6B600C578CA /* OptimizelySDKiOS.h */ = {isa = PBXFileReference; lastKnownFileType = sourcecode.c.h; path = OptimizelySDKiOS.h; sourceTree = "<group>"; };
		EA3C68521DC1E6B600C578CA /* OptimizelySDKiOS-Info.plist */ = {isa = PBXFileReference; lastKnownFileType = text.plist.xml; path = "OptimizelySDKiOS-Info.plist"; sourceTree = "<group>"; };
		EA3C68571DC1E6B600C578CA /* OptimizelySDKiOSTests.xctest */ = {isa = PBXFileReference; explicitFileType = wrapper.cfbundle; includeInIndex = 0; path = OptimizelySDKiOSTests.xctest; sourceTree = BUILT_PRODUCTS_DIR; };
		EA3C685C1DC1E6B600C578CA /* OptimizelySDKiOSTests.m */ = {isa = PBXFileReference; lastKnownFileType = sourcecode.c.objc; path = OptimizelySDKiOSTests.m; sourceTree = "<group>"; };
		EA3C685E1DC1E6B600C578CA /* OptimizelySDKiOSTests-Info.plist */ = {isa = PBXFileReference; lastKnownFileType = text.plist.xml; path = "OptimizelySDKiOSTests-Info.plist"; sourceTree = "<group>"; };
		EA5248D41DC72ED200AF6685 /* OptimizelySDKEventDispatcher.xcodeproj */ = {isa = PBXFileReference; lastKnownFileType = "wrapper.pb-project"; name = OptimizelySDKEventDispatcher.xcodeproj; path = ../OptimizelySDKEventDispatcher/OptimizelySDKEventDispatcher.xcodeproj; sourceTree = "<group>"; };
		EA52495C1DC736B100AF6685 /* OptimizelySDKiOS.modulemap */ = {isa = PBXFileReference; lastKnownFileType = "sourcecode.module-map"; path = OptimizelySDKiOS.modulemap; sourceTree = "<group>"; };
		EA6112741EC288AD001967ED /* OptimizelySDKUserProfileService.xcodeproj */ = {isa = PBXFileReference; lastKnownFileType = "wrapper.pb-project"; name = OptimizelySDKUserProfileService.xcodeproj; path = ../OptimizelySDKUserProfileService/OptimizelySDKUserProfileService.xcodeproj; sourceTree = "<group>"; };
		EA92F83F1E27FB8D00A859C7 /* OPTLYManager.h */ = {isa = PBXFileReference; fileEncoding = 4; lastKnownFileType = sourcecode.c.h; path = OPTLYManager.h; sourceTree = "<group>"; };
		EA92F8401E27FB8D00A859C7 /* OPTLYManager.m */ = {isa = PBXFileReference; fileEncoding = 4; lastKnownFileType = sourcecode.c.objc; path = OPTLYManager.m; sourceTree = "<group>"; };
/* End PBXFileReference section */

/* Begin PBXFrameworksBuildPhase section */
		EA3C68491DC1E6B600C578CA /* Frameworks */ = {
			isa = PBXFrameworksBuildPhase;
			buildActionMask = 2147483647;
			files = (
				EA61128B1EC288D5001967ED /* OptimizelySDKUserProfileService.framework in Frameworks */,
				2D54570B1DC8223F0095E286 /* OptimizelySDKDatafileManager.framework in Frameworks */,
				EA5249E91DC7E49000AF6685 /* OptimizelySDKEventDispatcher.framework in Frameworks */,
			);
			runOnlyForDeploymentPostprocessing = 0;
		};
		EA3C68541DC1E6B600C578CA /* Frameworks */ = {
			isa = PBXFrameworksBuildPhase;
			buildActionMask = 2147483647;
			files = (
				EA3C68581DC1E6B600C578CA /* OptimizelySDKiOS.framework in Frameworks */,
				0A40C71D7B825E4BFD61A110 /* Pods_OptimizelySDKiOSTests.framework in Frameworks */,
			);
			runOnlyForDeploymentPostprocessing = 0;
		};
/* End PBXFrameworksBuildPhase section */

/* Begin PBXGroup section */
		2D3503F61DFA78CB00B0A822 /* TestData */ = {
			isa = PBXGroup;
			children = (
				2D3503F71DFA78CB00B0A822 /* BucketerTestsDatafile.json */,
				2D3503F81DFA78CB00B0A822 /* optimizely_6372300739.json */,
				2D3503F91DFA78CB00B0A822 /* test_data_10_experiments.json */,
				2D3503FA1DFA78CB00B0A822 /* test_data_25_experiments.json */,
				2D3503FB1DFA78CB00B0A822 /* test_data_50_experiments.json */,
				2D3503FC1DFA78CB00B0A822 /* optimizely_7519590183.json */,
			);
			path = TestData;
			sourceTree = "<group>";
		};
		2D5456FD1DC822120095E286 /* Products */ = {
			isa = PBXGroup;
			children = (
				2D5457041DC822130095E286 /* OptimizelySDKDatafileManager.framework */,
				2D5457061DC822130095E286 /* OptimizelySDKDatafileManageriOSTests.xctest */,
				2D5457081DC822130095E286 /* OptimizelySDKDatafileManager.framework */,
				2D54570A1DC822130095E286 /* OptimizelySDKDatafileManagerTVOSTests.xctest */,
			);
			name = Products;
			sourceTree = "<group>";
		};
		727C5D694FCF5050AAC8551F /* Pods */ = {
			isa = PBXGroup;
			children = (
				6DC2730DA4955D0C186F0988 /* Pods-OptimizelySDKiOSTests.debug.xcconfig */,
				89536CDC4F5C49E221ACFE43 /* Pods-OptimizelySDKiOSTests.rc.xcconfig */,
				9B0F7C9FB193C8AC87C18D65 /* Pods-OptimizelySDKiOSTests.beta.xcconfig */,
				386DDAA1E39D8E12BACD053C /* Pods-OptimizelySDKiOSTests.release.xcconfig */,
			);
			name = Pods;
			sourceTree = "<group>";
		};
		EA3C68431DC1E6B600C578CA = {
			isa = PBXGroup;
			children = (
				EA3C684F1DC1E6B600C578CA /* OptimizelySDKiOS */,
				EA3C685B1DC1E6B600C578CA /* OptimizelySDKiOSTests */,
				EA3C684E1DC1E6B600C578CA /* Products */,
				EA5246561DC7172C00AF6685 /* Frameworks */,
				727C5D694FCF5050AAC8551F /* Pods */,
			);
			sourceTree = "<group>";
		};
		EA3C684E1DC1E6B600C578CA /* Products */ = {
			isa = PBXGroup;
			children = (
				EA3C684D1DC1E6B600C578CA /* OptimizelySDKiOS.framework */,
				EA3C68571DC1E6B600C578CA /* OptimizelySDKiOSTests.xctest */,
			);
			name = Products;
			sourceTree = "<group>";
		};
		EA3C684F1DC1E6B600C578CA /* OptimizelySDKiOS */ = {
			isa = PBXGroup;
			children = (
				EA52495C1DC736B100AF6685 /* OptimizelySDKiOS.modulemap */,
				EA3C68501DC1E6B600C578CA /* OptimizelySDKiOS.h */,
				EA3C68521DC1E6B600C578CA /* OptimizelySDKiOS-Info.plist */,
				EA92F83F1E27FB8D00A859C7 /* OPTLYManager.h */,
				EA92F8401E27FB8D00A859C7 /* OPTLYManager.m */,
			);
			path = OptimizelySDKiOS;
			sourceTree = "<group>";
		};
		EA3C685B1DC1E6B600C578CA /* OptimizelySDKiOSTests */ = {
			isa = PBXGroup;
			children = (
				59CAB0F820E37389009D9E04 /* OptimizelySDKiOSTests-Bridging-Header.h */,
				EA3C685E1DC1E6B600C578CA /* OptimizelySDKiOSTests-Info.plist */,
				EA3C685C1DC1E6B600C578CA /* OptimizelySDKiOSTests.m */,
				59CAB0F920E37389009D9E04 /* OPTLYManageriOSSwiftTest.swift */,
				2D3503F41DFA78CB00B0A822 /* OPTLYTestHelper.h */,
				2D3503F51DFA78CB00B0A822 /* OPTLYTestHelper.m */,
				2D3503F61DFA78CB00B0A822 /* TestData */,
			);
			path = OptimizelySDKiOSTests;
			sourceTree = "<group>";
		};
		EA5246561DC7172C00AF6685 /* Frameworks */ = {
			isa = PBXGroup;
			children = (
				EA6112741EC288AD001967ED /* OptimizelySDKUserProfileService.xcodeproj */,
				EA5248D41DC72ED200AF6685 /* OptimizelySDKEventDispatcher.xcodeproj */,
				2D5456FC1DC822120095E286 /* OptimizelySDKDatafileManager.xcodeproj */,
				38CF46AA2858603BBBB43C69 /* Pods_OptimizelySDKiOS.framework */,
				8D9B2266C94E7767CEB55292 /* Pods_OptimizelySDKiOSTests.framework */,
			);
			name = Frameworks;
			sourceTree = "<group>";
		};
		EA5248D51DC72ED200AF6685 /* Products */ = {
			isa = PBXGroup;
			children = (
				EA5248DC1DC72ED200AF6685 /* OptimizelySDKEventDispatcher.framework */,
				EA5248DE1DC72ED200AF6685 /* OptimizelySDKEventDispatcheriOSTests.xctest */,
				EA5248E01DC72ED200AF6685 /* OptimizelySDKEventDispatcher.framework */,
				EA5248E21DC72ED200AF6685 /* OptimizelySDKEventDispatcherTVOSTests.xctest */,
			);
			name = Products;
			sourceTree = "<group>";
		};
		EA6112751EC288AD001967ED /* Products */ = {
			isa = PBXGroup;
			children = (
				EA6112821EC288AD001967ED /* OptimizelySDKUserProfileService.framework */,
				EA6112841EC288AD001967ED /* OptimizelySDKUserProfileServiceiOSTests.xctest */,
				EA6112861EC288AD001967ED /* OptimizelySDKUserProfileService.framework */,
				EA6112881EC288AD001967ED /* OptimizelySDKUserProfileServiceTVOSTests.xctest */,
			);
			name = Products;
			sourceTree = "<group>";
		};
/* End PBXGroup section */

/* Begin PBXHeadersBuildPhase section */
		EA3C684A1DC1E6B600C578CA /* Headers */ = {
			isa = PBXHeadersBuildPhase;
			buildActionMask = 2147483647;
			files = (
				EA3C68511DC1E6B600C578CA /* OptimizelySDKiOS.h in Headers */,
				EA92F8411E27FB8D00A859C7 /* OPTLYManager.h in Headers */,
			);
			runOnlyForDeploymentPostprocessing = 0;
		};
/* End PBXHeadersBuildPhase section */

/* Begin PBXNativeTarget section */
		EA3C684C1DC1E6B600C578CA /* OptimizelySDKiOS */ = {
			isa = PBXNativeTarget;
			buildConfigurationList = EA3C68611DC1E6B600C578CA /* Build configuration list for PBXNativeTarget "OptimizelySDKiOS" */;
			buildPhases = (
				EA3C68481DC1E6B600C578CA /* Sources */,
				EA3C68491DC1E6B600C578CA /* Frameworks */,
				EA3C684A1DC1E6B600C578CA /* Headers */,
				EA3C684B1DC1E6B600C578CA /* Resources */,
			);
			buildRules = (
			);
			dependencies = (
				EA61128A1EC288C5001967ED /* PBXTargetDependency */,
				EA524A411DC8494900AF6685 /* PBXTargetDependency */,
				EA5249E51DC7E46300AF6685 /* PBXTargetDependency */,
			);
			name = OptimizelySDKiOS;
			productName = OptimizelySDKiOS;
			productReference = EA3C684D1DC1E6B600C578CA /* OptimizelySDKiOS.framework */;
			productType = "com.apple.product-type.framework";
		};
		EA3C68561DC1E6B600C578CA /* OptimizelySDKiOSTests */ = {
			isa = PBXNativeTarget;
			buildConfigurationList = EA3C68641DC1E6B600C578CA /* Build configuration list for PBXNativeTarget "OptimizelySDKiOSTests" */;
			buildPhases = (
				8A697A24C6D425810F530CF8 /* [CP] Check Pods Manifest.lock */,
				EA3C68531DC1E6B600C578CA /* Sources */,
				EA3C68541DC1E6B600C578CA /* Frameworks */,
				EA3C68551DC1E6B600C578CA /* Resources */,
				987B8D46924F81D5C589121C /* [CP] Embed Pods Frameworks */,
			);
			buildRules = (
			);
			dependencies = (
				EA3C685A1DC1E6B600C578CA /* PBXTargetDependency */,
			);
			name = OptimizelySDKiOSTests;
			productName = OptimizelySDKiOSTests;
			productReference = EA3C68571DC1E6B600C578CA /* OptimizelySDKiOSTests.xctest */;
			productType = "com.apple.product-type.bundle.unit-test";
		};
/* End PBXNativeTarget section */

/* Begin PBXProject section */
		EA3C68441DC1E6B600C578CA /* Project object */ = {
			isa = PBXProject;
			attributes = {
				LastUpgradeCheck = 0940;
				ORGANIZATIONNAME = Optimizely;
				TargetAttributes = {
					EA3C684C1DC1E6B600C578CA = {
						CreatedOnToolsVersion = 7.3.1;
					};
					EA3C68561DC1E6B600C578CA = {
						CreatedOnToolsVersion = 7.3.1;
						LastSwiftMigration = 1000;
					};
				};
			};
			buildConfigurationList = EA3C68471DC1E6B600C578CA /* Build configuration list for PBXProject "OptimizelySDKiOS" */;
			compatibilityVersion = "Xcode 3.2";
			developmentRegion = English;
			hasScannedForEncodings = 0;
			knownRegions = (
				en,
			);
			mainGroup = EA3C68431DC1E6B600C578CA;
			productRefGroup = EA3C684E1DC1E6B600C578CA /* Products */;
			projectDirPath = "";
			projectReferences = (
				{
					ProductGroup = 2D5456FD1DC822120095E286 /* Products */;
					ProjectRef = 2D5456FC1DC822120095E286 /* OptimizelySDKDatafileManager.xcodeproj */;
				},
				{
					ProductGroup = EA5248D51DC72ED200AF6685 /* Products */;
					ProjectRef = EA5248D41DC72ED200AF6685 /* OptimizelySDKEventDispatcher.xcodeproj */;
				},
				{
					ProductGroup = EA6112751EC288AD001967ED /* Products */;
					ProjectRef = EA6112741EC288AD001967ED /* OptimizelySDKUserProfileService.xcodeproj */;
				},
			);
			projectRoot = "";
			targets = (
				EA3C684C1DC1E6B600C578CA /* OptimizelySDKiOS */,
				EA3C68561DC1E6B600C578CA /* OptimizelySDKiOSTests */,
			);
		};
/* End PBXProject section */

/* Begin PBXReferenceProxy section */
		2D5457041DC822130095E286 /* OptimizelySDKDatafileManager.framework */ = {
			isa = PBXReferenceProxy;
			fileType = wrapper.framework;
			path = OptimizelySDKDatafileManager.framework;
			remoteRef = 2D5457031DC822130095E286 /* PBXContainerItemProxy */;
			sourceTree = BUILT_PRODUCTS_DIR;
		};
		2D5457061DC822130095E286 /* OptimizelySDKDatafileManageriOSTests.xctest */ = {
			isa = PBXReferenceProxy;
			fileType = wrapper.cfbundle;
			path = OptimizelySDKDatafileManageriOSTests.xctest;
			remoteRef = 2D5457051DC822130095E286 /* PBXContainerItemProxy */;
			sourceTree = BUILT_PRODUCTS_DIR;
		};
		2D5457081DC822130095E286 /* OptimizelySDKDatafileManager.framework */ = {
			isa = PBXReferenceProxy;
			fileType = wrapper.framework;
			path = OptimizelySDKDatafileManager.framework;
			remoteRef = 2D5457071DC822130095E286 /* PBXContainerItemProxy */;
			sourceTree = BUILT_PRODUCTS_DIR;
		};
		2D54570A1DC822130095E286 /* OptimizelySDKDatafileManagerTVOSTests.xctest */ = {
			isa = PBXReferenceProxy;
			fileType = wrapper.cfbundle;
			path = OptimizelySDKDatafileManagerTVOSTests.xctest;
			remoteRef = 2D5457091DC822130095E286 /* PBXContainerItemProxy */;
			sourceTree = BUILT_PRODUCTS_DIR;
		};
		EA5248DC1DC72ED200AF6685 /* OptimizelySDKEventDispatcher.framework */ = {
			isa = PBXReferenceProxy;
			fileType = wrapper.framework;
			path = OptimizelySDKEventDispatcher.framework;
			remoteRef = EA5248DB1DC72ED200AF6685 /* PBXContainerItemProxy */;
			sourceTree = BUILT_PRODUCTS_DIR;
		};
		EA5248DE1DC72ED200AF6685 /* OptimizelySDKEventDispatcheriOSTests.xctest */ = {
			isa = PBXReferenceProxy;
			fileType = wrapper.cfbundle;
			path = OptimizelySDKEventDispatcheriOSTests.xctest;
			remoteRef = EA5248DD1DC72ED200AF6685 /* PBXContainerItemProxy */;
			sourceTree = BUILT_PRODUCTS_DIR;
		};
		EA5248E01DC72ED200AF6685 /* OptimizelySDKEventDispatcher.framework */ = {
			isa = PBXReferenceProxy;
			fileType = wrapper.framework;
			path = OptimizelySDKEventDispatcher.framework;
			remoteRef = EA5248DF1DC72ED200AF6685 /* PBXContainerItemProxy */;
			sourceTree = BUILT_PRODUCTS_DIR;
		};
		EA5248E21DC72ED200AF6685 /* OptimizelySDKEventDispatcherTVOSTests.xctest */ = {
			isa = PBXReferenceProxy;
			fileType = wrapper.cfbundle;
			path = OptimizelySDKEventDispatcherTVOSTests.xctest;
			remoteRef = EA5248E11DC72ED200AF6685 /* PBXContainerItemProxy */;
			sourceTree = BUILT_PRODUCTS_DIR;
		};
		EA6112821EC288AD001967ED /* OptimizelySDKUserProfileService.framework */ = {
			isa = PBXReferenceProxy;
			fileType = wrapper.framework;
			path = OptimizelySDKUserProfileService.framework;
			remoteRef = EA6112811EC288AD001967ED /* PBXContainerItemProxy */;
			sourceTree = BUILT_PRODUCTS_DIR;
		};
		EA6112841EC288AD001967ED /* OptimizelySDKUserProfileServiceiOSTests.xctest */ = {
			isa = PBXReferenceProxy;
			fileType = wrapper.cfbundle;
			path = OptimizelySDKUserProfileServiceiOSTests.xctest;
			remoteRef = EA6112831EC288AD001967ED /* PBXContainerItemProxy */;
			sourceTree = BUILT_PRODUCTS_DIR;
		};
		EA6112861EC288AD001967ED /* OptimizelySDKUserProfileService.framework */ = {
			isa = PBXReferenceProxy;
			fileType = wrapper.framework;
			path = OptimizelySDKUserProfileService.framework;
			remoteRef = EA6112851EC288AD001967ED /* PBXContainerItemProxy */;
			sourceTree = BUILT_PRODUCTS_DIR;
		};
		EA6112881EC288AD001967ED /* OptimizelySDKUserProfileServiceTVOSTests.xctest */ = {
			isa = PBXReferenceProxy;
			fileType = wrapper.cfbundle;
			path = OptimizelySDKUserProfileServiceTVOSTests.xctest;
			remoteRef = EA6112871EC288AD001967ED /* PBXContainerItemProxy */;
			sourceTree = BUILT_PRODUCTS_DIR;
		};
/* End PBXReferenceProxy section */

/* Begin PBXResourcesBuildPhase section */
		EA3C684B1DC1E6B600C578CA /* Resources */ = {
			isa = PBXResourcesBuildPhase;
			buildActionMask = 2147483647;
			files = (
			);
			runOnlyForDeploymentPostprocessing = 0;
		};
		EA3C68551DC1E6B600C578CA /* Resources */ = {
			isa = PBXResourcesBuildPhase;
			buildActionMask = 2147483647;
			files = (
				2D3504021DFA78CB00B0A822 /* test_data_50_experiments.json in Resources */,
				2D3504001DFA78CB00B0A822 /* test_data_10_experiments.json in Resources */,
				2D3503FE1DFA78CB00B0A822 /* BucketerTestsDatafile.json in Resources */,
				2D3503FF1DFA78CB00B0A822 /* optimizely_6372300739.json in Resources */,
				2D3504011DFA78CB00B0A822 /* test_data_25_experiments.json in Resources */,
				2D3504031DFA78CB00B0A822 /* optimizely_7519590183.json in Resources */,
			);
			runOnlyForDeploymentPostprocessing = 0;
		};
/* End PBXResourcesBuildPhase section */

/* Begin PBXShellScriptBuildPhase section */
		8A697A24C6D425810F530CF8 /* [CP] Check Pods Manifest.lock */ = {
			isa = PBXShellScriptBuildPhase;
			buildActionMask = 2147483647;
			files = (
			);
			inputPaths = (
				"${PODS_PODFILE_DIR_PATH}/Podfile.lock",
				"${PODS_ROOT}/Manifest.lock",
			);
			name = "[CP] Check Pods Manifest.lock";
			outputPaths = (
				"$(DERIVED_FILE_DIR)/Pods-OptimizelySDKiOSTests-checkManifestLockResult.txt",
			);
			runOnlyForDeploymentPostprocessing = 0;
			shellPath = /bin/sh;
			shellScript = "diff \"${PODS_PODFILE_DIR_PATH}/Podfile.lock\" \"${PODS_ROOT}/Manifest.lock\" > /dev/null\nif [ $? != 0 ] ; then\n    # print error to STDERR\n    echo \"error: The sandbox is not in sync with the Podfile.lock. Run 'pod install' or update your CocoaPods installation.\" >&2\n    exit 1\nfi\n# This output is used by Xcode 'outputs' to avoid re-running this script phase.\necho \"SUCCESS\" > \"${SCRIPT_OUTPUT_FILE_0}\"\n";
			showEnvVarsInLog = 0;
		};
		987B8D46924F81D5C589121C /* [CP] Embed Pods Frameworks */ = {
			isa = PBXShellScriptBuildPhase;
			buildActionMask = 2147483647;
			files = (
			);
			inputPaths = (
				"${SRCROOT}/../Pods/Target Support Files/Pods-OptimizelySDKiOSTests/Pods-OptimizelySDKiOSTests-frameworks.sh",
				"${BUILT_PRODUCTS_DIR}/OCMock-iOS/OCMock.framework",
				"${BUILT_PRODUCTS_DIR}/OHHTTPStubs-iOS/OHHTTPStubs.framework",
			);
			name = "[CP] Embed Pods Frameworks";
			outputPaths = (
				"${TARGET_BUILD_DIR}/${FRAMEWORKS_FOLDER_PATH}/OCMock.framework",
				"${TARGET_BUILD_DIR}/${FRAMEWORKS_FOLDER_PATH}/OHHTTPStubs.framework",
			);
			runOnlyForDeploymentPostprocessing = 0;
			shellPath = /bin/sh;
			shellScript = "\"${SRCROOT}/../Pods/Target Support Files/Pods-OptimizelySDKiOSTests/Pods-OptimizelySDKiOSTests-frameworks.sh\"\n";
			showEnvVarsInLog = 0;
		};
/* End PBXShellScriptBuildPhase section */

/* Begin PBXSourcesBuildPhase section */
		EA3C68481DC1E6B600C578CA /* Sources */ = {
			isa = PBXSourcesBuildPhase;
			buildActionMask = 2147483647;
			files = (
				EA92F8421E27FB8D00A859C7 /* OPTLYManager.m in Sources */,
			);
			runOnlyForDeploymentPostprocessing = 0;
		};
		EA3C68531DC1E6B600C578CA /* Sources */ = {
			isa = PBXSourcesBuildPhase;
			buildActionMask = 2147483647;
			files = (
				2D3503FD1DFA78CB00B0A822 /* OPTLYTestHelper.m in Sources */,
				EA3C685D1DC1E6B600C578CA /* OptimizelySDKiOSTests.m in Sources */,
				59CAB0FA20E37389009D9E04 /* OPTLYManageriOSSwiftTest.swift in Sources */,
			);
			runOnlyForDeploymentPostprocessing = 0;
		};
/* End PBXSourcesBuildPhase section */

/* Begin PBXTargetDependency section */
		EA3C685A1DC1E6B600C578CA /* PBXTargetDependency */ = {
			isa = PBXTargetDependency;
			target = EA3C684C1DC1E6B600C578CA /* OptimizelySDKiOS */;
			targetProxy = EA3C68591DC1E6B600C578CA /* PBXContainerItemProxy */;
		};
		EA5249E51DC7E46300AF6685 /* PBXTargetDependency */ = {
			isa = PBXTargetDependency;
			name = OptimizelySDKEventDispatcheriOS;
			targetProxy = EA5249E41DC7E46300AF6685 /* PBXContainerItemProxy */;
		};
		EA524A411DC8494900AF6685 /* PBXTargetDependency */ = {
			isa = PBXTargetDependency;
			name = OptimizelySDKDatafileManageriOS;
			targetProxy = EA524A401DC8494900AF6685 /* PBXContainerItemProxy */;
		};
		EA61128A1EC288C5001967ED /* PBXTargetDependency */ = {
			isa = PBXTargetDependency;
			name = OptimizelySDKUserProfileServiceiOS;
			targetProxy = EA6112891EC288C5001967ED /* PBXContainerItemProxy */;
		};
/* End PBXTargetDependency section */

/* Begin XCBuildConfiguration section */
		EA2FA7601DC40D2F00B1D81B /* Release */ = {
			isa = XCBuildConfiguration;
			buildSettings = {
				ALWAYS_SEARCH_USER_PATHS = NO;
				CLANG_ALLOW_NON_MODULAR_INCLUDES_IN_FRAMEWORK_MODULES = YES;
				CLANG_ANALYZER_NONNULL = YES;
				CLANG_CXX_LANGUAGE_STANDARD = "gnu++0x";
				CLANG_CXX_LIBRARY = "libc++";
				CLANG_ENABLE_MODULES = YES;
				CLANG_ENABLE_OBJC_ARC = YES;
				CLANG_WARN_BLOCK_CAPTURE_AUTORELEASING = YES;
				CLANG_WARN_BOOL_CONVERSION = YES;
				CLANG_WARN_COMMA = YES;
				CLANG_WARN_CONSTANT_CONVERSION = YES;
				CLANG_WARN_DEPRECATED_OBJC_IMPLEMENTATIONS = YES;
				CLANG_WARN_DIRECT_OBJC_ISA_USAGE = YES_ERROR;
				CLANG_WARN_EMPTY_BODY = YES;
				CLANG_WARN_ENUM_CONVERSION = YES;
				CLANG_WARN_INFINITE_RECURSION = YES;
				CLANG_WARN_INT_CONVERSION = YES;
				CLANG_WARN_NON_LITERAL_NULL_CONVERSION = YES;
				CLANG_WARN_OBJC_IMPLICIT_RETAIN_SELF = YES;
				CLANG_WARN_OBJC_LITERAL_CONVERSION = YES;
				CLANG_WARN_OBJC_ROOT_CLASS = YES_ERROR;
				CLANG_WARN_RANGE_LOOP_ANALYSIS = YES;
				CLANG_WARN_STRICT_PROTOTYPES = YES;
				CLANG_WARN_SUSPICIOUS_MOVE = YES;
				CLANG_WARN_UNREACHABLE_CODE = YES;
				CLANG_WARN__DUPLICATE_METHOD_MATCH = YES;
				"CODE_SIGN_IDENTITY[sdk=iphoneos*]" = "iPhone Developer";
				COPY_PHASE_STRIP = NO;
				CURRENT_PROJECT_VERSION = "$(OPTIMIZELY_SDK_VERSION_MAJOR).$(OPTIMIZELY_SDK_VERSION_MINOR).$(OPTIMIZELY_SDK_VERSION_PATCH)";
				DEBUG_INFORMATION_FORMAT = "dwarf-with-dsym";
				DYLIB_COMPATIBILITY_VERSION = "";
				DYLIB_CURRENT_VERSION = "";
				ENABLE_NS_ASSERTIONS = NO;
				ENABLE_STRICT_OBJC_MSGSEND = YES;
				GCC_C_LANGUAGE_STANDARD = gnu99;
				GCC_NO_COMMON_BLOCKS = YES;
				GCC_PREPROCESSOR_DEFINITIONS = (
					"'OPTIMIZELY_SDK_VERSION =@\"$(OPTIMIZELY_SDK_VERSION)\"'",
					"$(inherited)",
				);
				GCC_WARN_64_TO_32_BIT_CONVERSION = YES;
				GCC_WARN_ABOUT_RETURN_TYPE = YES_ERROR;
				GCC_WARN_UNDECLARED_SELECTOR = YES;
				GCC_WARN_UNINITIALIZED_AUTOS = YES_AGGRESSIVE;
				GCC_WARN_UNUSED_FUNCTION = YES;
				GCC_WARN_UNUSED_VARIABLE = YES;
				IPHONEOS_DEPLOYMENT_TARGET = 8.0;
				MTL_ENABLE_DEBUG_INFO = NO;
				OPTIMIZELY_SDK_VERSION = "$(OPTIMIZELY_SDK_VERSION_MAJOR).$(OPTIMIZELY_SDK_VERSION_MINOR).$(OPTIMIZELY_SDK_VERSION_PATCH)$(OPTIMIZELY_SDK_VERSION_SUFFIX)";
				OPTIMIZELY_SDK_VERSION_MAJOR = 2;
				OPTIMIZELY_SDK_VERSION_MINOR = 1;
				OPTIMIZELY_SDK_VERSION_PATCH = 4;
				OPTIMIZELY_SDK_VERSION_SUFFIX = "";
				SDKROOT = iphoneos;
				SWIFT_VERSION = 4.2;
				TARGETED_DEVICE_FAMILY = "1,2";
				VALIDATE_PRODUCT = YES;
				VERSIONING_SYSTEM = "apple-generic";
				VERSION_INFO_PREFIX = "";
			};
			name = Release;
		};
		EA2FA7611DC40D2F00B1D81B /* Release */ = {
			isa = XCBuildConfiguration;
			buildSettings = {
				APPLICATION_EXTENSION_API_ONLY = YES;
				"CODE_SIGN_IDENTITY[sdk=iphoneos*]" = "";
				DEFINES_MODULE = YES;
				DYLIB_COMPATIBILITY_VERSION = 1;
				DYLIB_CURRENT_VERSION = 1;
				DYLIB_INSTALL_NAME_BASE = "@rpath";
				INFOPLIST_FILE = "OptimizelySDKiOS/OptimizelySDKiOS-Info.plist";
				INSTALL_PATH = "$(LOCAL_LIBRARY_DIR)/Frameworks";
				LD_RUNPATH_SEARCH_PATHS = "$(inherited) @executable_path/Frameworks @loader_path/Frameworks";
				MODULEMAP_FILE = OptimizelySDKiOS/OptimizelySDKiOS.modulemap;
				PRODUCT_BUNDLE_IDENTIFIER = Optimizely.OptimizelySDKiOS;
				PRODUCT_NAME = "$(TARGET_NAME)";
				SKIP_INSTALL = YES;
			};
			name = Release;
		};
		EA2FA7621DC40D2F00B1D81B /* Release */ = {
			isa = XCBuildConfiguration;
			baseConfigurationReference = 386DDAA1E39D8E12BACD053C /* Pods-OptimizelySDKiOSTests.release.xcconfig */;
			buildSettings = {
				CLANG_ENABLE_MODULES = YES;
				INFOPLIST_FILE = "OptimizelySDKiOSTests/OptimizelySDKiOSTests-Info.plist";
				LD_RUNPATH_SEARCH_PATHS = "$(inherited) @executable_path/Frameworks @loader_path/Frameworks";
				PRODUCT_BUNDLE_IDENTIFIER = Optimizely.OptimizelySDKiOSTests;
				PRODUCT_NAME = "$(TARGET_NAME)";
				SWIFT_OBJC_BRIDGING_HEADER = "OptimizelySDKiOSTests/OptimizelySDKiOSTests-Bridging-Header.h";
				SWIFT_VERSION = 4.2;
			};
			name = Release;
		};
		EA3C685F1DC1E6B600C578CA /* Debug */ = {
			isa = XCBuildConfiguration;
			buildSettings = {
				ALWAYS_SEARCH_USER_PATHS = NO;
				CLANG_ALLOW_NON_MODULAR_INCLUDES_IN_FRAMEWORK_MODULES = YES;
				CLANG_ANALYZER_NONNULL = YES;
				CLANG_CXX_LANGUAGE_STANDARD = "gnu++0x";
				CLANG_CXX_LIBRARY = "libc++";
				CLANG_ENABLE_MODULES = YES;
				CLANG_ENABLE_OBJC_ARC = YES;
				CLANG_WARN_BLOCK_CAPTURE_AUTORELEASING = YES;
				CLANG_WARN_BOOL_CONVERSION = YES;
				CLANG_WARN_COMMA = YES;
				CLANG_WARN_CONSTANT_CONVERSION = YES;
				CLANG_WARN_DEPRECATED_OBJC_IMPLEMENTATIONS = YES;
				CLANG_WARN_DIRECT_OBJC_ISA_USAGE = YES_ERROR;
				CLANG_WARN_EMPTY_BODY = YES;
				CLANG_WARN_ENUM_CONVERSION = YES;
				CLANG_WARN_INFINITE_RECURSION = YES;
				CLANG_WARN_INT_CONVERSION = YES;
				CLANG_WARN_NON_LITERAL_NULL_CONVERSION = YES;
				CLANG_WARN_OBJC_IMPLICIT_RETAIN_SELF = YES;
				CLANG_WARN_OBJC_LITERAL_CONVERSION = YES;
				CLANG_WARN_OBJC_ROOT_CLASS = YES_ERROR;
				CLANG_WARN_RANGE_LOOP_ANALYSIS = YES;
				CLANG_WARN_STRICT_PROTOTYPES = YES;
				CLANG_WARN_SUSPICIOUS_MOVE = YES;
				CLANG_WARN_UNREACHABLE_CODE = YES;
				CLANG_WARN__DUPLICATE_METHOD_MATCH = YES;
				"CODE_SIGN_IDENTITY[sdk=iphoneos*]" = "iPhone Developer";
				COPY_PHASE_STRIP = NO;
				CURRENT_PROJECT_VERSION = "$(OPTIMIZELY_SDK_VERSION_MAJOR).$(OPTIMIZELY_SDK_VERSION_MINOR).$(OPTIMIZELY_SDK_VERSION_PATCH)";
				DEBUG_INFORMATION_FORMAT = dwarf;
				DYLIB_COMPATIBILITY_VERSION = "";
				DYLIB_CURRENT_VERSION = "";
				ENABLE_STRICT_OBJC_MSGSEND = YES;
				ENABLE_TESTABILITY = YES;
				GCC_C_LANGUAGE_STANDARD = gnu99;
				GCC_DYNAMIC_NO_PIC = NO;
				GCC_NO_COMMON_BLOCKS = YES;
				GCC_OPTIMIZATION_LEVEL = 0;
				GCC_PREPROCESSOR_DEFINITIONS = (
					"DEBUG=1",
					"'OPTIMIZELY_SDK_VERSION =@\"$(OPTIMIZELY_SDK_VERSION)\"'",
					"$(inherited)",
				);
				GCC_WARN_64_TO_32_BIT_CONVERSION = YES;
				GCC_WARN_ABOUT_RETURN_TYPE = YES_ERROR;
				GCC_WARN_UNDECLARED_SELECTOR = YES;
				GCC_WARN_UNINITIALIZED_AUTOS = YES_AGGRESSIVE;
				GCC_WARN_UNUSED_FUNCTION = YES;
				GCC_WARN_UNUSED_VARIABLE = YES;
				IPHONEOS_DEPLOYMENT_TARGET = 8.0;
				MTL_ENABLE_DEBUG_INFO = YES;
				ONLY_ACTIVE_ARCH = YES;
				OPTIMIZELY_SDK_VERSION = "$(OPTIMIZELY_SDK_VERSION_MAJOR).$(OPTIMIZELY_SDK_VERSION_MINOR).$(OPTIMIZELY_SDK_VERSION_PATCH)$(OPTIMIZELY_SDK_VERSION_SUFFIX)";
				OPTIMIZELY_SDK_VERSION_MAJOR = 2;
				OPTIMIZELY_SDK_VERSION_MINOR = 1;
				OPTIMIZELY_SDK_VERSION_PATCH = 4;
				OPTIMIZELY_SDK_VERSION_SUFFIX = "";
				SDKROOT = iphoneos;
				SWIFT_VERSION = 4.2;
				TARGETED_DEVICE_FAMILY = "1,2";
				VERSIONING_SYSTEM = "apple-generic";
				VERSION_INFO_PREFIX = "";
			};
			name = Debug;
		};
		EA3C68621DC1E6B600C578CA /* Debug */ = {
			isa = XCBuildConfiguration;
			buildSettings = {
				APPLICATION_EXTENSION_API_ONLY = YES;
				"CODE_SIGN_IDENTITY[sdk=iphoneos*]" = "";
				DEFINES_MODULE = YES;
				DYLIB_COMPATIBILITY_VERSION = 1;
				DYLIB_CURRENT_VERSION = 1;
				DYLIB_INSTALL_NAME_BASE = "@rpath";
				INFOPLIST_FILE = "OptimizelySDKiOS/OptimizelySDKiOS-Info.plist";
				INSTALL_PATH = "$(LOCAL_LIBRARY_DIR)/Frameworks";
				LD_RUNPATH_SEARCH_PATHS = "$(inherited) @executable_path/Frameworks @loader_path/Frameworks";
				MODULEMAP_FILE = OptimizelySDKiOS/OptimizelySDKiOS.modulemap;
				PRODUCT_BUNDLE_IDENTIFIER = Optimizely.OptimizelySDKiOS;
				PRODUCT_NAME = "$(TARGET_NAME)";
				SKIP_INSTALL = YES;
			};
			name = Debug;
		};
		EA3C68651DC1E6B600C578CA /* Debug */ = {
			isa = XCBuildConfiguration;
			baseConfigurationReference = 6DC2730DA4955D0C186F0988 /* Pods-OptimizelySDKiOSTests.debug.xcconfig */;
			buildSettings = {
				CLANG_ENABLE_MODULES = YES;
				INFOPLIST_FILE = "OptimizelySDKiOSTests/OptimizelySDKiOSTests-Info.plist";
				LD_RUNPATH_SEARCH_PATHS = "$(inherited) @executable_path/Frameworks @loader_path/Frameworks";
				PRODUCT_BUNDLE_IDENTIFIER = Optimizely.OptimizelySDKiOSTests;
				PRODUCT_NAME = "$(TARGET_NAME)";
				SWIFT_OBJC_BRIDGING_HEADER = "OptimizelySDKiOSTests/OptimizelySDKiOSTests-Bridging-Header.h";
				SWIFT_OPTIMIZATION_LEVEL = "-Onone";
				SWIFT_VERSION = 4.2;
			};
			name = Debug;
		};
/* End XCBuildConfiguration section */

/* Begin XCConfigurationList section */
		EA3C68471DC1E6B600C578CA /* Build configuration list for PBXProject "OptimizelySDKiOS" */ = {
			isa = XCConfigurationList;
			buildConfigurations = (
				EA3C685F1DC1E6B600C578CA /* Debug */,
				EA2FA7601DC40D2F00B1D81B /* Release */,
			);
			defaultConfigurationIsVisible = 0;
			defaultConfigurationName = Release;
		};
		EA3C68611DC1E6B600C578CA /* Build configuration list for PBXNativeTarget "OptimizelySDKiOS" */ = {
			isa = XCConfigurationList;
			buildConfigurations = (
				EA3C68621DC1E6B600C578CA /* Debug */,
				EA2FA7611DC40D2F00B1D81B /* Release */,
			);
			defaultConfigurationIsVisible = 0;
			defaultConfigurationName = Release;
		};
		EA3C68641DC1E6B600C578CA /* Build configuration list for PBXNativeTarget "OptimizelySDKiOSTests" */ = {
			isa = XCConfigurationList;
			buildConfigurations = (
				EA3C68651DC1E6B600C578CA /* Debug */,
				EA2FA7621DC40D2F00B1D81B /* Release */,
			);
			defaultConfigurationIsVisible = 0;
			defaultConfigurationName = Release;
		};
/* End XCConfigurationList section */
	};
	rootObject = EA3C68441DC1E6B600C578CA /* Project object */;
}
