PODS:
  - Amplitude-iOS (4.2.1)
  - FirebaseAnalytics (3.9.0):
    - FirebaseCore (~> 3.6)
    - FirebaseInstanceID (~> 1.0)
    - "GoogleToolboxForMac/NSData+zlib (~> 2.1)"
  - FirebaseCore (3.6.0):
    - "GoogleToolboxForMac/NSData+zlib (~> 2.1)"
  - FirebaseInstanceID (1.0.10):
    - FirebaseCore (~> 3.6)
  - Google/Analytics (3.1.0):
    - Google/Core
    - GoogleAnalytics (~> 3.12)
  - Google/Core (3.1.0):
    - FirebaseAnalytics (~> 3.2)
  - GoogleAnalytics (3.17.0)
  - GoogleToolboxForMac/Defines (2.1.4)
  - "GoogleToolboxForMac/NSData+zlib (2.1.4)":
    - GoogleToolboxForMac/Defines (= 2.1.4)
  - Localytics (5.1.0)
  - Mixpanel-swift (2.4.2):
    - Mixpanel-swift/Complete (= 2.4.2)
  - Mixpanel-swift/Complete (2.4.2)
  - OCMock (3.3.1)
  - OHHTTPStubs (5.2.2):
    - OHHTTPStubs/Default (= 5.2.2)
  - OHHTTPStubs/Core (5.2.2)
  - OHHTTPStubs/Default (5.2.2):
    - OHHTTPStubs/Core
    - OHHTTPStubs/JSON
    - OHHTTPStubs/NSURLSession
    - OHHTTPStubs/OHPathHelpers
  - OHHTTPStubs/JSON (5.2.2):
    - OHHTTPStubs/Core
  - OHHTTPStubs/NSURLSession (5.2.2):
    - OHHTTPStubs/Core
  - OHHTTPStubs/OHPathHelpers (5.2.2)

DEPENDENCIES:
  - Amplitude-iOS
  - Google/Analytics
  - Localytics
  - Mixpanel-swift
  - OCMock (= 3.3.1)
  - OHHTTPStubs (= 5.2.2)

SPEC REPOS:
  https://github.com/cocoapods/specs.git:
    - Amplitude-iOS
    - FirebaseAnalytics
    - FirebaseCore
    - FirebaseInstanceID
    - Google
    - GoogleAnalytics
    - GoogleToolboxForMac
    - Localytics
    - Mixpanel-swift
    - OCMock
    - OHHTTPStubs

SPEC CHECKSUMS:
  Amplitude-iOS: 84da24ca8557fa3741888502c30c0b8b365acd7d
  FirebaseAnalytics: e5fe8486efc01bec33f6bf82e2fa9fce4b124052
  FirebaseCore: 9691ee2ade70c098d7cf92440f4303f16d83ca75
  FirebaseInstanceID: b9eedd6846fb5e1f0f7279e1deaa7a7e4cf8392e
  Google: 98da4b1a60ed0beb80a290387a28333406a1eb90
  GoogleAnalytics: f42cc53a87a51fe94334821868d9c8481ff47a7b
  GoogleToolboxForMac: 91c824d21e85b31c2aae9bb011c5027c9b4e738f
  Localytics: 420a187fd1ba94d4a2afff66e100d1569389d9e4
  Mixpanel-swift: 63de6f5a14468b8d65e0d62ae250714455e17407
  OCMock: f3f61e6eaa16038c30caa5798c5e49d3307b6f22
  OHHTTPStubs: 34d9d0994e64fcf8552dbfade5ce82ada913ee31

PODFILE CHECKSUM: a59ef34704d2b5a747fb4cbc2732a598d6620428

COCOAPODS: 1.5.3
