PODS:
  - JSONModel (1.7.0)
  - OCMock (3.3.1)
  - OHHTTPStubs (5.2.2):
    - OHHTTPStubs/Default (= 5.2.2)
  - OHHTTPStubs/Core (5.2.2)
  - OHHTTPStubs/Default (5.2.2):
    - OHHTTPStubs/Core
    - OHHTTPStubs/JSON
    - OHHTTPStubs/NSURLSession
    - OHHTTPStubs/OHPathHelpers
  - OHHTTPStubs/JSON (5.2.2):
    - OHHTTPStubs/Core
  - OHHTTPStubs/NSURLSession (5.2.2):
    - OHHTTPStubs/Core
  - OHHTTPStubs/OHPathHelpers (5.2.2)

DEPENDENCIES:
  - JSONModel (= 1.7.0)
  - OCMock (= 3.3.1)
  - OHHTTPStubs (= 5.2.2)

SPEC CHECKSUMS:
  JSONModel: 840bc0fcffb24b8454d2c026bf26fea454b8e98d
  OCMock: f3f61e6eaa16038c30caa5798c5e49d3307b6f22
  OHHTTPStubs: 34d9d0994e64fcf8552dbfade5ce82ada913ee31

PODFILE CHECKSUM: bac0015b04684285615b51fe4c9c2ea531653692

COCOAPODS: 1.0.1
