// !$*UTF8*$!
{
	archiveVersion = 1;
	classes = {
	};
	objectVersion = 46;
	objects = {

/* Begin PBXBuildFile section */
		EAC5F0FF1E7B5D6500C087B8 /* OptimizelySDK.framework in Frameworks */ = {isa = PBXBuildFile; fileRef = EAC5F0F51E7B5D6500C087B8 /* OptimizelySDK.framework */; };
		EAC5F1041E7B5D6500C087B8 /* OptimizelySDKTests.m in Sources */ = {isa = PBXBuildFile; fileRef = EAC5F1031E7B5D6500C087B8 /* OptimizelySDKTests.m */; };
		EAC5F1061E7B5D6500C087B8 /* OptimizelySDK.h in Headers */ = {isa = PBXBuildFile; fileRef = EAC5F0F81E7B5D6500C087B8 /* OptimizelySDK.h */; settings = {ATTRIBUTES = (Public, ); }; };
		EAC5F15A1E7B604C00C087B8 /* Optimizely.m in Sources */ = {isa = PBXBuildFile; fileRef = EAC5F1311E7B604C00C087B8 /* Optimizely.m */; };
		EAC5F15B1E7B604C00C087B8 /* OPTLYAttribute.m in Sources */ = {isa = PBXBuildFile; fileRef = EAC5F1321E7B604C00C087B8 /* OPTLYAttribute.m */; };
		EAC5F15C1E7B604C00C087B8 /* OPTLYAudience.m in Sources */ = {isa = PBXBuildFile; fileRef = EAC5F1331E7B604C00C087B8 /* OPTLYAudience.m */; };
		EAC5F15D1E7B604C00C087B8 /* OPTLYBaseCondition.m in Sources */ = {isa = PBXBuildFile; fileRef = EAC5F1341E7B604C00C087B8 /* OPTLYBaseCondition.m */; };
		EAC5F15E1E7B604C00C087B8 /* OPTLYBucketer.m in Sources */ = {isa = PBXBuildFile; fileRef = EAC5F1351E7B604C00C087B8 /* OPTLYBucketer.m */; };
		EAC5F15F1E7B604C00C087B8 /* OPTLYBuilder.m in Sources */ = {isa = PBXBuildFile; fileRef = EAC5F1361E7B604C00C087B8 /* OPTLYBuilder.m */; };
		EAC5F1601E7B604C00C087B8 /* OPTLYCondition.m in Sources */ = {isa = PBXBuildFile; fileRef = EAC5F1371E7B604C00C087B8 /* OPTLYCondition.m */; };
		EAC5F1611E7B604C00C087B8 /* OPTLYDatafileKeys.m in Sources */ = {isa = PBXBuildFile; fileRef = EAC5F1381E7B604C00C087B8 /* OPTLYDatafileKeys.m */; };
		EAC5F1621E7B604C00C087B8 /* OPTLYDecisionEventTicket.m in Sources */ = {isa = PBXBuildFile; fileRef = EAC5F1391E7B604C00C087B8 /* OPTLYDecisionEventTicket.m */; };
		EAC5F1631E7B604C00C087B8 /* OPTLYErrorHandler.m in Sources */ = {isa = PBXBuildFile; fileRef = EAC5F13A1E7B604C00C087B8 /* OPTLYErrorHandler.m */; };
		EAC5F1641E7B604C00C087B8 /* OPTLYErrorHandlerMessages.m in Sources */ = {isa = PBXBuildFile; fileRef = EAC5F13B1E7B604C00C087B8 /* OPTLYErrorHandlerMessages.m */; };
		EAC5F1651E7B604C00C087B8 /* OPTLYEvent.m in Sources */ = {isa = PBXBuildFile; fileRef = EAC5F13C1E7B604C00C087B8 /* OPTLYEvent.m */; };
		EAC5F1661E7B604C00C087B8 /* OPTLYEventAudience.m in Sources */ = {isa = PBXBuildFile; fileRef = EAC5F13D1E7B604C00C087B8 /* OPTLYEventAudience.m */; };
		EAC5F1671E7B604C00C087B8 /* OPTLYEventBuilder.m in Sources */ = {isa = PBXBuildFile; fileRef = EAC5F13E1E7B604C00C087B8 /* OPTLYEventBuilder.m */; };
		EAC5F1681E7B604C00C087B8 /* OPTLYEventDecision.m in Sources */ = {isa = PBXBuildFile; fileRef = EAC5F13F1E7B604C00C087B8 /* OPTLYEventDecision.m */; };
		EAC5F1691E7B604C00C087B8 /* OPTLYEventDecisionTicket.m in Sources */ = {isa = PBXBuildFile; fileRef = EAC5F1401E7B604C00C087B8 /* OPTLYEventDecisionTicket.m */; };
		EAC5F16A1E7B604C00C087B8 /* OPTLYEventDispatcherBasic.m in Sources */ = {isa = PBXBuildFile; fileRef = EAC5F1411E7B604C00C087B8 /* OPTLYEventDispatcherBasic.m */; };
		EAC5F16B1E7B604C00C087B8 /* OPTLYEventFeature.m in Sources */ = {isa = PBXBuildFile; fileRef = EAC5F1421E7B604C00C087B8 /* OPTLYEventFeature.m */; };
		EAC5F16C1E7B604C00C087B8 /* OPTLYEventHeader.m in Sources */ = {isa = PBXBuildFile; fileRef = EAC5F1431E7B604C00C087B8 /* OPTLYEventHeader.m */; };
		EAC5F16D1E7B604C00C087B8 /* OPTLYEventLayerState.m in Sources */ = {isa = PBXBuildFile; fileRef = EAC5F1441E7B604C00C087B8 /* OPTLYEventLayerState.m */; };
		EAC5F16E1E7B604C00C087B8 /* OPTLYEventMetric.m in Sources */ = {isa = PBXBuildFile; fileRef = EAC5F1451E7B604C00C087B8 /* OPTLYEventMetric.m */; };
		EAC5F16F1E7B604C00C087B8 /* OPTLYEventParameterKeys.m in Sources */ = {isa = PBXBuildFile; fileRef = EAC5F1461E7B604C00C087B8 /* OPTLYEventParameterKeys.m */; };
		EAC5F1701E7B604C00C087B8 /* OPTLYEventRelatedEvent.m in Sources */ = {isa = PBXBuildFile; fileRef = EAC5F1471E7B604C00C087B8 /* OPTLYEventRelatedEvent.m */; };
		EAC5F1711E7B604C00C087B8 /* OPTLYEventTicket.m in Sources */ = {isa = PBXBuildFile; fileRef = EAC5F1481E7B604C00C087B8 /* OPTLYEventTicket.m */; };
		EAC5F1721E7B604C00C087B8 /* OPTLYEventView.m in Sources */ = {isa = PBXBuildFile; fileRef = EAC5F1491E7B604C00C087B8 /* OPTLYEventView.m */; };
		EAC5F1731E7B604C00C087B8 /* OPTLYExperiment.m in Sources */ = {isa = PBXBuildFile; fileRef = EAC5F14A1E7B604C00C087B8 /* OPTLYExperiment.m */; };
		EAC5F1741E7B604C00C087B8 /* OPTLYGroup.m in Sources */ = {isa = PBXBuildFile; fileRef = EAC5F14B1E7B604C00C087B8 /* OPTLYGroup.m */; };
		EAC5F1751E7B604C00C087B8 /* OPTLYHTTPRequestManager.m in Sources */ = {isa = PBXBuildFile; fileRef = EAC5F14C1E7B604C00C087B8 /* OPTLYHTTPRequestManager.m */; };
		EAC5F1761E7B604C00C087B8 /* OPTLYLog.m in Sources */ = {isa = PBXBuildFile; fileRef = EAC5F14D1E7B604C00C087B8 /* OPTLYLog.m */; };
		EAC5F1771E7B604C00C087B8 /* OPTLYLogger.m in Sources */ = {isa = PBXBuildFile; fileRef = EAC5F14E1E7B604C00C087B8 /* OPTLYLogger.m */; };
		EAC5F1781E7B604C00C087B8 /* OPTLYLoggerMessages.m in Sources */ = {isa = PBXBuildFile; fileRef = EAC5F14F1E7B604C00C087B8 /* OPTLYLoggerMessages.m */; };
		EAC5F1791E7B604C00C087B8 /* OPTLYNetworkService.m in Sources */ = {isa = PBXBuildFile; fileRef = EAC5F1501E7B604C00C087B8 /* OPTLYNetworkService.m */; };
		EAC5F17A1E7B604C00C087B8 /* OPTLYProjectConfig.m in Sources */ = {isa = PBXBuildFile; fileRef = EAC5F1511E7B604C00C087B8 /* OPTLYProjectConfig.m */; };
		EAC5F17B1E7B604C00C087B8 /* OPTLYProjectConfigBuilder.m in Sources */ = {isa = PBXBuildFile; fileRef = EAC5F1521E7B604C00C087B8 /* OPTLYProjectConfigBuilder.m */; };
		EAC5F17C1E7B604C00C087B8 /* OPTLYQueue.m in Sources */ = {isa = PBXBuildFile; fileRef = EAC5F1531E7B604C00C087B8 /* OPTLYQueue.m */; };
		EAC5F17D1E7B604C00C087B8 /* OPTLYTrafficAllocation.m in Sources */ = {isa = PBXBuildFile; fileRef = EAC5F1541E7B604C00C087B8 /* OPTLYTrafficAllocation.m */; };
		EAC5F17E1E7B604C00C087B8 /* OPTLYUserProfileBasic.m in Sources */ = {isa = PBXBuildFile; fileRef = EAC5F1551E7B604C00C087B8 /* OPTLYUserProfileBasic.m */; };
		EAC5F17F1E7B604C00C087B8 /* OPTLYValidator.m in Sources */ = {isa = PBXBuildFile; fileRef = EAC5F1561E7B604C00C087B8 /* OPTLYValidator.m */; };
		EAC5F1801E7B604C00C087B8 /* OPTLYVariable.m in Sources */ = {isa = PBXBuildFile; fileRef = EAC5F1571E7B604C00C087B8 /* OPTLYVariable.m */; };
		EAC5F1811E7B604C00C087B8 /* OPTLYVariation.m in Sources */ = {isa = PBXBuildFile; fileRef = EAC5F1581E7B604C00C087B8 /* OPTLYVariation.m */; };
		EAC5F1821E7B604C00C087B8 /* OPTLYVariationVariable.m in Sources */ = {isa = PBXBuildFile; fileRef = EAC5F1591E7B604C00C087B8 /* OPTLYVariationVariable.m */; };
		EAC5F1851E7B60CC00C087B8 /* OPTLYDatafileManager.m in Sources */ = {isa = PBXBuildFile; fileRef = EAC5F1831E7B60CC00C087B8 /* OPTLYDatafileManager.m */; };
		EAC5F1861E7B60CC00C087B8 /* OPTLYDatafileManagerBuilder.m in Sources */ = {isa = PBXBuildFile; fileRef = EAC5F1841E7B60CC00C087B8 /* OPTLYDatafileManagerBuilder.m */; };
		EAC5F18C1E7B616A00C087B8 /* OPTLYEventDispatcher.m in Sources */ = {isa = PBXBuildFile; fileRef = EAC5F18A1E7B616A00C087B8 /* OPTLYEventDispatcher.m */; };
		EAC5F18D1E7B616A00C087B8 /* OPTLYEventDispatcherBuilder.m in Sources */ = {isa = PBXBuildFile; fileRef = EAC5F18B1E7B616A00C087B8 /* OPTLYEventDispatcherBuilder.m */; };
		EAC5F1911E7B61AE00C087B8 /* OPTLYUserProfile.m in Sources */ = {isa = PBXBuildFile; fileRef = EAC5F18F1E7B61AE00C087B8 /* OPTLYUserProfile.m */; };
		EAC5F1921E7B61AE00C087B8 /* OPTLYUserProfileBuilder.m in Sources */ = {isa = PBXBuildFile; fileRef = EAC5F1901E7B61AE00C087B8 /* OPTLYUserProfileBuilder.m */; };
		EAC5F19F1E7B61F200C087B8 /* OPTLYClient.m in Sources */ = {isa = PBXBuildFile; fileRef = EAC5F1941E7B61F200C087B8 /* OPTLYClient.m */; };
		EAC5F1A01E7B61F200C087B8 /* OPTLYClientBuilder.m in Sources */ = {isa = PBXBuildFile; fileRef = EAC5F1951E7B61F200C087B8 /* OPTLYClientBuilder.m */; };
		EAC5F1A11E7B61F200C087B8 /* OPTLYDatabase.m in Sources */ = {isa = PBXBuildFile; fileRef = EAC5F1961E7B61F200C087B8 /* OPTLYDatabase.m */; };
		EAC5F1A21E7B61F200C087B8 /* OPTLYDatabaseEntity.m in Sources */ = {isa = PBXBuildFile; fileRef = EAC5F1971E7B61F200C087B8 /* OPTLYDatabaseEntity.m */; };
		EAC5F1A31E7B61F200C087B8 /* OPTLYDatafileManagerBasic.m in Sources */ = {isa = PBXBuildFile; fileRef = EAC5F1981E7B61F200C087B8 /* OPTLYDatafileManagerBasic.m */; };
		EAC5F1A41E7B61F200C087B8 /* OPTLYDataStore.m in Sources */ = {isa = PBXBuildFile; fileRef = EAC5F1991E7B61F200C087B8 /* OPTLYDataStore.m */; };
		EAC5F1A51E7B61F200C087B8 /* OPTLYEventDataStore.m in Sources */ = {isa = PBXBuildFile; fileRef = EAC5F19A1E7B61F200C087B8 /* OPTLYEventDataStore.m */; };
		EAC5F1A61E7B61F200C087B8 /* OPTLYFileManager.m in Sources */ = {isa = PBXBuildFile; fileRef = EAC5F19B1E7B61F200C087B8 /* OPTLYFileManager.m */; };
		EAC5F1A71E7B61F200C087B8 /* OPTLYManagerBase.m in Sources */ = {isa = PBXBuildFile; fileRef = EAC5F19C1E7B61F200C087B8 /* OPTLYManagerBase.m */; };
		EAC5F1A81E7B61F200C087B8 /* OPTLYManagerBasic.m in Sources */ = {isa = PBXBuildFile; fileRef = EAC5F19D1E7B61F200C087B8 /* OPTLYManagerBasic.m */; };
		EAC5F1A91E7B61F200C087B8 /* OPTLYManagerBuilder.m in Sources */ = {isa = PBXBuildFile; fileRef = EAC5F19E1E7B61F200C087B8 /* OPTLYManagerBuilder.m */; };
		EAC5F1AB1E7B623200C087B8 /* OPTLYManager.m in Sources */ = {isa = PBXBuildFile; fileRef = EAC5F1AA1E7B623200C087B8 /* OPTLYManager.m */; };
		EAC5F2401E7B639B00C087B8 /* Optimizely.h in Headers */ = {isa = PBXBuildFile; fileRef = EAC5F2161E7B639A00C087B8 /* Optimizely.h */; settings = {ATTRIBUTES = (Public, ); }; };
		EAC5F2411E7B639B00C087B8 /* OPTLYAttribute.h in Headers */ = {isa = PBXBuildFile; fileRef = EAC5F2171E7B639A00C087B8 /* OPTLYAttribute.h */; settings = {ATTRIBUTES = (Public, ); }; };
		EAC5F2421E7B639B00C087B8 /* OPTLYAudience.h in Headers */ = {isa = PBXBuildFile; fileRef = EAC5F2181E7B639A00C087B8 /* OPTLYAudience.h */; settings = {ATTRIBUTES = (Public, ); }; };
		EAC5F2431E7B639B00C087B8 /* OPTLYBaseCondition.h in Headers */ = {isa = PBXBuildFile; fileRef = EAC5F2191E7B639B00C087B8 /* OPTLYBaseCondition.h */; settings = {ATTRIBUTES = (Public, ); }; };
		EAC5F2441E7B639B00C087B8 /* OPTLYBucketer.h in Headers */ = {isa = PBXBuildFile; fileRef = EAC5F21A1E7B639B00C087B8 /* OPTLYBucketer.h */; settings = {ATTRIBUTES = (Public, ); }; };
		EAC5F2451E7B639B00C087B8 /* OPTLYBuilder.h in Headers */ = {isa = PBXBuildFile; fileRef = EAC5F21B1E7B639B00C087B8 /* OPTLYBuilder.h */; settings = {ATTRIBUTES = (Public, ); }; };
		EAC5F2461E7B639B00C087B8 /* OPTLYCondition.h in Headers */ = {isa = PBXBuildFile; fileRef = EAC5F21C1E7B639B00C087B8 /* OPTLYCondition.h */; settings = {ATTRIBUTES = (Public, ); }; };
		EAC5F2471E7B639B00C087B8 /* OPTLYDatafileKeys.h in Headers */ = {isa = PBXBuildFile; fileRef = EAC5F21D1E7B639B00C087B8 /* OPTLYDatafileKeys.h */; settings = {ATTRIBUTES = (Public, ); }; };
		EAC5F2481E7B639B00C087B8 /* OPTLYDecisionEventTicket.h in Headers */ = {isa = PBXBuildFile; fileRef = EAC5F21E1E7B639B00C087B8 /* OPTLYDecisionEventTicket.h */; settings = {ATTRIBUTES = (Public, ); }; };
		EAC5F2491E7B639B00C087B8 /* OPTLYErrorHandler.h in Headers */ = {isa = PBXBuildFile; fileRef = EAC5F21F1E7B639B00C087B8 /* OPTLYErrorHandler.h */; settings = {ATTRIBUTES = (Public, ); }; };
		EAC5F24A1E7B639B00C087B8 /* OPTLYErrorHandlerMessages.h in Headers */ = {isa = PBXBuildFile; fileRef = EAC5F2201E7B639B00C087B8 /* OPTLYErrorHandlerMessages.h */; settings = {ATTRIBUTES = (Public, ); }; };
		EAC5F24B1E7B639B00C087B8 /* OPTLYEvent.h in Headers */ = {isa = PBXBuildFile; fileRef = EAC5F2211E7B639B00C087B8 /* OPTLYEvent.h */; settings = {ATTRIBUTES = (Public, ); }; };
		EAC5F24C1E7B639B00C087B8 /* OPTLYEventAudience.h in Headers */ = {isa = PBXBuildFile; fileRef = EAC5F2221E7B639B00C087B8 /* OPTLYEventAudience.h */; settings = {ATTRIBUTES = (Public, ); }; };
		EAC5F24D1E7B639B00C087B8 /* OPTLYEventBuilder.h in Headers */ = {isa = PBXBuildFile; fileRef = EAC5F2231E7B639B00C087B8 /* OPTLYEventBuilder.h */; settings = {ATTRIBUTES = (Public, ); }; };
		EAC5F24E1E7B639B00C087B8 /* OPTLYEventDecision.h in Headers */ = {isa = PBXBuildFile; fileRef = EAC5F2241E7B639B00C087B8 /* OPTLYEventDecision.h */; settings = {ATTRIBUTES = (Public, ); }; };
		EAC5F24F1E7B639B00C087B8 /* OPTLYEventDecisionTicket.h in Headers */ = {isa = PBXBuildFile; fileRef = EAC5F2251E7B639B00C087B8 /* OPTLYEventDecisionTicket.h */; settings = {ATTRIBUTES = (Public, ); }; };
		EAC5F2501E7B639B00C087B8 /* OPTLYEventDispatcherBasic.h in Headers */ = {isa = PBXBuildFile; fileRef = EAC5F2261E7B639B00C087B8 /* OPTLYEventDispatcherBasic.h */; settings = {ATTRIBUTES = (Public, ); }; };
		EAC5F2511E7B639B00C087B8 /* OPTLYEventFeature.h in Headers */ = {isa = PBXBuildFile; fileRef = EAC5F2271E7B639B00C087B8 /* OPTLYEventFeature.h */; settings = {ATTRIBUTES = (Public, ); }; };
		EAC5F2521E7B639B00C087B8 /* OPTLYEventHeader.h in Headers */ = {isa = PBXBuildFile; fileRef = EAC5F2281E7B639B00C087B8 /* OPTLYEventHeader.h */; settings = {ATTRIBUTES = (Public, ); }; };
		EAC5F2531E7B639B00C087B8 /* OPTLYEventLayerState.h in Headers */ = {isa = PBXBuildFile; fileRef = EAC5F2291E7B639B00C087B8 /* OPTLYEventLayerState.h */; settings = {ATTRIBUTES = (Public, ); }; };
		EAC5F2541E7B639B00C087B8 /* OPTLYEventMetric.h in Headers */ = {isa = PBXBuildFile; fileRef = EAC5F22A1E7B639B00C087B8 /* OPTLYEventMetric.h */; settings = {ATTRIBUTES = (Public, ); }; };
		EAC5F2551E7B639B00C087B8 /* OPTLYEventParameterKeys.h in Headers */ = {isa = PBXBuildFile; fileRef = EAC5F22B1E7B639B00C087B8 /* OPTLYEventParameterKeys.h */; settings = {ATTRIBUTES = (Public, ); }; };
		EAC5F2561E7B639B00C087B8 /* OPTLYEventRelatedEvent.h in Headers */ = {isa = PBXBuildFile; fileRef = EAC5F22C1E7B639B00C087B8 /* OPTLYEventRelatedEvent.h */; settings = {ATTRIBUTES = (Public, ); }; };
		EAC5F2571E7B639B00C087B8 /* OPTLYEventTicket.h in Headers */ = {isa = PBXBuildFile; fileRef = EAC5F22D1E7B639B00C087B8 /* OPTLYEventTicket.h */; settings = {ATTRIBUTES = (Public, ); }; };
		EAC5F2581E7B639B00C087B8 /* OPTLYEventView.h in Headers */ = {isa = PBXBuildFile; fileRef = EAC5F22E1E7B639B00C087B8 /* OPTLYEventView.h */; settings = {ATTRIBUTES = (Public, ); }; };
		EAC5F2591E7B639B00C087B8 /* OPTLYExperiment.h in Headers */ = {isa = PBXBuildFile; fileRef = EAC5F22F1E7B639B00C087B8 /* OPTLYExperiment.h */; settings = {ATTRIBUTES = (Public, ); }; };
		EAC5F25A1E7B639B00C087B8 /* OPTLYGroup.h in Headers */ = {isa = PBXBuildFile; fileRef = EAC5F2301E7B639B00C087B8 /* OPTLYGroup.h */; settings = {ATTRIBUTES = (Public, ); }; };
		EAC5F25B1E7B639B00C087B8 /* OPTLYHTTPRequestManager.h in Headers */ = {isa = PBXBuildFile; fileRef = EAC5F2311E7B639B00C087B8 /* OPTLYHTTPRequestManager.h */; settings = {ATTRIBUTES = (Public, ); }; };
		EAC5F25C1E7B639B00C087B8 /* OPTLYLog.h in Headers */ = {isa = PBXBuildFile; fileRef = EAC5F2321E7B639B00C087B8 /* OPTLYLog.h */; settings = {ATTRIBUTES = (Public, ); }; };
		EAC5F25D1E7B639B00C087B8 /* OPTLYLogger.h in Headers */ = {isa = PBXBuildFile; fileRef = EAC5F2331E7B639B00C087B8 /* OPTLYLogger.h */; settings = {ATTRIBUTES = (Public, ); }; };
		EAC5F25E1E7B639B00C087B8 /* OPTLYLoggerMessages.h in Headers */ = {isa = PBXBuildFile; fileRef = EAC5F2341E7B639B00C087B8 /* OPTLYLoggerMessages.h */; settings = {ATTRIBUTES = (Public, ); }; };
		EAC5F25F1E7B639B00C087B8 /* OPTLYMacros.h in Headers */ = {isa = PBXBuildFile; fileRef = EAC5F2351E7B639B00C087B8 /* OPTLYMacros.h */; settings = {ATTRIBUTES = (Private, ); }; };
		EAC5F2601E7B639B00C087B8 /* OPTLYNetworkService.h in Headers */ = {isa = PBXBuildFile; fileRef = EAC5F2361E7B639B00C087B8 /* OPTLYNetworkService.h */; settings = {ATTRIBUTES = (Public, ); }; };
		EAC5F2611E7B639B00C087B8 /* OPTLYProjectConfig.h in Headers */ = {isa = PBXBuildFile; fileRef = EAC5F2371E7B639B00C087B8 /* OPTLYProjectConfig.h */; settings = {ATTRIBUTES = (Public, ); }; };
		EAC5F2621E7B639B00C087B8 /* OPTLYProjectConfigBuilder.h in Headers */ = {isa = PBXBuildFile; fileRef = EAC5F2381E7B639B00C087B8 /* OPTLYProjectConfigBuilder.h */; settings = {ATTRIBUTES = (Public, ); }; };
		EAC5F2631E7B639B00C087B8 /* OPTLYQueue.h in Headers */ = {isa = PBXBuildFile; fileRef = EAC5F2391E7B639B00C087B8 /* OPTLYQueue.h */; settings = {ATTRIBUTES = (Public, ); }; };
		EAC5F2641E7B639B00C087B8 /* OPTLYTrafficAllocation.h in Headers */ = {isa = PBXBuildFile; fileRef = EAC5F23A1E7B639B00C087B8 /* OPTLYTrafficAllocation.h */; settings = {ATTRIBUTES = (Public, ); }; };
		EAC5F2651E7B639B00C087B8 /* OPTLYUserProfileBasic.h in Headers */ = {isa = PBXBuildFile; fileRef = EAC5F23B1E7B639B00C087B8 /* OPTLYUserProfileBasic.h */; settings = {ATTRIBUTES = (Public, ); }; };
		EAC5F2661E7B639B00C087B8 /* OPTLYValidator.h in Headers */ = {isa = PBXBuildFile; fileRef = EAC5F23C1E7B639B00C087B8 /* OPTLYValidator.h */; settings = {ATTRIBUTES = (Public, ); }; };
		EAC5F2671E7B639B00C087B8 /* OPTLYVariable.h in Headers */ = {isa = PBXBuildFile; fileRef = EAC5F23D1E7B639B00C087B8 /* OPTLYVariable.h */; settings = {ATTRIBUTES = (Public, ); }; };
		EAC5F2681E7B639B00C087B8 /* OPTLYVariation.h in Headers */ = {isa = PBXBuildFile; fileRef = EAC5F23E1E7B639B00C087B8 /* OPTLYVariation.h */; settings = {ATTRIBUTES = (Public, ); }; };
		EAC5F2691E7B639B00C087B8 /* OPTLYVariationVariable.h in Headers */ = {isa = PBXBuildFile; fileRef = EAC5F23F1E7B639B00C087B8 /* OPTLYVariationVariable.h */; settings = {ATTRIBUTES = (Public, ); }; };
		EAC5F26C1E7B63FF00C087B8 /* OPTLYDatafileManager.h in Headers */ = {isa = PBXBuildFile; fileRef = EAC5F26A1E7B63FF00C087B8 /* OPTLYDatafileManager.h */; settings = {ATTRIBUTES = (Public, ); }; };
		EAC5F26D1E7B63FF00C087B8 /* OPTLYDatafileManagerBuilder.h in Headers */ = {isa = PBXBuildFile; fileRef = EAC5F26B1E7B63FF00C087B8 /* OPTLYDatafileManagerBuilder.h */; settings = {ATTRIBUTES = (Public, ); }; };
		EAC5F2701E7B642900C087B8 /* OPTLYEventDispatcher.h in Headers */ = {isa = PBXBuildFile; fileRef = EAC5F26E1E7B642900C087B8 /* OPTLYEventDispatcher.h */; settings = {ATTRIBUTES = (Public, ); }; };
		EAC5F2711E7B642900C087B8 /* OPTLYEventDispatcherBuilder.h in Headers */ = {isa = PBXBuildFile; fileRef = EAC5F26F1E7B642900C087B8 /* OPTLYEventDispatcherBuilder.h */; settings = {ATTRIBUTES = (Public, ); }; };
		EAC5F27E1E7B647500C087B8 /* OptimizelySDKShared.h in Headers */ = {isa = PBXBuildFile; fileRef = EAC5F2721E7B647500C087B8 /* OptimizelySDKShared.h */; settings = {ATTRIBUTES = (Public, ); }; };
		EAC5F27F1E7B647500C087B8 /* OPTLYClient.h in Headers */ = {isa = PBXBuildFile; fileRef = EAC5F2731E7B647500C087B8 /* OPTLYClient.h */; settings = {ATTRIBUTES = (Public, ); }; };
		EAC5F2801E7B647500C087B8 /* OPTLYClientBuilder.h in Headers */ = {isa = PBXBuildFile; fileRef = EAC5F2741E7B647500C087B8 /* OPTLYClientBuilder.h */; settings = {ATTRIBUTES = (Public, ); }; };
		EAC5F2811E7B647500C087B8 /* OPTLYDatabase.h in Headers */ = {isa = PBXBuildFile; fileRef = EAC5F2751E7B647500C087B8 /* OPTLYDatabase.h */; settings = {ATTRIBUTES = (Public, ); }; };
		EAC5F2821E7B647500C087B8 /* OPTLYDatabaseEntity.h in Headers */ = {isa = PBXBuildFile; fileRef = EAC5F2761E7B647500C087B8 /* OPTLYDatabaseEntity.h */; settings = {ATTRIBUTES = (Public, ); }; };
		EAC5F2831E7B647500C087B8 /* OPTLYDatafileManagerBasic.h in Headers */ = {isa = PBXBuildFile; fileRef = EAC5F2771E7B647500C087B8 /* OPTLYDatafileManagerBasic.h */; settings = {ATTRIBUTES = (Public, ); }; };
		EAC5F2841E7B647500C087B8 /* OPTLYDataStore.h in Headers */ = {isa = PBXBuildFile; fileRef = EAC5F2781E7B647500C087B8 /* OPTLYDataStore.h */; settings = {ATTRIBUTES = (Public, ); }; };
		EAC5F2851E7B647500C087B8 /* OPTLYEventDataStore.h in Headers */ = {isa = PBXBuildFile; fileRef = EAC5F2791E7B647500C087B8 /* OPTLYEventDataStore.h */; settings = {ATTRIBUTES = (Private, ); }; };
		EAC5F2861E7B647500C087B8 /* OPTLYFileManager.h in Headers */ = {isa = PBXBuildFile; fileRef = EAC5F27A1E7B647500C087B8 /* OPTLYFileManager.h */; settings = {ATTRIBUTES = (Public, ); }; };
		EAC5F2871E7B647500C087B8 /* OPTLYManagerBase.h in Headers */ = {isa = PBXBuildFile; fileRef = EAC5F27B1E7B647500C087B8 /* OPTLYManagerBase.h */; settings = {ATTRIBUTES = (Public, ); }; };
		EAC5F2881E7B647500C087B8 /* OPTLYManagerBasic.h in Headers */ = {isa = PBXBuildFile; fileRef = EAC5F27C1E7B647500C087B8 /* OPTLYManagerBasic.h */; settings = {ATTRIBUTES = (Public, ); }; };
		EAC5F2891E7B647500C087B8 /* OPTLYManagerBuilder.h in Headers */ = {isa = PBXBuildFile; fileRef = EAC5F27D1E7B647500C087B8 /* OPTLYManagerBuilder.h */; settings = {ATTRIBUTES = (Public, ); }; };
		EAC5F28D1E7B64A800C087B8 /* OptimizelySDKUserProfile.h in Headers */ = {isa = PBXBuildFile; fileRef = EAC5F28A1E7B64A800C087B8 /* OptimizelySDKUserProfile.h */; settings = {ATTRIBUTES = (Public, ); }; };
		EAC5F28E1E7B64A800C087B8 /* OPTLYUserProfile.h in Headers */ = {isa = PBXBuildFile; fileRef = EAC5F28B1E7B64A800C087B8 /* OPTLYUserProfile.h */; settings = {ATTRIBUTES = (Public, ); }; };
		EAC5F28F1E7B64A800C087B8 /* OPTLYUserProfileBuilder.h in Headers */ = {isa = PBXBuildFile; fileRef = EAC5F28C1E7B64A800C087B8 /* OPTLYUserProfileBuilder.h */; settings = {ATTRIBUTES = (Public, ); }; };
		EAC5F2911E7B64F000C087B8 /* OptimizelySDKiOS.h in Headers */ = {isa = PBXBuildFile; fileRef = EAC5F2901E7B64F000C087B8 /* OptimizelySDKiOS.h */; settings = {ATTRIBUTES = (Public, ); }; };
		EAC5F2931E7B651700C087B8 /* OptimizelySDKCore.h in Headers */ = {isa = PBXBuildFile; fileRef = EAC5F2921E7B651700C087B8 /* OptimizelySDKCore.h */; settings = {ATTRIBUTES = (Public, ); }; };
		EAC5F2951E7B653A00C087B8 /* OptimizelySDKDatafileManager.h in Headers */ = {isa = PBXBuildFile; fileRef = EAC5F2941E7B653A00C087B8 /* OptimizelySDKDatafileManager.h */; settings = {ATTRIBUTES = (Public, ); }; };
		EAC5F2971E7B655F00C087B8 /* OptimizelySDKEventDispatcher.h in Headers */ = {isa = PBXBuildFile; fileRef = EAC5F2961E7B655F00C087B8 /* OptimizelySDKEventDispatcher.h */; settings = {ATTRIBUTES = (Public, ); }; };
		EAC5F29A1E7B65EA00C087B8 /* murmur3.c in Sources */ = {isa = PBXBuildFile; fileRef = EAC5F2991E7B65EA00C087B8 /* murmur3.c */; };
		EAC5F29D1E7B661E00C087B8 /* murmur3.h in Headers */ = {isa = PBXBuildFile; fileRef = EAC5F29C1E7B661E00C087B8 /* murmur3.h */; settings = {ATTRIBUTES = (Public, ); }; };
		FADA648112625761DC470520 /* Pods_OptimizelySDK.framework in Frameworks */ = {isa = PBXBuildFile; fileRef = 0A1CA95E5F77978788F7F9AA /* Pods_OptimizelySDK.framework */; };
/* End PBXBuildFile section */

/* Begin PBXContainerItemProxy section */
		EAC5F1001E7B5D6500C087B8 /* PBXContainerItemProxy */ = {
			isa = PBXContainerItemProxy;
			containerPortal = EAC5F0EC1E7B5D6500C087B8 /* Project object */;
			proxyType = 1;
			remoteGlobalIDString = EAC5F0F41E7B5D6500C087B8;
			remoteInfo = OptimizelySDK;
		};
/* End PBXContainerItemProxy section */

/* Begin PBXFileReference section */
		0A1CA95E5F77978788F7F9AA /* Pods_OptimizelySDK.framework */ = {isa = PBXFileReference; explicitFileType = wrapper.framework; includeInIndex = 0; path = Pods_OptimizelySDK.framework; sourceTree = BUILT_PRODUCTS_DIR; };
		1AA34CE852DF26176128A126 /* Pods-OptimizelySDK.release.xcconfig */ = {isa = PBXFileReference; includeInIndex = 1; lastKnownFileType = text.xcconfig; name = "Pods-OptimizelySDK.release.xcconfig"; path = "../Pods/Target Support Files/Pods-OptimizelySDK/Pods-OptimizelySDK.release.xcconfig"; sourceTree = "<group>"; };
		412FA9DD24848EBF6788BC06 /* Pods-OptimizelySDK.debug.xcconfig */ = {isa = PBXFileReference; includeInIndex = 1; lastKnownFileType = text.xcconfig; name = "Pods-OptimizelySDK.debug.xcconfig"; path = "../Pods/Target Support Files/Pods-OptimizelySDK/Pods-OptimizelySDK.debug.xcconfig"; sourceTree = "<group>"; };
		EAC5F0F51E7B5D6500C087B8 /* OptimizelySDK.framework */ = {isa = PBXFileReference; explicitFileType = wrapper.framework; includeInIndex = 0; path = OptimizelySDK.framework; sourceTree = BUILT_PRODUCTS_DIR; };
		EAC5F0F81E7B5D6500C087B8 /* OptimizelySDK.h */ = {isa = PBXFileReference; lastKnownFileType = sourcecode.c.h; path = OptimizelySDK.h; sourceTree = "<group>"; };
		EAC5F0F91E7B5D6500C087B8 /* OptimizelySDK-Info.plist */ = {isa = PBXFileReference; lastKnownFileType = text.plist.xml; path = "OptimizelySDK-Info.plist"; sourceTree = "<group>"; };
		EAC5F0FE1E7B5D6500C087B8 /* OptimizelySDKTests.xctest */ = {isa = PBXFileReference; explicitFileType = wrapper.cfbundle; includeInIndex = 0; path = OptimizelySDKTests.xctest; sourceTree = BUILT_PRODUCTS_DIR; };
		EAC5F1031E7B5D6500C087B8 /* OptimizelySDKTests.m */ = {isa = PBXFileReference; lastKnownFileType = sourcecode.c.objc; path = OptimizelySDKTests.m; sourceTree = "<group>"; };
		EAC5F1051E7B5D6500C087B8 /* Info.plist */ = {isa = PBXFileReference; lastKnownFileType = text.plist.xml; path = Info.plist; sourceTree = "<group>"; };
		EAC5F1311E7B604C00C087B8 /* Optimizely.m */ = {isa = PBXFileReference; lastKnownFileType = sourcecode.c.objc; name = Optimizely.m; path = ../../OptimizelySDKCore/OptimizelySDKCore/Optimizely.m; sourceTree = "<group>"; };
		EAC5F1321E7B604C00C087B8 /* OPTLYAttribute.m */ = {isa = PBXFileReference; lastKnownFileType = sourcecode.c.objc; name = OPTLYAttribute.m; path = ../../OptimizelySDKCore/OptimizelySDKCore/OPTLYAttribute.m; sourceTree = "<group>"; };
		EAC5F1331E7B604C00C087B8 /* OPTLYAudience.m */ = {isa = PBXFileReference; lastKnownFileType = sourcecode.c.objc; name = OPTLYAudience.m; path = ../../OptimizelySDKCore/OptimizelySDKCore/OPTLYAudience.m; sourceTree = "<group>"; };
		EAC5F1341E7B604C00C087B8 /* OPTLYBaseCondition.m */ = {isa = PBXFileReference; lastKnownFileType = sourcecode.c.objc; name = OPTLYBaseCondition.m; path = ../../OptimizelySDKCore/OptimizelySDKCore/OPTLYBaseCondition.m; sourceTree = "<group>"; };
		EAC5F1351E7B604C00C087B8 /* OPTLYBucketer.m */ = {isa = PBXFileReference; lastKnownFileType = sourcecode.c.objc; name = OPTLYBucketer.m; path = ../../OptimizelySDKCore/OptimizelySDKCore/OPTLYBucketer.m; sourceTree = "<group>"; };
		EAC5F1361E7B604C00C087B8 /* OPTLYBuilder.m */ = {isa = PBXFileReference; lastKnownFileType = sourcecode.c.objc; name = OPTLYBuilder.m; path = ../../OptimizelySDKCore/OptimizelySDKCore/OPTLYBuilder.m; sourceTree = "<group>"; };
		EAC5F1371E7B604C00C087B8 /* OPTLYCondition.m */ = {isa = PBXFileReference; lastKnownFileType = sourcecode.c.objc; name = OPTLYCondition.m; path = ../../OptimizelySDKCore/OptimizelySDKCore/OPTLYCondition.m; sourceTree = "<group>"; };
		EAC5F1381E7B604C00C087B8 /* OPTLYDatafileKeys.m */ = {isa = PBXFileReference; lastKnownFileType = sourcecode.c.objc; name = OPTLYDatafileKeys.m; path = ../../OptimizelySDKCore/OptimizelySDKCore/OPTLYDatafileKeys.m; sourceTree = "<group>"; };
		EAC5F1391E7B604C00C087B8 /* OPTLYDecisionEventTicket.m */ = {isa = PBXFileReference; lastKnownFileType = sourcecode.c.objc; name = OPTLYDecisionEventTicket.m; path = ../../OptimizelySDKCore/OptimizelySDKCore/OPTLYDecisionEventTicket.m; sourceTree = "<group>"; };
		EAC5F13A1E7B604C00C087B8 /* OPTLYErrorHandler.m */ = {isa = PBXFileReference; lastKnownFileType = sourcecode.c.objc; name = OPTLYErrorHandler.m; path = ../../OptimizelySDKCore/OptimizelySDKCore/OPTLYErrorHandler.m; sourceTree = "<group>"; };
		EAC5F13B1E7B604C00C087B8 /* OPTLYErrorHandlerMessages.m */ = {isa = PBXFileReference; lastKnownFileType = sourcecode.c.objc; name = OPTLYErrorHandlerMessages.m; path = ../../OptimizelySDKCore/OptimizelySDKCore/OPTLYErrorHandlerMessages.m; sourceTree = "<group>"; };
		EAC5F13C1E7B604C00C087B8 /* OPTLYEvent.m */ = {isa = PBXFileReference; lastKnownFileType = sourcecode.c.objc; name = OPTLYEvent.m; path = ../../OptimizelySDKCore/OptimizelySDKCore/OPTLYEvent.m; sourceTree = "<group>"; };
		EAC5F13D1E7B604C00C087B8 /* OPTLYEventAudience.m */ = {isa = PBXFileReference; lastKnownFileType = sourcecode.c.objc; name = OPTLYEventAudience.m; path = ../../OptimizelySDKCore/OptimizelySDKCore/OPTLYEventAudience.m; sourceTree = "<group>"; };
		EAC5F13E1E7B604C00C087B8 /* OPTLYEventBuilder.m */ = {isa = PBXFileReference; lastKnownFileType = sourcecode.c.objc; name = OPTLYEventBuilder.m; path = ../../OptimizelySDKCore/OptimizelySDKCore/OPTLYEventBuilder.m; sourceTree = "<group>"; };
		EAC5F13F1E7B604C00C087B8 /* OPTLYEventDecision.m */ = {isa = PBXFileReference; lastKnownFileType = sourcecode.c.objc; name = OPTLYEventDecision.m; path = ../../OptimizelySDKCore/OptimizelySDKCore/OPTLYEventDecision.m; sourceTree = "<group>"; };
		EAC5F1401E7B604C00C087B8 /* OPTLYEventDecisionTicket.m */ = {isa = PBXFileReference; lastKnownFileType = sourcecode.c.objc; name = OPTLYEventDecisionTicket.m; path = ../../OptimizelySDKCore/OptimizelySDKCore/OPTLYEventDecisionTicket.m; sourceTree = "<group>"; };
		EAC5F1411E7B604C00C087B8 /* OPTLYEventDispatcherBasic.m */ = {isa = PBXFileReference; lastKnownFileType = sourcecode.c.objc; name = OPTLYEventDispatcherBasic.m; path = ../../OptimizelySDKCore/OptimizelySDKCore/OPTLYEventDispatcherBasic.m; sourceTree = "<group>"; };
		EAC5F1421E7B604C00C087B8 /* OPTLYEventFeature.m */ = {isa = PBXFileReference; lastKnownFileType = sourcecode.c.objc; name = OPTLYEventFeature.m; path = ../../OptimizelySDKCore/OptimizelySDKCore/OPTLYEventFeature.m; sourceTree = "<group>"; };
		EAC5F1431E7B604C00C087B8 /* OPTLYEventHeader.m */ = {isa = PBXFileReference; lastKnownFileType = sourcecode.c.objc; name = OPTLYEventHeader.m; path = ../../OptimizelySDKCore/OptimizelySDKCore/OPTLYEventHeader.m; sourceTree = "<group>"; };
		EAC5F1441E7B604C00C087B8 /* OPTLYEventLayerState.m */ = {isa = PBXFileReference; lastKnownFileType = sourcecode.c.objc; name = OPTLYEventLayerState.m; path = ../../OptimizelySDKCore/OptimizelySDKCore/OPTLYEventLayerState.m; sourceTree = "<group>"; };
		EAC5F1451E7B604C00C087B8 /* OPTLYEventMetric.m */ = {isa = PBXFileReference; lastKnownFileType = sourcecode.c.objc; name = OPTLYEventMetric.m; path = ../../OptimizelySDKCore/OptimizelySDKCore/OPTLYEventMetric.m; sourceTree = "<group>"; };
		EAC5F1461E7B604C00C087B8 /* OPTLYEventParameterKeys.m */ = {isa = PBXFileReference; lastKnownFileType = sourcecode.c.objc; name = OPTLYEventParameterKeys.m; path = ../../OptimizelySDKCore/OptimizelySDKCore/OPTLYEventParameterKeys.m; sourceTree = "<group>"; };
		EAC5F1471E7B604C00C087B8 /* OPTLYEventRelatedEvent.m */ = {isa = PBXFileReference; lastKnownFileType = sourcecode.c.objc; name = OPTLYEventRelatedEvent.m; path = ../../OptimizelySDKCore/OptimizelySDKCore/OPTLYEventRelatedEvent.m; sourceTree = "<group>"; };
		EAC5F1481E7B604C00C087B8 /* OPTLYEventTicket.m */ = {isa = PBXFileReference; lastKnownFileType = sourcecode.c.objc; name = OPTLYEventTicket.m; path = ../../OptimizelySDKCore/OptimizelySDKCore/OPTLYEventTicket.m; sourceTree = "<group>"; };
		EAC5F1491E7B604C00C087B8 /* OPTLYEventView.m */ = {isa = PBXFileReference; lastKnownFileType = sourcecode.c.objc; name = OPTLYEventView.m; path = ../../OptimizelySDKCore/OptimizelySDKCore/OPTLYEventView.m; sourceTree = "<group>"; };
		EAC5F14A1E7B604C00C087B8 /* OPTLYExperiment.m */ = {isa = PBXFileReference; lastKnownFileType = sourcecode.c.objc; name = OPTLYExperiment.m; path = ../../OptimizelySDKCore/OptimizelySDKCore/OPTLYExperiment.m; sourceTree = "<group>"; };
		EAC5F14B1E7B604C00C087B8 /* OPTLYGroup.m */ = {isa = PBXFileReference; lastKnownFileType = sourcecode.c.objc; name = OPTLYGroup.m; path = ../../OptimizelySDKCore/OptimizelySDKCore/OPTLYGroup.m; sourceTree = "<group>"; };
		EAC5F14C1E7B604C00C087B8 /* OPTLYHTTPRequestManager.m */ = {isa = PBXFileReference; lastKnownFileType = sourcecode.c.objc; name = OPTLYHTTPRequestManager.m; path = ../../OptimizelySDKCore/OptimizelySDKCore/OPTLYHTTPRequestManager.m; sourceTree = "<group>"; };
		EAC5F14D1E7B604C00C087B8 /* OPTLYLog.m */ = {isa = PBXFileReference; lastKnownFileType = sourcecode.c.objc; name = OPTLYLog.m; path = ../../OptimizelySDKCore/OptimizelySDKCore/OPTLYLog.m; sourceTree = "<group>"; };
		EAC5F14E1E7B604C00C087B8 /* OPTLYLogger.m */ = {isa = PBXFileReference; lastKnownFileType = sourcecode.c.objc; name = OPTLYLogger.m; path = ../../OptimizelySDKCore/OptimizelySDKCore/OPTLYLogger.m; sourceTree = "<group>"; };
		EAC5F14F1E7B604C00C087B8 /* OPTLYLoggerMessages.m */ = {isa = PBXFileReference; lastKnownFileType = sourcecode.c.objc; name = OPTLYLoggerMessages.m; path = ../../OptimizelySDKCore/OptimizelySDKCore/OPTLYLoggerMessages.m; sourceTree = "<group>"; };
		EAC5F1501E7B604C00C087B8 /* OPTLYNetworkService.m */ = {isa = PBXFileReference; lastKnownFileType = sourcecode.c.objc; name = OPTLYNetworkService.m; path = ../../OptimizelySDKCore/OptimizelySDKCore/OPTLYNetworkService.m; sourceTree = "<group>"; };
		EAC5F1511E7B604C00C087B8 /* OPTLYProjectConfig.m */ = {isa = PBXFileReference; lastKnownFileType = sourcecode.c.objc; name = OPTLYProjectConfig.m; path = ../../OptimizelySDKCore/OptimizelySDKCore/OPTLYProjectConfig.m; sourceTree = "<group>"; };
		EAC5F1521E7B604C00C087B8 /* OPTLYProjectConfigBuilder.m */ = {isa = PBXFileReference; lastKnownFileType = sourcecode.c.objc; name = OPTLYProjectConfigBuilder.m; path = ../../OptimizelySDKCore/OptimizelySDKCore/OPTLYProjectConfigBuilder.m; sourceTree = "<group>"; };
		EAC5F1531E7B604C00C087B8 /* OPTLYQueue.m */ = {isa = PBXFileReference; lastKnownFileType = sourcecode.c.objc; name = OPTLYQueue.m; path = ../../OptimizelySDKCore/OptimizelySDKCore/OPTLYQueue.m; sourceTree = "<group>"; };
		EAC5F1541E7B604C00C087B8 /* OPTLYTrafficAllocation.m */ = {isa = PBXFileReference; lastKnownFileType = sourcecode.c.objc; name = OPTLYTrafficAllocation.m; path = ../../OptimizelySDKCore/OptimizelySDKCore/OPTLYTrafficAllocation.m; sourceTree = "<group>"; };
		EAC5F1551E7B604C00C087B8 /* OPTLYUserProfileBasic.m */ = {isa = PBXFileReference; lastKnownFileType = sourcecode.c.objc; name = OPTLYUserProfileBasic.m; path = ../../OptimizelySDKCore/OptimizelySDKCore/OPTLYUserProfileBasic.m; sourceTree = "<group>"; };
		EAC5F1561E7B604C00C087B8 /* OPTLYValidator.m */ = {isa = PBXFileReference; lastKnownFileType = sourcecode.c.objc; name = OPTLYValidator.m; path = ../../OptimizelySDKCore/OptimizelySDKCore/OPTLYValidator.m; sourceTree = "<group>"; };
		EAC5F1571E7B604C00C087B8 /* OPTLYVariable.m */ = {isa = PBXFileReference; lastKnownFileType = sourcecode.c.objc; name = OPTLYVariable.m; path = ../../OptimizelySDKCore/OptimizelySDKCore/OPTLYVariable.m; sourceTree = "<group>"; };
		EAC5F1581E7B604C00C087B8 /* OPTLYVariation.m */ = {isa = PBXFileReference; lastKnownFileType = sourcecode.c.objc; name = OPTLYVariation.m; path = ../../OptimizelySDKCore/OptimizelySDKCore/OPTLYVariation.m; sourceTree = "<group>"; };
		EAC5F1591E7B604C00C087B8 /* OPTLYVariationVariable.m */ = {isa = PBXFileReference; lastKnownFileType = sourcecode.c.objc; name = OPTLYVariationVariable.m; path = ../../OptimizelySDKCore/OptimizelySDKCore/OPTLYVariationVariable.m; sourceTree = "<group>"; };
		EAC5F1831E7B60CC00C087B8 /* OPTLYDatafileManager.m */ = {isa = PBXFileReference; lastKnownFileType = sourcecode.c.objc; name = OPTLYDatafileManager.m; path = "/Users/aluong/src/objective-c-sdk-universal-framework/OptimizelySDKDatafileManager/OptimizelySDKDatafileManager/OPTLYDatafileManager.m"; sourceTree = "<absolute>"; };
		EAC5F1841E7B60CC00C087B8 /* OPTLYDatafileManagerBuilder.m */ = {isa = PBXFileReference; lastKnownFileType = sourcecode.c.objc; name = OPTLYDatafileManagerBuilder.m; path = "/Users/aluong/src/objective-c-sdk-universal-framework/OptimizelySDKDatafileManager/OptimizelySDKDatafileManager/OPTLYDatafileManagerBuilder.m"; sourceTree = "<absolute>"; };
		EAC5F18A1E7B616A00C087B8 /* OPTLYEventDispatcher.m */ = {isa = PBXFileReference; lastKnownFileType = sourcecode.c.objc; name = OPTLYEventDispatcher.m; path = "/Users/aluong/src/objective-c-sdk-universal-framework/OptimizelySDKEventDispatcher/OptimizelySDKEventDispatcher/OPTLYEventDispatcher.m"; sourceTree = "<absolute>"; };
		EAC5F18B1E7B616A00C087B8 /* OPTLYEventDispatcherBuilder.m */ = {isa = PBXFileReference; lastKnownFileType = sourcecode.c.objc; name = OPTLYEventDispatcherBuilder.m; path = "/Users/aluong/src/objective-c-sdk-universal-framework/OptimizelySDKEventDispatcher/OptimizelySDKEventDispatcher/OPTLYEventDispatcherBuilder.m"; sourceTree = "<absolute>"; };
		EAC5F18F1E7B61AE00C087B8 /* OPTLYUserProfile.m */ = {isa = PBXFileReference; lastKnownFileType = sourcecode.c.objc; name = OPTLYUserProfile.m; path = ../../OptimizelySDKUserProfile/OptimizelySDKUserProfile/OPTLYUserProfile.m; sourceTree = "<group>"; };
		EAC5F1901E7B61AE00C087B8 /* OPTLYUserProfileBuilder.m */ = {isa = PBXFileReference; lastKnownFileType = sourcecode.c.objc; name = OPTLYUserProfileBuilder.m; path = ../../OptimizelySDKUserProfile/OptimizelySDKUserProfile/OPTLYUserProfileBuilder.m; sourceTree = "<group>"; };
		EAC5F1941E7B61F200C087B8 /* OPTLYClient.m */ = {isa = PBXFileReference; lastKnownFileType = sourcecode.c.objc; name = OPTLYClient.m; path = "/Users/aluong/src/objective-c-sdk-universal-framework/OptimizelySDKShared/OptimizelySDKShared/OPTLYClient.m"; sourceTree = "<absolute>"; };
		EAC5F1951E7B61F200C087B8 /* OPTLYClientBuilder.m */ = {isa = PBXFileReference; lastKnownFileType = sourcecode.c.objc; name = OPTLYClientBuilder.m; path = "/Users/aluong/src/objective-c-sdk-universal-framework/OptimizelySDKShared/OptimizelySDKShared/OPTLYClientBuilder.m"; sourceTree = "<absolute>"; };
		EAC5F1961E7B61F200C087B8 /* OPTLYDatabase.m */ = {isa = PBXFileReference; lastKnownFileType = sourcecode.c.objc; name = OPTLYDatabase.m; path = "/Users/aluong/src/objective-c-sdk-universal-framework/OptimizelySDKShared/OptimizelySDKShared/OPTLYDatabase.m"; sourceTree = "<absolute>"; };
		EAC5F1971E7B61F200C087B8 /* OPTLYDatabaseEntity.m */ = {isa = PBXFileReference; lastKnownFileType = sourcecode.c.objc; name = OPTLYDatabaseEntity.m; path = "/Users/aluong/src/objective-c-sdk-universal-framework/OptimizelySDKShared/OptimizelySDKShared/OPTLYDatabaseEntity.m"; sourceTree = "<absolute>"; };
		EAC5F1981E7B61F200C087B8 /* OPTLYDatafileManagerBasic.m */ = {isa = PBXFileReference; lastKnownFileType = sourcecode.c.objc; name = OPTLYDatafileManagerBasic.m; path = "/Users/aluong/src/objective-c-sdk-universal-framework/OptimizelySDKShared/OptimizelySDKShared/OPTLYDatafileManagerBasic.m"; sourceTree = "<absolute>"; };
		EAC5F1991E7B61F200C087B8 /* OPTLYDataStore.m */ = {isa = PBXFileReference; lastKnownFileType = sourcecode.c.objc; name = OPTLYDataStore.m; path = "/Users/aluong/src/objective-c-sdk-universal-framework/OptimizelySDKShared/OptimizelySDKShared/OPTLYDataStore.m"; sourceTree = "<absolute>"; };
		EAC5F19A1E7B61F200C087B8 /* OPTLYEventDataStore.m */ = {isa = PBXFileReference; lastKnownFileType = sourcecode.c.objc; name = OPTLYEventDataStore.m; path = "/Users/aluong/src/objective-c-sdk-universal-framework/OptimizelySDKShared/OptimizelySDKShared/OPTLYEventDataStore.m"; sourceTree = "<absolute>"; };
		EAC5F19B1E7B61F200C087B8 /* OPTLYFileManager.m */ = {isa = PBXFileReference; lastKnownFileType = sourcecode.c.objc; name = OPTLYFileManager.m; path = "/Users/aluong/src/objective-c-sdk-universal-framework/OptimizelySDKShared/OptimizelySDKShared/OPTLYFileManager.m"; sourceTree = "<absolute>"; };
		EAC5F19C1E7B61F200C087B8 /* OPTLYManagerBase.m */ = {isa = PBXFileReference; lastKnownFileType = sourcecode.c.objc; name = OPTLYManagerBase.m; path = "/Users/aluong/src/objective-c-sdk-universal-framework/OptimizelySDKShared/OptimizelySDKShared/OPTLYManagerBase.m"; sourceTree = "<absolute>"; };
		EAC5F19D1E7B61F200C087B8 /* OPTLYManagerBasic.m */ = {isa = PBXFileReference; lastKnownFileType = sourcecode.c.objc; name = OPTLYManagerBasic.m; path = "/Users/aluong/src/objective-c-sdk-universal-framework/OptimizelySDKShared/OptimizelySDKShared/OPTLYManagerBasic.m"; sourceTree = "<absolute>"; };
		EAC5F19E1E7B61F200C087B8 /* OPTLYManagerBuilder.m */ = {isa = PBXFileReference; lastKnownFileType = sourcecode.c.objc; name = OPTLYManagerBuilder.m; path = "/Users/aluong/src/objective-c-sdk-universal-framework/OptimizelySDKShared/OptimizelySDKShared/OPTLYManagerBuilder.m"; sourceTree = "<absolute>"; };
		EAC5F1AA1E7B623200C087B8 /* OPTLYManager.m */ = {isa = PBXFileReference; lastKnownFileType = sourcecode.c.objc; name = OPTLYManager.m; path = "/Users/aluong/src/objective-c-sdk-universal-framework/OptimizelySDKiOS/OptimizelySDKiOS/OPTLYManager.m"; sourceTree = "<absolute>"; };
		EAC5F2161E7B639A00C087B8 /* Optimizely.h */ = {isa = PBXFileReference; lastKnownFileType = sourcecode.c.h; name = Optimizely.h; path = ../../OptimizelySDKCore/OptimizelySDKCore/Optimizely.h; sourceTree = "<group>"; };
		EAC5F2171E7B639A00C087B8 /* OPTLYAttribute.h */ = {isa = PBXFileReference; lastKnownFileType = sourcecode.c.h; name = OPTLYAttribute.h; path = ../../OptimizelySDKCore/OptimizelySDKCore/OPTLYAttribute.h; sourceTree = "<group>"; };
		EAC5F2181E7B639A00C087B8 /* OPTLYAudience.h */ = {isa = PBXFileReference; lastKnownFileType = sourcecode.c.h; name = OPTLYAudience.h; path = ../../OptimizelySDKCore/OptimizelySDKCore/OPTLYAudience.h; sourceTree = "<group>"; };
		EAC5F2191E7B639B00C087B8 /* OPTLYBaseCondition.h */ = {isa = PBXFileReference; lastKnownFileType = sourcecode.c.h; name = OPTLYBaseCondition.h; path = ../../OptimizelySDKCore/OptimizelySDKCore/OPTLYBaseCondition.h; sourceTree = "<group>"; };
		EAC5F21A1E7B639B00C087B8 /* OPTLYBucketer.h */ = {isa = PBXFileReference; lastKnownFileType = sourcecode.c.h; name = OPTLYBucketer.h; path = ../../OptimizelySDKCore/OptimizelySDKCore/OPTLYBucketer.h; sourceTree = "<group>"; };
		EAC5F21B1E7B639B00C087B8 /* OPTLYBuilder.h */ = {isa = PBXFileReference; lastKnownFileType = sourcecode.c.h; name = OPTLYBuilder.h; path = ../../OptimizelySDKCore/OptimizelySDKCore/OPTLYBuilder.h; sourceTree = "<group>"; };
		EAC5F21C1E7B639B00C087B8 /* OPTLYCondition.h */ = {isa = PBXFileReference; lastKnownFileType = sourcecode.c.h; name = OPTLYCondition.h; path = ../../OptimizelySDKCore/OptimizelySDKCore/OPTLYCondition.h; sourceTree = "<group>"; };
		EAC5F21D1E7B639B00C087B8 /* OPTLYDatafileKeys.h */ = {isa = PBXFileReference; lastKnownFileType = sourcecode.c.h; name = OPTLYDatafileKeys.h; path = ../../OptimizelySDKCore/OptimizelySDKCore/OPTLYDatafileKeys.h; sourceTree = "<group>"; };
		EAC5F21E1E7B639B00C087B8 /* OPTLYDecisionEventTicket.h */ = {isa = PBXFileReference; lastKnownFileType = sourcecode.c.h; name = OPTLYDecisionEventTicket.h; path = ../../OptimizelySDKCore/OptimizelySDKCore/OPTLYDecisionEventTicket.h; sourceTree = "<group>"; };
		EAC5F21F1E7B639B00C087B8 /* OPTLYErrorHandler.h */ = {isa = PBXFileReference; lastKnownFileType = sourcecode.c.h; name = OPTLYErrorHandler.h; path = ../../OptimizelySDKCore/OptimizelySDKCore/OPTLYErrorHandler.h; sourceTree = "<group>"; };
		EAC5F2201E7B639B00C087B8 /* OPTLYErrorHandlerMessages.h */ = {isa = PBXFileReference; lastKnownFileType = sourcecode.c.h; name = OPTLYErrorHandlerMessages.h; path = ../../OptimizelySDKCore/OptimizelySDKCore/OPTLYErrorHandlerMessages.h; sourceTree = "<group>"; };
		EAC5F2211E7B639B00C087B8 /* OPTLYEvent.h */ = {isa = PBXFileReference; lastKnownFileType = sourcecode.c.h; name = OPTLYEvent.h; path = ../../OptimizelySDKCore/OptimizelySDKCore/OPTLYEvent.h; sourceTree = "<group>"; };
		EAC5F2221E7B639B00C087B8 /* OPTLYEventAudience.h */ = {isa = PBXFileReference; lastKnownFileType = sourcecode.c.h; name = OPTLYEventAudience.h; path = ../../OptimizelySDKCore/OptimizelySDKCore/OPTLYEventAudience.h; sourceTree = "<group>"; };
		EAC5F2231E7B639B00C087B8 /* OPTLYEventBuilder.h */ = {isa = PBXFileReference; lastKnownFileType = sourcecode.c.h; name = OPTLYEventBuilder.h; path = ../../OptimizelySDKCore/OptimizelySDKCore/OPTLYEventBuilder.h; sourceTree = "<group>"; };
		EAC5F2241E7B639B00C087B8 /* OPTLYEventDecision.h */ = {isa = PBXFileReference; lastKnownFileType = sourcecode.c.h; name = OPTLYEventDecision.h; path = ../../OptimizelySDKCore/OptimizelySDKCore/OPTLYEventDecision.h; sourceTree = "<group>"; };
		EAC5F2251E7B639B00C087B8 /* OPTLYEventDecisionTicket.h */ = {isa = PBXFileReference; lastKnownFileType = sourcecode.c.h; name = OPTLYEventDecisionTicket.h; path = ../../OptimizelySDKCore/OptimizelySDKCore/OPTLYEventDecisionTicket.h; sourceTree = "<group>"; };
		EAC5F2261E7B639B00C087B8 /* OPTLYEventDispatcherBasic.h */ = {isa = PBXFileReference; lastKnownFileType = sourcecode.c.h; name = OPTLYEventDispatcherBasic.h; path = ../../OptimizelySDKCore/OptimizelySDKCore/OPTLYEventDispatcherBasic.h; sourceTree = "<group>"; };
		EAC5F2271E7B639B00C087B8 /* OPTLYEventFeature.h */ = {isa = PBXFileReference; lastKnownFileType = sourcecode.c.h; name = OPTLYEventFeature.h; path = ../../OptimizelySDKCore/OptimizelySDKCore/OPTLYEventFeature.h; sourceTree = "<group>"; };
		EAC5F2281E7B639B00C087B8 /* OPTLYEventHeader.h */ = {isa = PBXFileReference; lastKnownFileType = sourcecode.c.h; name = OPTLYEventHeader.h; path = ../../OptimizelySDKCore/OptimizelySDKCore/OPTLYEventHeader.h; sourceTree = "<group>"; };
		EAC5F2291E7B639B00C087B8 /* OPTLYEventLayerState.h */ = {isa = PBXFileReference; lastKnownFileType = sourcecode.c.h; name = OPTLYEventLayerState.h; path = ../../OptimizelySDKCore/OptimizelySDKCore/OPTLYEventLayerState.h; sourceTree = "<group>"; };
		EAC5F22A1E7B639B00C087B8 /* OPTLYEventMetric.h */ = {isa = PBXFileReference; lastKnownFileType = sourcecode.c.h; name = OPTLYEventMetric.h; path = ../../OptimizelySDKCore/OptimizelySDKCore/OPTLYEventMetric.h; sourceTree = "<group>"; };
		EAC5F22B1E7B639B00C087B8 /* OPTLYEventParameterKeys.h */ = {isa = PBXFileReference; lastKnownFileType = sourcecode.c.h; name = OPTLYEventParameterKeys.h; path = ../../OptimizelySDKCore/OptimizelySDKCore/OPTLYEventParameterKeys.h; sourceTree = "<group>"; };
		EAC5F22C1E7B639B00C087B8 /* OPTLYEventRelatedEvent.h */ = {isa = PBXFileReference; lastKnownFileType = sourcecode.c.h; name = OPTLYEventRelatedEvent.h; path = ../../OptimizelySDKCore/OptimizelySDKCore/OPTLYEventRelatedEvent.h; sourceTree = "<group>"; };
		EAC5F22D1E7B639B00C087B8 /* OPTLYEventTicket.h */ = {isa = PBXFileReference; lastKnownFileType = sourcecode.c.h; name = OPTLYEventTicket.h; path = ../../OptimizelySDKCore/OptimizelySDKCore/OPTLYEventTicket.h; sourceTree = "<group>"; };
		EAC5F22E1E7B639B00C087B8 /* OPTLYEventView.h */ = {isa = PBXFileReference; lastKnownFileType = sourcecode.c.h; name = OPTLYEventView.h; path = ../../OptimizelySDKCore/OptimizelySDKCore/OPTLYEventView.h; sourceTree = "<group>"; };
		EAC5F22F1E7B639B00C087B8 /* OPTLYExperiment.h */ = {isa = PBXFileReference; lastKnownFileType = sourcecode.c.h; name = OPTLYExperiment.h; path = ../../OptimizelySDKCore/OptimizelySDKCore/OPTLYExperiment.h; sourceTree = "<group>"; };
		EAC5F2301E7B639B00C087B8 /* OPTLYGroup.h */ = {isa = PBXFileReference; lastKnownFileType = sourcecode.c.h; name = OPTLYGroup.h; path = ../../OptimizelySDKCore/OptimizelySDKCore/OPTLYGroup.h; sourceTree = "<group>"; };
		EAC5F2311E7B639B00C087B8 /* OPTLYHTTPRequestManager.h */ = {isa = PBXFileReference; lastKnownFileType = sourcecode.c.h; name = OPTLYHTTPRequestManager.h; path = ../../OptimizelySDKCore/OptimizelySDKCore/OPTLYHTTPRequestManager.h; sourceTree = "<group>"; };
		EAC5F2321E7B639B00C087B8 /* OPTLYLog.h */ = {isa = PBXFileReference; lastKnownFileType = sourcecode.c.h; name = OPTLYLog.h; path = ../../OptimizelySDKCore/OptimizelySDKCore/OPTLYLog.h; sourceTree = "<group>"; };
		EAC5F2331E7B639B00C087B8 /* OPTLYLogger.h */ = {isa = PBXFileReference; lastKnownFileType = sourcecode.c.h; name = OPTLYLogger.h; path = ../../OptimizelySDKCore/OptimizelySDKCore/OPTLYLogger.h; sourceTree = "<group>"; };
		EAC5F2341E7B639B00C087B8 /* OPTLYLoggerMessages.h */ = {isa = PBXFileReference; lastKnownFileType = sourcecode.c.h; name = OPTLYLoggerMessages.h; path = ../../OptimizelySDKCore/OptimizelySDKCore/OPTLYLoggerMessages.h; sourceTree = "<group>"; };
		EAC5F2351E7B639B00C087B8 /* OPTLYMacros.h */ = {isa = PBXFileReference; lastKnownFileType = sourcecode.c.h; name = OPTLYMacros.h; path = ../../OptimizelySDKCore/OptimizelySDKCore/OPTLYMacros.h; sourceTree = "<group>"; };
		EAC5F2361E7B639B00C087B8 /* OPTLYNetworkService.h */ = {isa = PBXFileReference; lastKnownFileType = sourcecode.c.h; name = OPTLYNetworkService.h; path = ../../OptimizelySDKCore/OptimizelySDKCore/OPTLYNetworkService.h; sourceTree = "<group>"; };
		EAC5F2371E7B639B00C087B8 /* OPTLYProjectConfig.h */ = {isa = PBXFileReference; lastKnownFileType = sourcecode.c.h; name = OPTLYProjectConfig.h; path = ../../OptimizelySDKCore/OptimizelySDKCore/OPTLYProjectConfig.h; sourceTree = "<group>"; };
		EAC5F2381E7B639B00C087B8 /* OPTLYProjectConfigBuilder.h */ = {isa = PBXFileReference; lastKnownFileType = sourcecode.c.h; name = OPTLYProjectConfigBuilder.h; path = ../../OptimizelySDKCore/OptimizelySDKCore/OPTLYProjectConfigBuilder.h; sourceTree = "<group>"; };
		EAC5F2391E7B639B00C087B8 /* OPTLYQueue.h */ = {isa = PBXFileReference; lastKnownFileType = sourcecode.c.h; name = OPTLYQueue.h; path = ../../OptimizelySDKCore/OptimizelySDKCore/OPTLYQueue.h; sourceTree = "<group>"; };
		EAC5F23A1E7B639B00C087B8 /* OPTLYTrafficAllocation.h */ = {isa = PBXFileReference; lastKnownFileType = sourcecode.c.h; name = OPTLYTrafficAllocation.h; path = ../../OptimizelySDKCore/OptimizelySDKCore/OPTLYTrafficAllocation.h; sourceTree = "<group>"; };
		EAC5F23B1E7B639B00C087B8 /* OPTLYUserProfileBasic.h */ = {isa = PBXFileReference; lastKnownFileType = sourcecode.c.h; name = OPTLYUserProfileBasic.h; path = ../../OptimizelySDKCore/OptimizelySDKCore/OPTLYUserProfileBasic.h; sourceTree = "<group>"; };
		EAC5F23C1E7B639B00C087B8 /* OPTLYValidator.h */ = {isa = PBXFileReference; lastKnownFileType = sourcecode.c.h; name = OPTLYValidator.h; path = ../../OptimizelySDKCore/OptimizelySDKCore/OPTLYValidator.h; sourceTree = "<group>"; };
		EAC5F23D1E7B639B00C087B8 /* OPTLYVariable.h */ = {isa = PBXFileReference; lastKnownFileType = sourcecode.c.h; name = OPTLYVariable.h; path = ../../OptimizelySDKCore/OptimizelySDKCore/OPTLYVariable.h; sourceTree = "<group>"; };
		EAC5F23E1E7B639B00C087B8 /* OPTLYVariation.h */ = {isa = PBXFileReference; lastKnownFileType = sourcecode.c.h; name = OPTLYVariation.h; path = ../../OptimizelySDKCore/OptimizelySDKCore/OPTLYVariation.h; sourceTree = "<group>"; };
		EAC5F23F1E7B639B00C087B8 /* OPTLYVariationVariable.h */ = {isa = PBXFileReference; lastKnownFileType = sourcecode.c.h; name = OPTLYVariationVariable.h; path = ../../OptimizelySDKCore/OptimizelySDKCore/OPTLYVariationVariable.h; sourceTree = "<group>"; };
		EAC5F26A1E7B63FF00C087B8 /* OPTLYDatafileManager.h */ = {isa = PBXFileReference; lastKnownFileType = sourcecode.c.h; name = OPTLYDatafileManager.h; path = "/Users/aluong/src/objective-c-sdk-universal-framework/OptimizelySDKDatafileManager/OptimizelySDKDatafileManager/OPTLYDatafileManager.h"; sourceTree = "<absolute>"; };
		EAC5F26B1E7B63FF00C087B8 /* OPTLYDatafileManagerBuilder.h */ = {isa = PBXFileReference; lastKnownFileType = sourcecode.c.h; name = OPTLYDatafileManagerBuilder.h; path = "/Users/aluong/src/objective-c-sdk-universal-framework/OptimizelySDKDatafileManager/OptimizelySDKDatafileManager/OPTLYDatafileManagerBuilder.h"; sourceTree = "<absolute>"; };
		EAC5F26E1E7B642900C087B8 /* OPTLYEventDispatcher.h */ = {isa = PBXFileReference; lastKnownFileType = sourcecode.c.h; name = OPTLYEventDispatcher.h; path = "/Users/aluong/src/objective-c-sdk-universal-framework/OptimizelySDKEventDispatcher/OptimizelySDKEventDispatcher/OPTLYEventDispatcher.h"; sourceTree = "<absolute>"; };
		EAC5F26F1E7B642900C087B8 /* OPTLYEventDispatcherBuilder.h */ = {isa = PBXFileReference; lastKnownFileType = sourcecode.c.h; name = OPTLYEventDispatcherBuilder.h; path = "/Users/aluong/src/objective-c-sdk-universal-framework/OptimizelySDKEventDispatcher/OptimizelySDKEventDispatcher/OPTLYEventDispatcherBuilder.h"; sourceTree = "<absolute>"; };
		EAC5F2721E7B647500C087B8 /* OptimizelySDKShared.h */ = {isa = PBXFileReference; lastKnownFileType = sourcecode.c.h; name = OptimizelySDKShared.h; path = "/Users/aluong/src/objective-c-sdk-universal-framework/OptimizelySDKShared/OptimizelySDKShared/OptimizelySDKShared.h"; sourceTree = "<absolute>"; };
		EAC5F2731E7B647500C087B8 /* OPTLYClient.h */ = {isa = PBXFileReference; lastKnownFileType = sourcecode.c.h; name = OPTLYClient.h; path = "/Users/aluong/src/objective-c-sdk-universal-framework/OptimizelySDKShared/OptimizelySDKShared/OPTLYClient.h"; sourceTree = "<absolute>"; };
		EAC5F2741E7B647500C087B8 /* OPTLYClientBuilder.h */ = {isa = PBXFileReference; lastKnownFileType = sourcecode.c.h; name = OPTLYClientBuilder.h; path = "/Users/aluong/src/objective-c-sdk-universal-framework/OptimizelySDKShared/OptimizelySDKShared/OPTLYClientBuilder.h"; sourceTree = "<absolute>"; };
		EAC5F2751E7B647500C087B8 /* OPTLYDatabase.h */ = {isa = PBXFileReference; lastKnownFileType = sourcecode.c.h; name = OPTLYDatabase.h; path = "/Users/aluong/src/objective-c-sdk-universal-framework/OptimizelySDKShared/OptimizelySDKShared/OPTLYDatabase.h"; sourceTree = "<absolute>"; };
		EAC5F2761E7B647500C087B8 /* OPTLYDatabaseEntity.h */ = {isa = PBXFileReference; lastKnownFileType = sourcecode.c.h; name = OPTLYDatabaseEntity.h; path = "/Users/aluong/src/objective-c-sdk-universal-framework/OptimizelySDKShared/OptimizelySDKShared/OPTLYDatabaseEntity.h"; sourceTree = "<absolute>"; };
		EAC5F2771E7B647500C087B8 /* OPTLYDatafileManagerBasic.h */ = {isa = PBXFileReference; lastKnownFileType = sourcecode.c.h; name = OPTLYDatafileManagerBasic.h; path = "/Users/aluong/src/objective-c-sdk-universal-framework/OptimizelySDKShared/OptimizelySDKShared/OPTLYDatafileManagerBasic.h"; sourceTree = "<absolute>"; };
		EAC5F2781E7B647500C087B8 /* OPTLYDataStore.h */ = {isa = PBXFileReference; lastKnownFileType = sourcecode.c.h; name = OPTLYDataStore.h; path = "/Users/aluong/src/objective-c-sdk-universal-framework/OptimizelySDKShared/OptimizelySDKShared/OPTLYDataStore.h"; sourceTree = "<absolute>"; };
		EAC5F2791E7B647500C087B8 /* OPTLYEventDataStore.h */ = {isa = PBXFileReference; lastKnownFileType = sourcecode.c.h; name = OPTLYEventDataStore.h; path = "/Users/aluong/src/objective-c-sdk-universal-framework/OptimizelySDKShared/OptimizelySDKShared/OPTLYEventDataStore.h"; sourceTree = "<absolute>"; };
		EAC5F27A1E7B647500C087B8 /* OPTLYFileManager.h */ = {isa = PBXFileReference; lastKnownFileType = sourcecode.c.h; name = OPTLYFileManager.h; path = "/Users/aluong/src/objective-c-sdk-universal-framework/OptimizelySDKShared/OptimizelySDKShared/OPTLYFileManager.h"; sourceTree = "<absolute>"; };
		EAC5F27B1E7B647500C087B8 /* OPTLYManagerBase.h */ = {isa = PBXFileReference; lastKnownFileType = sourcecode.c.h; name = OPTLYManagerBase.h; path = "/Users/aluong/src/objective-c-sdk-universal-framework/OptimizelySDKShared/OptimizelySDKShared/OPTLYManagerBase.h"; sourceTree = "<absolute>"; };
		EAC5F27C1E7B647500C087B8 /* OPTLYManagerBasic.h */ = {isa = PBXFileReference; lastKnownFileType = sourcecode.c.h; name = OPTLYManagerBasic.h; path = "/Users/aluong/src/objective-c-sdk-universal-framework/OptimizelySDKShared/OptimizelySDKShared/OPTLYManagerBasic.h"; sourceTree = "<absolute>"; };
		EAC5F27D1E7B647500C087B8 /* OPTLYManagerBuilder.h */ = {isa = PBXFileReference; lastKnownFileType = sourcecode.c.h; name = OPTLYManagerBuilder.h; path = "/Users/aluong/src/objective-c-sdk-universal-framework/OptimizelySDKShared/OptimizelySDKShared/OPTLYManagerBuilder.h"; sourceTree = "<absolute>"; };
		EAC5F28A1E7B64A800C087B8 /* OptimizelySDKUserProfile.h */ = {isa = PBXFileReference; lastKnownFileType = sourcecode.c.h; name = OptimizelySDKUserProfile.h; path = ../../OptimizelySDKUserProfile/OptimizelySDKUserProfile/OptimizelySDKUserProfile.h; sourceTree = "<group>"; };
		EAC5F28B1E7B64A800C087B8 /* OPTLYUserProfile.h */ = {isa = PBXFileReference; lastKnownFileType = sourcecode.c.h; name = OPTLYUserProfile.h; path = ../../OptimizelySDKUserProfile/OptimizelySDKUserProfile/OPTLYUserProfile.h; sourceTree = "<group>"; };
		EAC5F28C1E7B64A800C087B8 /* OPTLYUserProfileBuilder.h */ = {isa = PBXFileReference; lastKnownFileType = sourcecode.c.h; name = OPTLYUserProfileBuilder.h; path = ../../OptimizelySDKUserProfile/OptimizelySDKUserProfile/OPTLYUserProfileBuilder.h; sourceTree = "<group>"; };
		EAC5F2901E7B64F000C087B8 /* OptimizelySDKiOS.h */ = {isa = PBXFileReference; lastKnownFileType = sourcecode.c.h; name = OptimizelySDKiOS.h; path = "/Users/aluong/src/objective-c-sdk-universal-framework/OptimizelySDKiOS/OptimizelySDKiOS/OptimizelySDKiOS.h"; sourceTree = "<absolute>"; };
		EAC5F2921E7B651700C087B8 /* OptimizelySDKCore.h */ = {isa = PBXFileReference; lastKnownFileType = sourcecode.c.h; name = OptimizelySDKCore.h; path = ../../OptimizelySDKCore/OptimizelySDKCore/OptimizelySDKCore.h; sourceTree = "<group>"; };
		EAC5F2941E7B653A00C087B8 /* OptimizelySDKDatafileManager.h */ = {isa = PBXFileReference; lastKnownFileType = sourcecode.c.h; name = OptimizelySDKDatafileManager.h; path = "/Users/aluong/src/objective-c-sdk-universal-framework/OptimizelySDKDatafileManager/OptimizelySDKDatafileManager/OptimizelySDKDatafileManager.h"; sourceTree = "<absolute>"; };
		EAC5F2961E7B655F00C087B8 /* OptimizelySDKEventDispatcher.h */ = {isa = PBXFileReference; lastKnownFileType = sourcecode.c.h; name = OptimizelySDKEventDispatcher.h; path = "/Users/aluong/src/objective-c-sdk-universal-framework/OptimizelySDKEventDispatcher/OptimizelySDKEventDispatcher/OptimizelySDKEventDispatcher.h"; sourceTree = "<absolute>"; };
		EAC5F2991E7B65EA00C087B8 /* murmur3.c */ = {isa = PBXFileReference; lastKnownFileType = sourcecode.c.c; name = murmur3.c; path = "/Users/aluong/src/objective-c-sdk-universal-framework/OptimizelySDKCore/Frameworks/murmur/murmur3.c"; sourceTree = "<absolute>"; };
		EAC5F29C1E7B661E00C087B8 /* murmur3.h */ = {isa = PBXFileReference; lastKnownFileType = sourcecode.c.h; name = murmur3.h; path = "/Users/aluong/src/objective-c-sdk-universal-framework/OptimizelySDKCore/Frameworks/murmur/murmur3.h"; sourceTree = "<absolute>"; };
		EAC5F2AA1E7B6FDF00C087B8 /* FMDB.framework */ = {isa = PBXFileReference; lastKnownFileType = wrapper.framework; name = FMDB.framework; path = "/Users/aluong/src/objective-c-sdk-universal-framework/Pods/../build/Debug-iphoneos/FMDB/FMDB.framework"; sourceTree = "<absolute>"; };
		EAC5F2AB1E7B6FDF00C087B8 /* JSONModel.framework */ = {isa = PBXFileReference; lastKnownFileType = wrapper.framework; name = JSONModel.framework; path = "/Users/aluong/src/objective-c-sdk-universal-framework/Pods/../build/Debug-iphoneos/JSONModel-iOS/JSONModel.framework"; sourceTree = "<absolute>"; };
/* End PBXFileReference section */

/* Begin PBXFrameworksBuildPhase section */
		EAC5F0F11E7B5D6500C087B8 /* Frameworks */ = {
			isa = PBXFrameworksBuildPhase;
			buildActionMask = 2147483647;
			files = (
				FADA648112625761DC470520 /* Pods_OptimizelySDK.framework in Frameworks */,
			);
			runOnlyForDeploymentPostprocessing = 0;
		};
		EAC5F0FB1E7B5D6500C087B8 /* Frameworks */ = {
			isa = PBXFrameworksBuildPhase;
			buildActionMask = 2147483647;
			files = (
				EAC5F0FF1E7B5D6500C087B8 /* OptimizelySDK.framework in Frameworks */,
			);
			runOnlyForDeploymentPostprocessing = 0;
		};
/* End PBXFrameworksBuildPhase section */

/* Begin PBXGroup section */
		DA9F011F43B4E173E3F5AFDC /* Pods */ = {
			isa = PBXGroup;
			children = (
				412FA9DD24848EBF6788BC06 /* Pods-OptimizelySDK.debug.xcconfig */,
				1AA34CE852DF26176128A126 /* Pods-OptimizelySDK.release.xcconfig */,
			);
			name = Pods;
			sourceTree = "<group>";
		};
		EAC5F0EB1E7B5D6500C087B8 = {
			isa = PBXGroup;
			children = (
				EAC5F0F71E7B5D6500C087B8 /* OptimizelySDK */,
				EAC5F1021E7B5D6500C087B8 /* OptimizelySDKTests */,
				EAC5F0F61E7B5D6500C087B8 /* Products */,
				EAC5F2981E7B658700C087B8 /* Frameworks */,
				DA9F011F43B4E173E3F5AFDC /* Pods */,
			);
			sourceTree = "<group>";
		};
		EAC5F0F61E7B5D6500C087B8 /* Products */ = {
			isa = PBXGroup;
			children = (
				EAC5F0F51E7B5D6500C087B8 /* OptimizelySDK.framework */,
				EAC5F0FE1E7B5D6500C087B8 /* OptimizelySDKTests.xctest */,
			);
			name = Products;
			sourceTree = "<group>";
		};
		EAC5F0F71E7B5D6500C087B8 /* OptimizelySDK */ = {
			isa = PBXGroup;
			children = (
				EAC5F0F91E7B5D6500C087B8 /* OptimizelySDK-Info.plist */,
				EAC5F0F81E7B5D6500C087B8 /* OptimizelySDK.h */,
				EAC5F1AC1E7B623F00C087B8 /* iOS */,
				EAC5F1871E7B60D700C087B8 /* Core */,
				EAC5F1881E7B610200C087B8 /* DatafileManager */,
				EAC5F1891E7B612F00C087B8 /* EventDispatcher */,
				EAC5F1931E7B61C800C087B8 /* Shared */,
				EAC5F18E1E7B617A00C087B8 /* UserProfile */,
			);
			path = OptimizelySDK;
			sourceTree = "<group>";
		};
		EAC5F1021E7B5D6500C087B8 /* OptimizelySDKTests */ = {
			isa = PBXGroup;
			children = (
				EAC5F1031E7B5D6500C087B8 /* OptimizelySDKTests.m */,
				EAC5F1051E7B5D6500C087B8 /* Info.plist */,
			);
			path = OptimizelySDKTests;
			sourceTree = "<group>";
		};
		EAC5F1871E7B60D700C087B8 /* Core */ = {
			isa = PBXGroup;
			children = (
				EAC5F2921E7B651700C087B8 /* OptimizelySDKCore.h */,
				EAC5F2161E7B639A00C087B8 /* Optimizely.h */,
				EAC5F1311E7B604C00C087B8 /* Optimizely.m */,
				EAC5F2171E7B639A00C087B8 /* OPTLYAttribute.h */,
				EAC5F1321E7B604C00C087B8 /* OPTLYAttribute.m */,
				EAC5F2181E7B639A00C087B8 /* OPTLYAudience.h */,
				EAC5F1331E7B604C00C087B8 /* OPTLYAudience.m */,
				EAC5F2191E7B639B00C087B8 /* OPTLYBaseCondition.h */,
				EAC5F1341E7B604C00C087B8 /* OPTLYBaseCondition.m */,
				EAC5F21A1E7B639B00C087B8 /* OPTLYBucketer.h */,
				EAC5F1351E7B604C00C087B8 /* OPTLYBucketer.m */,
				EAC5F21B1E7B639B00C087B8 /* OPTLYBuilder.h */,
				EAC5F1361E7B604C00C087B8 /* OPTLYBuilder.m */,
				EAC5F21C1E7B639B00C087B8 /* OPTLYCondition.h */,
				EAC5F1371E7B604C00C087B8 /* OPTLYCondition.m */,
				EAC5F21D1E7B639B00C087B8 /* OPTLYDatafileKeys.h */,
				EAC5F1381E7B604C00C087B8 /* OPTLYDatafileKeys.m */,
				EAC5F21E1E7B639B00C087B8 /* OPTLYDecisionEventTicket.h */,
				EAC5F1391E7B604C00C087B8 /* OPTLYDecisionEventTicket.m */,
				EAC5F21F1E7B639B00C087B8 /* OPTLYErrorHandler.h */,
				EAC5F13A1E7B604C00C087B8 /* OPTLYErrorHandler.m */,
				EAC5F2201E7B639B00C087B8 /* OPTLYErrorHandlerMessages.h */,
				EAC5F13B1E7B604C00C087B8 /* OPTLYErrorHandlerMessages.m */,
				EAC5F2211E7B639B00C087B8 /* OPTLYEvent.h */,
				EAC5F13C1E7B604C00C087B8 /* OPTLYEvent.m */,
				EAC5F2221E7B639B00C087B8 /* OPTLYEventAudience.h */,
				EAC5F13D1E7B604C00C087B8 /* OPTLYEventAudience.m */,
				EAC5F2231E7B639B00C087B8 /* OPTLYEventBuilder.h */,
				EAC5F13E1E7B604C00C087B8 /* OPTLYEventBuilder.m */,
				EAC5F2241E7B639B00C087B8 /* OPTLYEventDecision.h */,
				EAC5F13F1E7B604C00C087B8 /* OPTLYEventDecision.m */,
				EAC5F2251E7B639B00C087B8 /* OPTLYEventDecisionTicket.h */,
				EAC5F1401E7B604C00C087B8 /* OPTLYEventDecisionTicket.m */,
				EAC5F2261E7B639B00C087B8 /* OPTLYEventDispatcherBasic.h */,
				EAC5F1411E7B604C00C087B8 /* OPTLYEventDispatcherBasic.m */,
				EAC5F2271E7B639B00C087B8 /* OPTLYEventFeature.h */,
				EAC5F1421E7B604C00C087B8 /* OPTLYEventFeature.m */,
				EAC5F2281E7B639B00C087B8 /* OPTLYEventHeader.h */,
				EAC5F1431E7B604C00C087B8 /* OPTLYEventHeader.m */,
				EAC5F2291E7B639B00C087B8 /* OPTLYEventLayerState.h */,
				EAC5F1441E7B604C00C087B8 /* OPTLYEventLayerState.m */,
				EAC5F22A1E7B639B00C087B8 /* OPTLYEventMetric.h */,
				EAC5F1451E7B604C00C087B8 /* OPTLYEventMetric.m */,
				EAC5F22B1E7B639B00C087B8 /* OPTLYEventParameterKeys.h */,
				EAC5F1461E7B604C00C087B8 /* OPTLYEventParameterKeys.m */,
				EAC5F22C1E7B639B00C087B8 /* OPTLYEventRelatedEvent.h */,
				EAC5F1471E7B604C00C087B8 /* OPTLYEventRelatedEvent.m */,
				EAC5F22D1E7B639B00C087B8 /* OPTLYEventTicket.h */,
				EAC5F1481E7B604C00C087B8 /* OPTLYEventTicket.m */,
				EAC5F22E1E7B639B00C087B8 /* OPTLYEventView.h */,
				EAC5F1491E7B604C00C087B8 /* OPTLYEventView.m */,
				EAC5F22F1E7B639B00C087B8 /* OPTLYExperiment.h */,
				EAC5F14A1E7B604C00C087B8 /* OPTLYExperiment.m */,
				EAC5F2301E7B639B00C087B8 /* OPTLYGroup.h */,
				EAC5F14B1E7B604C00C087B8 /* OPTLYGroup.m */,
				EAC5F2311E7B639B00C087B8 /* OPTLYHTTPRequestManager.h */,
				EAC5F14C1E7B604C00C087B8 /* OPTLYHTTPRequestManager.m */,
				EAC5F2321E7B639B00C087B8 /* OPTLYLog.h */,
				EAC5F14D1E7B604C00C087B8 /* OPTLYLog.m */,
				EAC5F2331E7B639B00C087B8 /* OPTLYLogger.h */,
				EAC5F14E1E7B604C00C087B8 /* OPTLYLogger.m */,
				EAC5F2341E7B639B00C087B8 /* OPTLYLoggerMessages.h */,
				EAC5F14F1E7B604C00C087B8 /* OPTLYLoggerMessages.m */,
				EAC5F2351E7B639B00C087B8 /* OPTLYMacros.h */,
				EAC5F2361E7B639B00C087B8 /* OPTLYNetworkService.h */,
				EAC5F1501E7B604C00C087B8 /* OPTLYNetworkService.m */,
				EAC5F2371E7B639B00C087B8 /* OPTLYProjectConfig.h */,
				EAC5F1511E7B604C00C087B8 /* OPTLYProjectConfig.m */,
				EAC5F2381E7B639B00C087B8 /* OPTLYProjectConfigBuilder.h */,
				EAC5F1521E7B604C00C087B8 /* OPTLYProjectConfigBuilder.m */,
				EAC5F2391E7B639B00C087B8 /* OPTLYQueue.h */,
				EAC5F1531E7B604C00C087B8 /* OPTLYQueue.m */,
				EAC5F23A1E7B639B00C087B8 /* OPTLYTrafficAllocation.h */,
				EAC5F1541E7B604C00C087B8 /* OPTLYTrafficAllocation.m */,
				EAC5F23B1E7B639B00C087B8 /* OPTLYUserProfileBasic.h */,
				EAC5F1551E7B604C00C087B8 /* OPTLYUserProfileBasic.m */,
				EAC5F23C1E7B639B00C087B8 /* OPTLYValidator.h */,
				EAC5F1561E7B604C00C087B8 /* OPTLYValidator.m */,
				EAC5F23D1E7B639B00C087B8 /* OPTLYVariable.h */,
				EAC5F1571E7B604C00C087B8 /* OPTLYVariable.m */,
				EAC5F23E1E7B639B00C087B8 /* OPTLYVariation.h */,
				EAC5F1581E7B604C00C087B8 /* OPTLYVariation.m */,
				EAC5F23F1E7B639B00C087B8 /* OPTLYVariationVariable.h */,
				EAC5F1591E7B604C00C087B8 /* OPTLYVariationVariable.m */,
			);
			name = Core;
			sourceTree = "<group>";
		};
		EAC5F1881E7B610200C087B8 /* DatafileManager */ = {
			isa = PBXGroup;
			children = (
				EAC5F2941E7B653A00C087B8 /* OptimizelySDKDatafileManager.h */,
				EAC5F26A1E7B63FF00C087B8 /* OPTLYDatafileManager.h */,
				EAC5F1831E7B60CC00C087B8 /* OPTLYDatafileManager.m */,
				EAC5F26B1E7B63FF00C087B8 /* OPTLYDatafileManagerBuilder.h */,
				EAC5F1841E7B60CC00C087B8 /* OPTLYDatafileManagerBuilder.m */,
			);
			name = DatafileManager;
			path = ..;
			sourceTree = "<group>";
		};
		EAC5F1891E7B612F00C087B8 /* EventDispatcher */ = {
			isa = PBXGroup;
			children = (
				EAC5F2961E7B655F00C087B8 /* OptimizelySDKEventDispatcher.h */,
				EAC5F26E1E7B642900C087B8 /* OPTLYEventDispatcher.h */,
				EAC5F18A1E7B616A00C087B8 /* OPTLYEventDispatcher.m */,
				EAC5F26F1E7B642900C087B8 /* OPTLYEventDispatcherBuilder.h */,
				EAC5F18B1E7B616A00C087B8 /* OPTLYEventDispatcherBuilder.m */,
			);
			name = EventDispatcher;
			path = ..;
			sourceTree = "<group>";
		};
		EAC5F18E1E7B617A00C087B8 /* UserProfile */ = {
			isa = PBXGroup;
			children = (
				EAC5F28A1E7B64A800C087B8 /* OptimizelySDKUserProfile.h */,
				EAC5F28B1E7B64A800C087B8 /* OPTLYUserProfile.h */,
				EAC5F28C1E7B64A800C087B8 /* OPTLYUserProfileBuilder.h */,
				EAC5F18F1E7B61AE00C087B8 /* OPTLYUserProfile.m */,
				EAC5F1901E7B61AE00C087B8 /* OPTLYUserProfileBuilder.m */,
			);
			name = UserProfile;
			sourceTree = "<group>";
		};
		EAC5F1931E7B61C800C087B8 /* Shared */ = {
			isa = PBXGroup;
			children = (
				EAC5F2721E7B647500C087B8 /* OptimizelySDKShared.h */,
				EAC5F2731E7B647500C087B8 /* OPTLYClient.h */,
				EAC5F1941E7B61F200C087B8 /* OPTLYClient.m */,
				EAC5F2741E7B647500C087B8 /* OPTLYClientBuilder.h */,
				EAC5F1951E7B61F200C087B8 /* OPTLYClientBuilder.m */,
				EAC5F2751E7B647500C087B8 /* OPTLYDatabase.h */,
				EAC5F1961E7B61F200C087B8 /* OPTLYDatabase.m */,
				EAC5F2761E7B647500C087B8 /* OPTLYDatabaseEntity.h */,
				EAC5F1971E7B61F200C087B8 /* OPTLYDatabaseEntity.m */,
				EAC5F2771E7B647500C087B8 /* OPTLYDatafileManagerBasic.h */,
				EAC5F1981E7B61F200C087B8 /* OPTLYDatafileManagerBasic.m */,
				EAC5F2781E7B647500C087B8 /* OPTLYDataStore.h */,
				EAC5F1991E7B61F200C087B8 /* OPTLYDataStore.m */,
				EAC5F2791E7B647500C087B8 /* OPTLYEventDataStore.h */,
				EAC5F19A1E7B61F200C087B8 /* OPTLYEventDataStore.m */,
				EAC5F27A1E7B647500C087B8 /* OPTLYFileManager.h */,
				EAC5F19B1E7B61F200C087B8 /* OPTLYFileManager.m */,
				EAC5F27B1E7B647500C087B8 /* OPTLYManagerBase.h */,
				EAC5F19C1E7B61F200C087B8 /* OPTLYManagerBase.m */,
				EAC5F27C1E7B647500C087B8 /* OPTLYManagerBasic.h */,
				EAC5F19D1E7B61F200C087B8 /* OPTLYManagerBasic.m */,
				EAC5F27D1E7B647500C087B8 /* OPTLYManagerBuilder.h */,
				EAC5F19E1E7B61F200C087B8 /* OPTLYManagerBuilder.m */,
			);
			name = Shared;
			path = ..;
			sourceTree = "<group>";
		};
		EAC5F1AC1E7B623F00C087B8 /* iOS */ = {
			isa = PBXGroup;
			children = (
				EAC5F2901E7B64F000C087B8 /* OptimizelySDKiOS.h */,
				EAC5F1AA1E7B623200C087B8 /* OPTLYManager.m */,
			);
			name = iOS;
			path = ..;
			sourceTree = "<group>";
		};
		EAC5F2981E7B658700C087B8 /* Frameworks */ = {
			isa = PBXGroup;
			children = (
				EAC5F2AA1E7B6FDF00C087B8 /* FMDB.framework */,
				EAC5F2AB1E7B6FDF00C087B8 /* JSONModel.framework */,
				EAC5F29B1E7B65EF00C087B8 /* murmur */,
				0A1CA95E5F77978788F7F9AA /* Pods_OptimizelySDK.framework */,
			);
			name = Frameworks;
			sourceTree = "<group>";
		};
		EAC5F29B1E7B65EF00C087B8 /* murmur */ = {
			isa = PBXGroup;
			children = (
				EAC5F29C1E7B661E00C087B8 /* murmur3.h */,
				EAC5F2991E7B65EA00C087B8 /* murmur3.c */,
			);
			name = murmur;
			sourceTree = "<group>";
		};
/* End PBXGroup section */

/* Begin PBXHeadersBuildPhase section */
		EAC5F0F21E7B5D6500C087B8 /* Headers */ = {
			isa = PBXHeadersBuildPhase;
			buildActionMask = 2147483647;
			files = (
				EAC5F1061E7B5D6500C087B8 /* OptimizelySDK.h in Headers */,
				EAC5F2401E7B639B00C087B8 /* Optimizely.h in Headers */,
				EAC5F2411E7B639B00C087B8 /* OPTLYAttribute.h in Headers */,
				EAC5F2421E7B639B00C087B8 /* OPTLYAudience.h in Headers */,
				EAC5F2431E7B639B00C087B8 /* OPTLYBaseCondition.h in Headers */,
				EAC5F2441E7B639B00C087B8 /* OPTLYBucketer.h in Headers */,
				EAC5F2451E7B639B00C087B8 /* OPTLYBuilder.h in Headers */,
				EAC5F2461E7B639B00C087B8 /* OPTLYCondition.h in Headers */,
				EAC5F2471E7B639B00C087B8 /* OPTLYDatafileKeys.h in Headers */,
				EAC5F2481E7B639B00C087B8 /* OPTLYDecisionEventTicket.h in Headers */,
				EAC5F2491E7B639B00C087B8 /* OPTLYErrorHandler.h in Headers */,
				EAC5F24A1E7B639B00C087B8 /* OPTLYErrorHandlerMessages.h in Headers */,
				EAC5F24B1E7B639B00C087B8 /* OPTLYEvent.h in Headers */,
				EAC5F24C1E7B639B00C087B8 /* OPTLYEventAudience.h in Headers */,
				EAC5F24D1E7B639B00C087B8 /* OPTLYEventBuilder.h in Headers */,
				EAC5F24E1E7B639B00C087B8 /* OPTLYEventDecision.h in Headers */,
				EAC5F24F1E7B639B00C087B8 /* OPTLYEventDecisionTicket.h in Headers */,
				EAC5F2501E7B639B00C087B8 /* OPTLYEventDispatcherBasic.h in Headers */,
				EAC5F2511E7B639B00C087B8 /* OPTLYEventFeature.h in Headers */,
				EAC5F2521E7B639B00C087B8 /* OPTLYEventHeader.h in Headers */,
				EAC5F2531E7B639B00C087B8 /* OPTLYEventLayerState.h in Headers */,
				EAC5F2541E7B639B00C087B8 /* OPTLYEventMetric.h in Headers */,
				EAC5F2551E7B639B00C087B8 /* OPTLYEventParameterKeys.h in Headers */,
				EAC5F2561E7B639B00C087B8 /* OPTLYEventRelatedEvent.h in Headers */,
				EAC5F2571E7B639B00C087B8 /* OPTLYEventTicket.h in Headers */,
				EAC5F2581E7B639B00C087B8 /* OPTLYEventView.h in Headers */,
				EAC5F2591E7B639B00C087B8 /* OPTLYExperiment.h in Headers */,
				EAC5F25A1E7B639B00C087B8 /* OPTLYGroup.h in Headers */,
				EAC5F25B1E7B639B00C087B8 /* OPTLYHTTPRequestManager.h in Headers */,
				EAC5F25C1E7B639B00C087B8 /* OPTLYLog.h in Headers */,
				EAC5F25D1E7B639B00C087B8 /* OPTLYLogger.h in Headers */,
				EAC5F25E1E7B639B00C087B8 /* OPTLYLoggerMessages.h in Headers */,
				EAC5F2601E7B639B00C087B8 /* OPTLYNetworkService.h in Headers */,
				EAC5F2611E7B639B00C087B8 /* OPTLYProjectConfig.h in Headers */,
				EAC5F2621E7B639B00C087B8 /* OPTLYProjectConfigBuilder.h in Headers */,
				EAC5F2631E7B639B00C087B8 /* OPTLYQueue.h in Headers */,
				EAC5F2641E7B639B00C087B8 /* OPTLYTrafficAllocation.h in Headers */,
				EAC5F2651E7B639B00C087B8 /* OPTLYUserProfileBasic.h in Headers */,
				EAC5F2661E7B639B00C087B8 /* OPTLYValidator.h in Headers */,
				EAC5F2671E7B639B00C087B8 /* OPTLYVariable.h in Headers */,
				EAC5F2681E7B639B00C087B8 /* OPTLYVariation.h in Headers */,
				EAC5F2691E7B639B00C087B8 /* OPTLYVariationVariable.h in Headers */,
				EAC5F26C1E7B63FF00C087B8 /* OPTLYDatafileManager.h in Headers */,
				EAC5F26D1E7B63FF00C087B8 /* OPTLYDatafileManagerBuilder.h in Headers */,
				EAC5F2701E7B642900C087B8 /* OPTLYEventDispatcher.h in Headers */,
				EAC5F2711E7B642900C087B8 /* OPTLYEventDispatcherBuilder.h in Headers */,
				EAC5F27E1E7B647500C087B8 /* OptimizelySDKShared.h in Headers */,
				EAC5F27F1E7B647500C087B8 /* OPTLYClient.h in Headers */,
				EAC5F2801E7B647500C087B8 /* OPTLYClientBuilder.h in Headers */,
				EAC5F2811E7B647500C087B8 /* OPTLYDatabase.h in Headers */,
				EAC5F2821E7B647500C087B8 /* OPTLYDatabaseEntity.h in Headers */,
				EAC5F2831E7B647500C087B8 /* OPTLYDatafileManagerBasic.h in Headers */,
				EAC5F2841E7B647500C087B8 /* OPTLYDataStore.h in Headers */,
				EAC5F2861E7B647500C087B8 /* OPTLYFileManager.h in Headers */,
				EAC5F2871E7B647500C087B8 /* OPTLYManagerBase.h in Headers */,
				EAC5F2881E7B647500C087B8 /* OPTLYManagerBasic.h in Headers */,
				EAC5F2891E7B647500C087B8 /* OPTLYManagerBuilder.h in Headers */,
				EAC5F28D1E7B64A800C087B8 /* OptimizelySDKUserProfile.h in Headers */,
				EAC5F28E1E7B64A800C087B8 /* OPTLYUserProfile.h in Headers */,
				EAC5F28F1E7B64A800C087B8 /* OPTLYUserProfileBuilder.h in Headers */,
				EAC5F2911E7B64F000C087B8 /* OptimizelySDKiOS.h in Headers */,
				EAC5F2931E7B651700C087B8 /* OptimizelySDKCore.h in Headers */,
				EAC5F2951E7B653A00C087B8 /* OptimizelySDKDatafileManager.h in Headers */,
				EAC5F2971E7B655F00C087B8 /* OptimizelySDKEventDispatcher.h in Headers */,
				EAC5F29D1E7B661E00C087B8 /* murmur3.h in Headers */,
				EAC5F25F1E7B639B00C087B8 /* OPTLYMacros.h in Headers */,
				EAC5F2851E7B647500C087B8 /* OPTLYEventDataStore.h in Headers */,
			);
			runOnlyForDeploymentPostprocessing = 0;
		};
/* End PBXHeadersBuildPhase section */

/* Begin PBXNativeTarget section */
		EAC5F0F41E7B5D6500C087B8 /* OptimizelySDK */ = {
			isa = PBXNativeTarget;
			buildConfigurationList = EAC5F1091E7B5D6500C087B8 /* Build configuration list for PBXNativeTarget "OptimizelySDK" */;
			buildPhases = (
				BC1D54230618ABECE4799EC2 /* [CP] Check Pods Manifest.lock */,
				EAC5F0F01E7B5D6500C087B8 /* Sources */,
				EAC5F0F11E7B5D6500C087B8 /* Frameworks */,
				EAC5F0F21E7B5D6500C087B8 /* Headers */,
				EAC5F0F31E7B5D6500C087B8 /* Resources */,
				86F20EA5D1EC21D7BD7A27D9 /* [CP] Copy Pods Resources */,
			);
			buildRules = (
			);
			dependencies = (
			);
			name = OptimizelySDK;
			productName = OptimizelySDK;
			productReference = EAC5F0F51E7B5D6500C087B8 /* OptimizelySDK.framework */;
			productType = "com.apple.product-type.framework";
		};
		EAC5F0FD1E7B5D6500C087B8 /* OptimizelySDKTests */ = {
			isa = PBXNativeTarget;
			buildConfigurationList = EAC5F10C1E7B5D6500C087B8 /* Build configuration list for PBXNativeTarget "OptimizelySDKTests" */;
			buildPhases = (
				EAC5F0FA1E7B5D6500C087B8 /* Sources */,
				EAC5F0FB1E7B5D6500C087B8 /* Frameworks */,
				EAC5F0FC1E7B5D6500C087B8 /* Resources */,
			);
			buildRules = (
			);
			dependencies = (
				EAC5F1011E7B5D6500C087B8 /* PBXTargetDependency */,
			);
			name = OptimizelySDKTests;
			productName = OptimizelySDKTests;
			productReference = EAC5F0FE1E7B5D6500C087B8 /* OptimizelySDKTests.xctest */;
			productType = "com.apple.product-type.bundle.unit-test";
		};
/* End PBXNativeTarget section */

/* Begin PBXProject section */
		EAC5F0EC1E7B5D6500C087B8 /* Project object */ = {
			isa = PBXProject;
			attributes = {
				LastUpgradeCheck = 0820;
				ORGANIZATIONNAME = Optimizely;
				TargetAttributes = {
					EAC5F0F41E7B5D6500C087B8 = {
						CreatedOnToolsVersion = 8.2.1;
						DevelopmentTeam = BDMC9C2X5M;
						ProvisioningStyle = Automatic;
					};
					EAC5F0FD1E7B5D6500C087B8 = {
						CreatedOnToolsVersion = 8.2.1;
						DevelopmentTeam = BDMC9C2X5M;
						ProvisioningStyle = Automatic;
					};
				};
			};
			buildConfigurationList = EAC5F0EF1E7B5D6500C087B8 /* Build configuration list for PBXProject "OptimizelySDK" */;
			compatibilityVersion = "Xcode 3.2";
			developmentRegion = English;
			hasScannedForEncodings = 0;
			knownRegions = (
				en,
			);
			mainGroup = EAC5F0EB1E7B5D6500C087B8;
			productRefGroup = EAC5F0F61E7B5D6500C087B8 /* Products */;
			projectDirPath = "";
			projectRoot = "";
			targets = (
				EAC5F0F41E7B5D6500C087B8 /* OptimizelySDK */,
				EAC5F0FD1E7B5D6500C087B8 /* OptimizelySDKTests */,
			);
		};
/* End PBXProject section */

/* Begin PBXResourcesBuildPhase section */
		EAC5F0F31E7B5D6500C087B8 /* Resources */ = {
			isa = PBXResourcesBuildPhase;
			buildActionMask = 2147483647;
			files = (
			);
			runOnlyForDeploymentPostprocessing = 0;
		};
		EAC5F0FC1E7B5D6500C087B8 /* Resources */ = {
			isa = PBXResourcesBuildPhase;
			buildActionMask = 2147483647;
			files = (
			);
			runOnlyForDeploymentPostprocessing = 0;
		};
/* End PBXResourcesBuildPhase section */

/* Begin PBXShellScriptBuildPhase section */
		86F20EA5D1EC21D7BD7A27D9 /* [CP] Copy Pods Resources */ = {
			isa = PBXShellScriptBuildPhase;
			buildActionMask = 2147483647;
			files = (
			);
			inputPaths = (
			);
			name = "[CP] Copy Pods Resources";
			outputPaths = (
			);
			runOnlyForDeploymentPostprocessing = 0;
			shellPath = /bin/sh;
			shellScript = "\"${SRCROOT}/../Pods/Target Support Files/Pods-OptimizelySDK/Pods-OptimizelySDK-resources.sh\"\n";
			showEnvVarsInLog = 0;
		};
		BC1D54230618ABECE4799EC2 /* [CP] Check Pods Manifest.lock */ = {
			isa = PBXShellScriptBuildPhase;
			buildActionMask = 2147483647;
			files = (
			);
			inputPaths = (
			);
			name = "[CP] Check Pods Manifest.lock";
			outputPaths = (
			);
			runOnlyForDeploymentPostprocessing = 0;
			shellPath = /bin/sh;
			shellScript = "diff \"${PODS_ROOT}/../Podfile.lock\" \"${PODS_ROOT}/Manifest.lock\" > /dev/null\nif [ $? != 0 ] ; then\n    # print error to STDERR\n    echo \"error: The sandbox is not in sync with the Podfile.lock. Run 'pod install' or update your CocoaPods installation.\" >&2\n    exit 1\nfi\n";
			showEnvVarsInLog = 0;
		};
/* End PBXShellScriptBuildPhase section */

/* Begin PBXSourcesBuildPhase section */
		EAC5F0F01E7B5D6500C087B8 /* Sources */ = {
			isa = PBXSourcesBuildPhase;
			buildActionMask = 2147483647;
			files = (
				EAC5F29A1E7B65EA00C087B8 /* murmur3.c in Sources */,
				EAC5F1AB1E7B623200C087B8 /* OPTLYManager.m in Sources */,
				EAC5F19F1E7B61F200C087B8 /* OPTLYClient.m in Sources */,
				EAC5F1A01E7B61F200C087B8 /* OPTLYClientBuilder.m in Sources */,
				EAC5F1A11E7B61F200C087B8 /* OPTLYDatabase.m in Sources */,
				EAC5F1A21E7B61F200C087B8 /* OPTLYDatabaseEntity.m in Sources */,
				EAC5F1A31E7B61F200C087B8 /* OPTLYDatafileManagerBasic.m in Sources */,
				EAC5F1A41E7B61F200C087B8 /* OPTLYDataStore.m in Sources */,
				EAC5F1A51E7B61F200C087B8 /* OPTLYEventDataStore.m in Sources */,
				EAC5F1A61E7B61F200C087B8 /* OPTLYFileManager.m in Sources */,
				EAC5F1A71E7B61F200C087B8 /* OPTLYManagerBase.m in Sources */,
				EAC5F1A81E7B61F200C087B8 /* OPTLYManagerBasic.m in Sources */,
				EAC5F1A91E7B61F200C087B8 /* OPTLYManagerBuilder.m in Sources */,
				EAC5F1911E7B61AE00C087B8 /* OPTLYUserProfile.m in Sources */,
				EAC5F1921E7B61AE00C087B8 /* OPTLYUserProfileBuilder.m in Sources */,
				EAC5F18C1E7B616A00C087B8 /* OPTLYEventDispatcher.m in Sources */,
				EAC5F18D1E7B616A00C087B8 /* OPTLYEventDispatcherBuilder.m in Sources */,
				EAC5F1851E7B60CC00C087B8 /* OPTLYDatafileManager.m in Sources */,
				EAC5F1861E7B60CC00C087B8 /* OPTLYDatafileManagerBuilder.m in Sources */,
				EAC5F15A1E7B604C00C087B8 /* Optimizely.m in Sources */,
				EAC5F15B1E7B604C00C087B8 /* OPTLYAttribute.m in Sources */,
				EAC5F15C1E7B604C00C087B8 /* OPTLYAudience.m in Sources */,
				EAC5F15D1E7B604C00C087B8 /* OPTLYBaseCondition.m in Sources */,
				EAC5F15E1E7B604C00C087B8 /* OPTLYBucketer.m in Sources */,
				EAC5F15F1E7B604C00C087B8 /* OPTLYBuilder.m in Sources */,
				EAC5F1601E7B604C00C087B8 /* OPTLYCondition.m in Sources */,
				EAC5F1611E7B604C00C087B8 /* OPTLYDatafileKeys.m in Sources */,
				EAC5F1621E7B604C00C087B8 /* OPTLYDecisionEventTicket.m in Sources */,
				EAC5F1631E7B604C00C087B8 /* OPTLYErrorHandler.m in Sources */,
				EAC5F1641E7B604C00C087B8 /* OPTLYErrorHandlerMessages.m in Sources */,
				EAC5F1651E7B604C00C087B8 /* OPTLYEvent.m in Sources */,
				EAC5F1661E7B604C00C087B8 /* OPTLYEventAudience.m in Sources */,
				EAC5F1671E7B604C00C087B8 /* OPTLYEventBuilder.m in Sources */,
				EAC5F1681E7B604C00C087B8 /* OPTLYEventDecision.m in Sources */,
				EAC5F1691E7B604C00C087B8 /* OPTLYEventDecisionTicket.m in Sources */,
				EAC5F16A1E7B604C00C087B8 /* OPTLYEventDispatcherBasic.m in Sources */,
				EAC5F16B1E7B604C00C087B8 /* OPTLYEventFeature.m in Sources */,
				EAC5F16C1E7B604C00C087B8 /* OPTLYEventHeader.m in Sources */,
				EAC5F16D1E7B604C00C087B8 /* OPTLYEventLayerState.m in Sources */,
				EAC5F16E1E7B604C00C087B8 /* OPTLYEventMetric.m in Sources */,
				EAC5F16F1E7B604C00C087B8 /* OPTLYEventParameterKeys.m in Sources */,
				EAC5F1701E7B604C00C087B8 /* OPTLYEventRelatedEvent.m in Sources */,
				EAC5F1711E7B604C00C087B8 /* OPTLYEventTicket.m in Sources */,
				EAC5F1721E7B604C00C087B8 /* OPTLYEventView.m in Sources */,
				EAC5F1731E7B604C00C087B8 /* OPTLYExperiment.m in Sources */,
				EAC5F1741E7B604C00C087B8 /* OPTLYGroup.m in Sources */,
				EAC5F1751E7B604C00C087B8 /* OPTLYHTTPRequestManager.m in Sources */,
				EAC5F1761E7B604C00C087B8 /* OPTLYLog.m in Sources */,
				EAC5F1771E7B604C00C087B8 /* OPTLYLogger.m in Sources */,
				EAC5F1781E7B604C00C087B8 /* OPTLYLoggerMessages.m in Sources */,
				EAC5F1791E7B604C00C087B8 /* OPTLYNetworkService.m in Sources */,
				EAC5F17A1E7B604C00C087B8 /* OPTLYProjectConfig.m in Sources */,
				EAC5F17B1E7B604C00C087B8 /* OPTLYProjectConfigBuilder.m in Sources */,
				EAC5F17C1E7B604C00C087B8 /* OPTLYQueue.m in Sources */,
				EAC5F17D1E7B604C00C087B8 /* OPTLYTrafficAllocation.m in Sources */,
				EAC5F17E1E7B604C00C087B8 /* OPTLYUserProfileBasic.m in Sources */,
				EAC5F17F1E7B604C00C087B8 /* OPTLYValidator.m in Sources */,
				EAC5F1801E7B604C00C087B8 /* OPTLYVariable.m in Sources */,
				EAC5F1811E7B604C00C087B8 /* OPTLYVariation.m in Sources */,
				EAC5F1821E7B604C00C087B8 /* OPTLYVariationVariable.m in Sources */,
			);
			runOnlyForDeploymentPostprocessing = 0;
		};
		EAC5F0FA1E7B5D6500C087B8 /* Sources */ = {
			isa = PBXSourcesBuildPhase;
			buildActionMask = 2147483647;
			files = (
				EAC5F1041E7B5D6500C087B8 /* OptimizelySDKTests.m in Sources */,
			);
			runOnlyForDeploymentPostprocessing = 0;
		};
/* End PBXSourcesBuildPhase section */

/* Begin PBXTargetDependency section */
		EAC5F1011E7B5D6500C087B8 /* PBXTargetDependency */ = {
			isa = PBXTargetDependency;
			target = EAC5F0F41E7B5D6500C087B8 /* OptimizelySDK */;
			targetProxy = EAC5F1001E7B5D6500C087B8 /* PBXContainerItemProxy */;
		};
/* End PBXTargetDependency section */

/* Begin XCBuildConfiguration section */
		EAC5F1071E7B5D6500C087B8 /* Debug */ = {
			isa = XCBuildConfiguration;
			buildSettings = {
				ALWAYS_SEARCH_USER_PATHS = NO;
				CLANG_ANALYZER_NONNULL = YES;
				CLANG_CXX_LANGUAGE_STANDARD = "gnu++0x";
				CLANG_CXX_LIBRARY = "libc++";
				CLANG_ENABLE_MODULES = YES;
				CLANG_ENABLE_OBJC_ARC = YES;
				CLANG_WARN_BOOL_CONVERSION = YES;
				CLANG_WARN_CONSTANT_CONVERSION = YES;
				CLANG_WARN_DIRECT_OBJC_ISA_USAGE = YES_ERROR;
				CLANG_WARN_DOCUMENTATION_COMMENTS = YES;
				CLANG_WARN_EMPTY_BODY = YES;
				CLANG_WARN_ENUM_CONVERSION = YES;
				CLANG_WARN_INFINITE_RECURSION = YES;
				CLANG_WARN_INT_CONVERSION = YES;
				CLANG_WARN_OBJC_ROOT_CLASS = YES_ERROR;
				CLANG_WARN_SUSPICIOUS_MOVE = YES;
				CLANG_WARN_UNREACHABLE_CODE = YES;
				CLANG_WARN__DUPLICATE_METHOD_MATCH = YES;
				"CODE_SIGN_IDENTITY[sdk=iphoneos*]" = "iPhone Developer";
				COPY_PHASE_STRIP = NO;
				CURRENT_PROJECT_VERSION = 1;
				DEBUG_INFORMATION_FORMAT = dwarf;
				ENABLE_STRICT_OBJC_MSGSEND = YES;
				ENABLE_TESTABILITY = YES;
				GCC_C_LANGUAGE_STANDARD = gnu99;
				GCC_DYNAMIC_NO_PIC = NO;
				GCC_NO_COMMON_BLOCKS = YES;
				GCC_OPTIMIZATION_LEVEL = 0;
				GCC_PREPROCESSOR_DEFINITIONS = "$(inherited)";
				GCC_WARN_64_TO_32_BIT_CONVERSION = YES;
				GCC_WARN_ABOUT_RETURN_TYPE = YES_ERROR;
				GCC_WARN_UNDECLARED_SELECTOR = YES;
				GCC_WARN_UNINITIALIZED_AUTOS = YES_AGGRESSIVE;
				GCC_WARN_UNUSED_FUNCTION = YES;
				GCC_WARN_UNUSED_VARIABLE = YES;
				INFOPLIST_FILE = "OptimizelySDK/OptimizelySDK-Info.plist";
				IPHONEOS_DEPLOYMENT_TARGET = 10.2;
				MTL_ENABLE_DEBUG_INFO = YES;
				ONLY_ACTIVE_ARCH = YES;
				OPTIMIZELY_SDK_IOS_UNIVERSAL_SUFFIX = "-debug";
				OPTIMIZELY_SDK_IOS_UNIVERSAL_VERSION = "$(OPTIMIZELY_SDK_IOS_UNIVERSAL_VERSION_MAJOR).$(OPTIMIZELY_SDK_IOS_UNIVERSAL_VERSION_MINOR).$(OPTIMIZELY_SDK_IOS_UNIVERSAL_VERSION_PATCH)$(OPTIMIZELY_SDK_IOS_UNIVERSAL_VERSION_SUFFIX)";
				OPTIMIZELY_SDK_IOS_UNIVERSAL_VERSION_MAJOR = 1;
				OPTIMIZELY_SDK_IOS_UNIVERSAL_VERSION_MINOR = 0;
				OPTIMIZELY_SDK_IOS_UNIVERSAL_VERSION_PATCH = 1;
				SDKROOT = iphoneos;
				TARGETED_DEVICE_FAMILY = "1,2";
				VERSIONING_SYSTEM = "apple-generic";
				VERSION_INFO_PREFIX = "";
			};
			name = Debug;
		};
		EAC5F1081E7B5D6500C087B8 /* Release */ = {
			isa = XCBuildConfiguration;
			buildSettings = {
				ALWAYS_SEARCH_USER_PATHS = NO;
				CLANG_ANALYZER_NONNULL = YES;
				CLANG_CXX_LANGUAGE_STANDARD = "gnu++0x";
				CLANG_CXX_LIBRARY = "libc++";
				CLANG_ENABLE_MODULES = YES;
				CLANG_ENABLE_OBJC_ARC = YES;
				CLANG_WARN_BOOL_CONVERSION = YES;
				CLANG_WARN_CONSTANT_CONVERSION = YES;
				CLANG_WARN_DIRECT_OBJC_ISA_USAGE = YES_ERROR;
				CLANG_WARN_DOCUMENTATION_COMMENTS = YES;
				CLANG_WARN_EMPTY_BODY = YES;
				CLANG_WARN_ENUM_CONVERSION = YES;
				CLANG_WARN_INFINITE_RECURSION = YES;
				CLANG_WARN_INT_CONVERSION = YES;
				CLANG_WARN_OBJC_ROOT_CLASS = YES_ERROR;
				CLANG_WARN_SUSPICIOUS_MOVE = YES;
				CLANG_WARN_UNREACHABLE_CODE = YES;
				CLANG_WARN__DUPLICATE_METHOD_MATCH = YES;
				"CODE_SIGN_IDENTITY[sdk=iphoneos*]" = "iPhone Developer";
				COPY_PHASE_STRIP = NO;
				CURRENT_PROJECT_VERSION = 1;
				DEBUG_INFORMATION_FORMAT = "dwarf-with-dsym";
				ENABLE_NS_ASSERTIONS = NO;
				ENABLE_STRICT_OBJC_MSGSEND = YES;
				GCC_C_LANGUAGE_STANDARD = gnu99;
				GCC_NO_COMMON_BLOCKS = YES;
				GCC_PREPROCESSOR_DEFINITIONS = "$(inherited)";
				GCC_WARN_64_TO_32_BIT_CONVERSION = YES;
				GCC_WARN_ABOUT_RETURN_TYPE = YES_ERROR;
				GCC_WARN_UNDECLARED_SELECTOR = YES;
				GCC_WARN_UNINITIALIZED_AUTOS = YES_AGGRESSIVE;
				GCC_WARN_UNUSED_FUNCTION = YES;
				GCC_WARN_UNUSED_VARIABLE = YES;
				INFOPLIST_FILE = "OptimizelySDK/OptimizelySDK-Info.plist";
				IPHONEOS_DEPLOYMENT_TARGET = 10.2;
				MTL_ENABLE_DEBUG_INFO = NO;
				OPTIMIZELY_SDK_IOS_UNIVERSAL_SUFFIX = "";
				OPTIMIZELY_SDK_IOS_UNIVERSAL_VERSION = "$(OPTIMIZELY_SDK_IOS_UNIVERSAL_VERSION_MAJOR).$(OPTIMIZELY_SDK_IOS_UNIVERSAL_VERSION_MINOR).$(OPTIMIZELY_SDK_IOS_UNIVERSAL_VERSION_PATCH)$(OPTIMIZELY_SDK_IOS_UNIVERSAL_VERSION_SUFFIX)";
				OPTIMIZELY_SDK_IOS_UNIVERSAL_VERSION_MAJOR = 1;
				OPTIMIZELY_SDK_IOS_UNIVERSAL_VERSION_MINOR = 0;
				OPTIMIZELY_SDK_IOS_UNIVERSAL_VERSION_PATCH = 1;
				SDKROOT = iphoneos;
				TARGETED_DEVICE_FAMILY = "1,2";
				VALIDATE_PRODUCT = YES;
				VERSIONING_SYSTEM = "apple-generic";
				VERSION_INFO_PREFIX = "";
			};
			name = Release;
		};
		EAC5F10A1E7B5D6500C087B8 /* Debug */ = {
			isa = XCBuildConfiguration;
			baseConfigurationReference = 412FA9DD24848EBF6788BC06 /* Pods-OptimizelySDK.debug.xcconfig */;
			buildSettings = {
				CODE_SIGN_IDENTITY = "";
				DEFINES_MODULE = YES;
				DEVELOPMENT_TEAM = BDMC9C2X5M;
				DYLIB_COMPATIBILITY_VERSION = 1;
				DYLIB_CURRENT_VERSION = 1;
				DYLIB_INSTALL_NAME_BASE = "@rpath";
				GCC_PREPROCESSOR_DEFINITIONS = (
					"UNIVERSAL=1",
					"DEBUG=1",
					"$(inherited)",
				);
				INFOPLIST_FILE = "OptimizelySDK/OptimizelySDK-Info.plist";
				INSTALL_PATH = "$(LOCAL_LIBRARY_DIR)/Frameworks";
				LD_RUNPATH_SEARCH_PATHS = "$(inherited) @executable_path/Frameworks @loader_path/Frameworks";
				PRODUCT_BUNDLE_IDENTIFIER = Optimizely.OptimizelySDK;
				PRODUCT_NAME = "$(TARGET_NAME)";
				SKIP_INSTALL = YES;
			};
			name = Debug;
		};
		EAC5F10B1E7B5D6500C087B8 /* Release */ = {
			isa = XCBuildConfiguration;
			baseConfigurationReference = 1AA34CE852DF26176128A126 /* Pods-OptimizelySDK.release.xcconfig */;
			buildSettings = {
				CODE_SIGN_IDENTITY = "";
				DEFINES_MODULE = YES;
				DEVELOPMENT_TEAM = BDMC9C2X5M;
				DYLIB_COMPATIBILITY_VERSION = 1;
				DYLIB_CURRENT_VERSION = 1;
				DYLIB_INSTALL_NAME_BASE = "@rpath";
				GCC_PREPROCESSOR_DEFINITIONS = (
					"UNIVERSAL=1",
					"$(inherited)",
				);
				INFOPLIST_FILE = "OptimizelySDK/OptimizelySDK-Info.plist";
				INSTALL_PATH = "$(LOCAL_LIBRARY_DIR)/Frameworks";
				LD_RUNPATH_SEARCH_PATHS = "$(inherited) @executable_path/Frameworks @loader_path/Frameworks";
				PRODUCT_BUNDLE_IDENTIFIER = Optimizely.OptimizelySDK;
				PRODUCT_NAME = "$(TARGET_NAME)";
				SKIP_INSTALL = YES;
			};
			name = Release;
		};
		EAC5F10D1E7B5D6500C087B8 /* Debug */ = {
			isa = XCBuildConfiguration;
			buildSettings = {
				DEVELOPMENT_TEAM = BDMC9C2X5M;
				INFOPLIST_FILE = OptimizelySDKTests/Info.plist;
				LD_RUNPATH_SEARCH_PATHS = "$(inherited) @executable_path/Frameworks @loader_path/Frameworks";
				PRODUCT_BUNDLE_IDENTIFIER = Optimizely.OptimizelySDKTests;
				PRODUCT_NAME = "$(TARGET_NAME)";
			};
			name = Debug;
		};
		EAC5F10E1E7B5D6500C087B8 /* Release */ = {
			isa = XCBuildConfiguration;
			buildSettings = {
				DEVELOPMENT_TEAM = BDMC9C2X5M;
				INFOPLIST_FILE = OptimizelySDKTests/Info.plist;
				LD_RUNPATH_SEARCH_PATHS = "$(inherited) @executable_path/Frameworks @loader_path/Frameworks";
				PRODUCT_BUNDLE_IDENTIFIER = Optimizely.OptimizelySDKTests;
				PRODUCT_NAME = "$(TARGET_NAME)";
			};
			name = Release;
		};
		EAC5F33B1E7B7A9800C087B8 /* RC */ = {
			isa = XCBuildConfiguration;
			buildSettings = {
				ALWAYS_SEARCH_USER_PATHS = NO;
				CLANG_ANALYZER_NONNULL = YES;
				CLANG_CXX_LANGUAGE_STANDARD = "gnu++0x";
				CLANG_CXX_LIBRARY = "libc++";
				CLANG_ENABLE_MODULES = YES;
				CLANG_ENABLE_OBJC_ARC = YES;
				CLANG_WARN_BOOL_CONVERSION = YES;
				CLANG_WARN_CONSTANT_CONVERSION = YES;
				CLANG_WARN_DIRECT_OBJC_ISA_USAGE = YES_ERROR;
				CLANG_WARN_DOCUMENTATION_COMMENTS = YES;
				CLANG_WARN_EMPTY_BODY = YES;
				CLANG_WARN_ENUM_CONVERSION = YES;
				CLANG_WARN_INFINITE_RECURSION = YES;
				CLANG_WARN_INT_CONVERSION = YES;
				CLANG_WARN_OBJC_ROOT_CLASS = YES_ERROR;
				CLANG_WARN_SUSPICIOUS_MOVE = YES;
				CLANG_WARN_UNREACHABLE_CODE = YES;
				CLANG_WARN__DUPLICATE_METHOD_MATCH = YES;
				"CODE_SIGN_IDENTITY[sdk=iphoneos*]" = "iPhone Developer";
				COPY_PHASE_STRIP = NO;
				CURRENT_PROJECT_VERSION = 1;
				DEBUG_INFORMATION_FORMAT = dwarf;
				ENABLE_STRICT_OBJC_MSGSEND = YES;
				ENABLE_TESTABILITY = YES;
				GCC_C_LANGUAGE_STANDARD = gnu99;
				GCC_DYNAMIC_NO_PIC = NO;
				GCC_NO_COMMON_BLOCKS = YES;
				GCC_OPTIMIZATION_LEVEL = 0;
				GCC_PREPROCESSOR_DEFINITIONS = "$(inherited)";
				GCC_WARN_64_TO_32_BIT_CONVERSION = YES;
				GCC_WARN_ABOUT_RETURN_TYPE = YES_ERROR;
				GCC_WARN_UNDECLARED_SELECTOR = YES;
				GCC_WARN_UNINITIALIZED_AUTOS = YES_AGGRESSIVE;
				GCC_WARN_UNUSED_FUNCTION = YES;
				GCC_WARN_UNUSED_VARIABLE = YES;
				INFOPLIST_FILE = "OptimizelySDK/OptimizelySDK-Info.plist";
				IPHONEOS_DEPLOYMENT_TARGET = 10.2;
				MTL_ENABLE_DEBUG_INFO = YES;
				ONLY_ACTIVE_ARCH = YES;
				OPTIMIZELY_SDK_IOS_UNIVERSAL_SUFFIX = "-rc";
				OPTIMIZELY_SDK_IOS_UNIVERSAL_VERSION = "$(OPTIMIZELY_SDK_IOS_UNIVERSAL_VERSION_MAJOR).$(OPTIMIZELY_SDK_IOS_UNIVERSAL_VERSION_MINOR).$(OPTIMIZELY_SDK_IOS_UNIVERSAL_VERSION_PATCH)$(OPTIMIZELY_SDK_IOS_UNIVERSAL_VERSION_SUFFIX)";
				OPTIMIZELY_SDK_IOS_UNIVERSAL_VERSION_MAJOR = 1;
				OPTIMIZELY_SDK_IOS_UNIVERSAL_VERSION_MINOR = 0;
				OPTIMIZELY_SDK_IOS_UNIVERSAL_VERSION_PATCH = 1;
				SDKROOT = iphoneos;
				TARGETED_DEVICE_FAMILY = "1,2";
				VERSIONING_SYSTEM = "apple-generic";
				VERSION_INFO_PREFIX = "";
			};
			name = RC;
		};
		EAC5F33C1E7B7A9800C087B8 /* RC */ = {
			isa = XCBuildConfiguration;
			baseConfigurationReference = 412FA9DD24848EBF6788BC06 /* Pods-OptimizelySDK.debug.xcconfig */;
			buildSettings = {
				CODE_SIGN_IDENTITY = "";
				DEFINES_MODULE = YES;
				DEVELOPMENT_TEAM = BDMC9C2X5M;
				DYLIB_COMPATIBILITY_VERSION = 1;
				DYLIB_CURRENT_VERSION = 1;
				DYLIB_INSTALL_NAME_BASE = "@rpath";
				GCC_PREPROCESSOR_DEFINITIONS = (
					"UNIVERSAL=1",
					"DEBUG=1",
					"$(inherited)",
				);
				INFOPLIST_FILE = "OptimizelySDK/OptimizelySDK-Info.plist";
				INSTALL_PATH = "$(LOCAL_LIBRARY_DIR)/Frameworks";
				LD_RUNPATH_SEARCH_PATHS = "$(inherited) @executable_path/Frameworks @loader_path/Frameworks";
				PRODUCT_BUNDLE_IDENTIFIER = Optimizely.OptimizelySDK;
				PRODUCT_NAME = "$(TARGET_NAME)";
				SKIP_INSTALL = YES;
			};
			name = RC;
		};
		EAC5F33D1E7B7A9800C087B8 /* RC */ = {
			isa = XCBuildConfiguration;
			buildSettings = {
				DEVELOPMENT_TEAM = BDMC9C2X5M;
				INFOPLIST_FILE = OptimizelySDKTests/Info.plist;
				LD_RUNPATH_SEARCH_PATHS = "$(inherited) @executable_path/Frameworks @loader_path/Frameworks";
				PRODUCT_BUNDLE_IDENTIFIER = Optimizely.OptimizelySDKTests;
				PRODUCT_NAME = "$(TARGET_NAME)";
			};
			name = RC;
		};
		EAC5F33E1E7B7AA700C087B8 /* Beta */ = {
			isa = XCBuildConfiguration;
			buildSettings = {
				ALWAYS_SEARCH_USER_PATHS = NO;
				CLANG_ANALYZER_NONNULL = YES;
				CLANG_CXX_LANGUAGE_STANDARD = "gnu++0x";
				CLANG_CXX_LIBRARY = "libc++";
				CLANG_ENABLE_MODULES = YES;
				CLANG_ENABLE_OBJC_ARC = YES;
				CLANG_WARN_BOOL_CONVERSION = YES;
				CLANG_WARN_CONSTANT_CONVERSION = YES;
				CLANG_WARN_DIRECT_OBJC_ISA_USAGE = YES_ERROR;
				CLANG_WARN_DOCUMENTATION_COMMENTS = YES;
				CLANG_WARN_EMPTY_BODY = YES;
				CLANG_WARN_ENUM_CONVERSION = YES;
				CLANG_WARN_INFINITE_RECURSION = YES;
				CLANG_WARN_INT_CONVERSION = YES;
				CLANG_WARN_OBJC_ROOT_CLASS = YES_ERROR;
				CLANG_WARN_SUSPICIOUS_MOVE = YES;
				CLANG_WARN_UNREACHABLE_CODE = YES;
				CLANG_WARN__DUPLICATE_METHOD_MATCH = YES;
				"CODE_SIGN_IDENTITY[sdk=iphoneos*]" = "iPhone Developer";
				COPY_PHASE_STRIP = NO;
				CURRENT_PROJECT_VERSION = 1;
				DEBUG_INFORMATION_FORMAT = dwarf;
				ENABLE_STRICT_OBJC_MSGSEND = YES;
				ENABLE_TESTABILITY = YES;
				GCC_C_LANGUAGE_STANDARD = gnu99;
				GCC_DYNAMIC_NO_PIC = NO;
				GCC_NO_COMMON_BLOCKS = YES;
				GCC_OPTIMIZATION_LEVEL = 0;
				GCC_PREPROCESSOR_DEFINITIONS = "$(inherited)";
				GCC_WARN_64_TO_32_BIT_CONVERSION = YES;
				GCC_WARN_ABOUT_RETURN_TYPE = YES_ERROR;
				GCC_WARN_UNDECLARED_SELECTOR = YES;
				GCC_WARN_UNINITIALIZED_AUTOS = YES_AGGRESSIVE;
				GCC_WARN_UNUSED_FUNCTION = YES;
				GCC_WARN_UNUSED_VARIABLE = YES;
				INFOPLIST_FILE = "OptimizelySDK/OptimizelySDK-Info.plist";
				IPHONEOS_DEPLOYMENT_TARGET = 10.2;
				MTL_ENABLE_DEBUG_INFO = YES;
				ONLY_ACTIVE_ARCH = YES;
				OPTIMIZELY_SDK_IOS_UNIVERSAL_SUFFIX = "-beta";
				OPTIMIZELY_SDK_IOS_UNIVERSAL_VERSION = "$(OPTIMIZELY_SDK_IOS_UNIVERSAL_VERSION_MAJOR).$(OPTIMIZELY_SDK_IOS_UNIVERSAL_VERSION_MINOR).$(OPTIMIZELY_SDK_IOS_UNIVERSAL_VERSION_PATCH)$(OPTIMIZELY_SDK_IOS_UNIVERSAL_VERSION_SUFFIX)";
				OPTIMIZELY_SDK_IOS_UNIVERSAL_VERSION_MAJOR = 1;
				OPTIMIZELY_SDK_IOS_UNIVERSAL_VERSION_MINOR = 0;
				OPTIMIZELY_SDK_IOS_UNIVERSAL_VERSION_PATCH = 1;
				SDKROOT = iphoneos;
				TARGETED_DEVICE_FAMILY = "1,2";
				VERSIONING_SYSTEM = "apple-generic";
				VERSION_INFO_PREFIX = "";
			};
			name = Beta;
		};
		EAC5F33F1E7B7AA700C087B8 /* Beta */ = {
			isa = XCBuildConfiguration;
			baseConfigurationReference = 412FA9DD24848EBF6788BC06 /* Pods-OptimizelySDK.debug.xcconfig */;
			buildSettings = {
				CODE_SIGN_IDENTITY = "";
				DEFINES_MODULE = YES;
				DEVELOPMENT_TEAM = BDMC9C2X5M;
				DYLIB_COMPATIBILITY_VERSION = 1;
				DYLIB_CURRENT_VERSION = 1;
				DYLIB_INSTALL_NAME_BASE = "@rpath";
				GCC_PREPROCESSOR_DEFINITIONS = (
					"UNIVERSAL=1",
					"DEBUG=1",
					"$(inherited)",
				);
				INFOPLIST_FILE = "OptimizelySDK/OptimizelySDK-Info.plist";
				INSTALL_PATH = "$(LOCAL_LIBRARY_DIR)/Frameworks";
				LD_RUNPATH_SEARCH_PATHS = "$(inherited) @executable_path/Frameworks @loader_path/Frameworks";
				PRODUCT_BUNDLE_IDENTIFIER = Optimizely.OptimizelySDK;
				PRODUCT_NAME = "$(TARGET_NAME)";
				SKIP_INSTALL = YES;
			};
			name = Beta;
		};
		EAC5F3401E7B7AA700C087B8 /* Beta */ = {
			isa = XCBuildConfiguration;
			buildSettings = {
				DEVELOPMENT_TEAM = BDMC9C2X5M;
				INFOPLIST_FILE = OptimizelySDKTests/Info.plist;
				LD_RUNPATH_SEARCH_PATHS = "$(inherited) @executable_path/Frameworks @loader_path/Frameworks";
				PRODUCT_BUNDLE_IDENTIFIER = Optimizely.OptimizelySDKTests;
				PRODUCT_NAME = "$(TARGET_NAME)";
			};
			name = Beta;
		};
/* End XCBuildConfiguration section */

/* Begin XCConfigurationList section */
		EAC5F0EF1E7B5D6500C087B8 /* Build configuration list for PBXProject "OptimizelySDK" */ = {
			isa = XCConfigurationList;
			buildConfigurations = (
				EAC5F1071E7B5D6500C087B8 /* Debug */,
				EAC5F33E1E7B7AA700C087B8 /* Beta */,
				EAC5F33B1E7B7A9800C087B8 /* RC */,
				EAC5F1081E7B5D6500C087B8 /* Release */,
			);
			defaultConfigurationIsVisible = 0;
			defaultConfigurationName = Release;
		};
		EAC5F1091E7B5D6500C087B8 /* Build configuration list for PBXNativeTarget "OptimizelySDK" */ = {
			isa = XCConfigurationList;
			buildConfigurations = (
				EAC5F10A1E7B5D6500C087B8 /* Debug */,
				EAC5F33F1E7B7AA700C087B8 /* Beta */,
				EAC5F33C1E7B7A9800C087B8 /* RC */,
				EAC5F10B1E7B5D6500C087B8 /* Release */,
			);
			defaultConfigurationIsVisible = 0;
			defaultConfigurationName = Release;
		};
		EAC5F10C1E7B5D6500C087B8 /* Build configuration list for PBXNativeTarget "OptimizelySDKTests" */ = {
			isa = XCConfigurationList;
			buildConfigurations = (
				EAC5F10D1E7B5D6500C087B8 /* Debug */,
				EAC5F3401E7B7AA700C087B8 /* Beta */,
				EAC5F33D1E7B7A9800C087B8 /* RC */,
				EAC5F10E1E7B5D6500C087B8 /* Release */,
			);
			defaultConfigurationIsVisible = 0;
			defaultConfigurationName = Release;
		};
/* End XCConfigurationList section */
	};
	rootObject = EAC5F0EC1E7B5D6500C087B8 /* Project object */;
}
